// !$*UTF8*$!
{
	archiveVersion = 1;
	classes = {
	};
	objectVersion = 46;
	objects = {

/* Begin PBXBuildFile section */
		FF86206E1A473A2C00AC68D2 /* main.m in Sources */ = {isa = PBXBuildFile; fileRef = FF86206D1A473A2C00AC68D2 /* main.m */; };
		FF8620711A473A2C00AC68D2 /* AppDelegate.m in Sources */ = {isa = PBXBuildFile; fileRef = FF8620701A473A2C00AC68D2 /* AppDelegate.m */; };
		FF8620741A473A2C00AC68D2 /* ViewController.m in Sources */ = {isa = PBXBuildFile; fileRef = FF8620731A473A2C00AC68D2 /* ViewController.m */; };
		FF8620771A473A2C00AC68D2 /* Main.storyboard in Resources */ = {isa = PBXBuildFile; fileRef = FF8620751A473A2C00AC68D2 /* Main.storyboard */; };
		FF8620791A473A2C00AC68D2 /* Images.xcassets in Resources */ = {isa = PBXBuildFile; fileRef = FF8620781A473A2C00AC68D2 /* Images.xcassets */; };
		FF86207C1A473A2C00AC68D2 /* LaunchScreen.xib in Resources */ = {isa = PBXBuildFile; fileRef = FF86207A1A473A2C00AC68D2 /* LaunchScreen.xib */; };
		FF8620881A473A2C00AC68D2 /* CloudantDashboardTests.m in Sources */ = {isa = PBXBuildFile; fileRef = FF8620871A473A2C00AC68D2 /* CloudantDashboardTests.m */; };
		FF8620961A473FD800AC68D2 /* ICDAuthorizationErrorBuilder.m in Sources */ = {isa = PBXBuildFile; fileRef = FF8620951A473FD800AC68D2 /* ICDAuthorizationErrorBuilder.m */; };
		FF8620991A4746F400AC68D2 /* Localizable.strings in Resources */ = {isa = PBXBuildFile; fileRef = FF86209B1A4746F400AC68D2 /* Localizable.strings */; };
		FF8620A11A474B8A00AC68D2 /* ICDAuthorizationPlist.m in Sources */ = {isa = PBXBuildFile; fileRef = FF8620A01A474B8A00AC68D2 /* ICDAuthorizationPlist.m */; };
		FF8620A91A475C4200AC68D2 /* cloudantAuthorization.plist in Resources */ = {isa = PBXBuildFile; fileRef = FF8620A81A475C4200AC68D2 /* cloudantAuthorization.plist */; };
/* End PBXBuildFile section */

/* Begin PBXContainerItemProxy section */
		FF8620821A473A2C00AC68D2 /* PBXContainerItemProxy */ = {
			isa = PBXContainerItemProxy;
			containerPortal = FF8620601A473A2C00AC68D2 /* Project object */;
			proxyType = 1;
			remoteGlobalIDString = FF8620671A473A2C00AC68D2;
			remoteInfo = CloudantDashboard;
		};
/* End PBXContainerItemProxy section */

/* Begin PBXFileReference section */
		FF8620681A473A2C00AC68D2 /* CloudantDashboard.app */ = {isa = PBXFileReference; explicitFileType = wrapper.application; includeInIndex = 0; path = CloudantDashboard.app; sourceTree = BUILT_PRODUCTS_DIR; };
		FF86206C1A473A2C00AC68D2 /* Info.plist */ = {isa = PBXFileReference; lastKnownFileType = text.plist.xml; path = Info.plist; sourceTree = "<group>"; };
		FF86206D1A473A2C00AC68D2 /* main.m */ = {isa = PBXFileReference; lastKnownFileType = sourcecode.c.objc; path = main.m; sourceTree = "<group>"; };
		FF86206F1A473A2C00AC68D2 /* AppDelegate.h */ = {isa = PBXFileReference; lastKnownFileType = sourcecode.c.h; path = AppDelegate.h; sourceTree = "<group>"; };
		FF8620701A473A2C00AC68D2 /* AppDelegate.m */ = {isa = PBXFileReference; lastKnownFileType = sourcecode.c.objc; path = AppDelegate.m; sourceTree = "<group>"; };
		FF8620721A473A2C00AC68D2 /* ViewController.h */ = {isa = PBXFileReference; lastKnownFileType = sourcecode.c.h; path = ViewController.h; sourceTree = "<group>"; };
		FF8620731A473A2C00AC68D2 /* ViewController.m */ = {isa = PBXFileReference; lastKnownFileType = sourcecode.c.objc; path = ViewController.m; sourceTree = "<group>"; };
		FF8620761A473A2C00AC68D2 /* Base */ = {isa = PBXFileReference; lastKnownFileType = file.storyboard; name = Base; path = Base.lproj/Main.storyboard; sourceTree = "<group>"; };
		FF8620781A473A2C00AC68D2 /* Images.xcassets */ = {isa = PBXFileReference; lastKnownFileType = folder.assetcatalog; path = Images.xcassets; sourceTree = "<group>"; };
		FF86207B1A473A2C00AC68D2 /* Base */ = {isa = PBXFileReference; lastKnownFileType = file.xib; name = Base; path = Base.lproj/LaunchScreen.xib; sourceTree = "<group>"; };
		FF8620811A473A2C00AC68D2 /* CloudantDashboardTests.xctest */ = {isa = PBXFileReference; explicitFileType = wrapper.cfbundle; includeInIndex = 0; path = CloudantDashboardTests.xctest; sourceTree = BUILT_PRODUCTS_DIR; };
		FF8620861A473A2C00AC68D2 /* Info.plist */ = {isa = PBXFileReference; lastKnownFileType = text.plist.xml; path = Info.plist; sourceTree = "<group>"; };
		FF8620871A473A2C00AC68D2 /* CloudantDashboardTests.m */ = {isa = PBXFileReference; lastKnownFileType = sourcecode.c.objc; path = CloudantDashboardTests.m; sourceTree = "<group>"; };
		FF8620931A473E2D00AC68D2 /* ICDAuthorizationProtocol.h */ = {isa = PBXFileReference; fileEncoding = 4; lastKnownFileType = sourcecode.c.h; path = ICDAuthorizationProtocol.h; sourceTree = "<group>"; };
		FF8620941A473FD800AC68D2 /* ICDAuthorizationErrorBuilder.h */ = {isa = PBXFileReference; fileEncoding = 4; lastKnownFileType = sourcecode.c.h; path = ICDAuthorizationErrorBuilder.h; sourceTree = "<group>"; };
		FF8620951A473FD800AC68D2 /* ICDAuthorizationErrorBuilder.m */ = {isa = PBXFileReference; fileEncoding = 4; lastKnownFileType = sourcecode.c.objc; path = ICDAuthorizationErrorBuilder.m; sourceTree = "<group>"; };
		FF86209A1A4746F400AC68D2 /* Base */ = {isa = PBXFileReference; lastKnownFileType = text.plist.strings; name = Base; path = Base.lproj/Localizable.strings; sourceTree = "<group>"; };
		FF86209C1A47478D00AC68D2 /* es */ = {isa = PBXFileReference; lastKnownFileType = text.plist.strings; name = es; path = es.lproj/Main.strings; sourceTree = "<group>"; };
		FF86209D1A47478D00AC68D2 /* es */ = {isa = PBXFileReference; lastKnownFileType = text.plist.strings; name = es; path = es.lproj/LaunchScreen.strings; sourceTree = "<group>"; };
		FF86209E1A47478D00AC68D2 /* es */ = {isa = PBXFileReference; lastKnownFileType = text.plist.strings; name = es; path = es.lproj/Localizable.strings; sourceTree = "<group>"; };
		FF86209F1A474B8A00AC68D2 /* ICDAuthorizationPlist.h */ = {isa = PBXFileReference; fileEncoding = 4; lastKnownFileType = sourcecode.c.h; path = ICDAuthorizationPlist.h; sourceTree = "<group>"; };
		FF8620A01A474B8A00AC68D2 /* ICDAuthorizationPlist.m */ = {isa = PBXFileReference; fileEncoding = 4; lastKnownFileType = sourcecode.c.objc; path = ICDAuthorizationPlist.m; sourceTree = "<group>"; };
		FF8620A81A475C4200AC68D2 /* cloudantAuthorization.plist */ = {isa = PBXFileReference; fileEncoding = 4; lastKnownFileType = text.plist.xml; name = cloudantAuthorization.plist; path = ../../cloudantAuthorization.plist; sourceTree = SOURCE_ROOT; };
/* End PBXFileReference section */

/* Begin PBXFrameworksBuildPhase section */
		FF8620651A473A2C00AC68D2 /* Frameworks */ = {
			isa = PBXFrameworksBuildPhase;
			buildActionMask = 2147483647;
			files = (
			);
			runOnlyForDeploymentPostprocessing = 0;
		};
		FF86207E1A473A2C00AC68D2 /* Frameworks */ = {
			isa = PBXFrameworksBuildPhase;
			buildActionMask = 2147483647;
			files = (
			);
			runOnlyForDeploymentPostprocessing = 0;
		};
/* End PBXFrameworksBuildPhase section */

/* Begin PBXGroup section */
		FF86205F1A473A2C00AC68D2 = {
			isa = PBXGroup;
			children = (
				FF86206A1A473A2C00AC68D2 /* CloudantDashboard */,
				FF8620841A473A2C00AC68D2 /* CloudantDashboardTests */,
				FF8620691A473A2C00AC68D2 /* Products */,
			);
			sourceTree = "<group>";
		};
		FF8620691A473A2C00AC68D2 /* Products */ = {
			isa = PBXGroup;
			children = (
				FF8620681A473A2C00AC68D2 /* CloudantDashboard.app */,
				FF8620811A473A2C00AC68D2 /* CloudantDashboardTests.xctest */,
			);
			name = Products;
			sourceTree = "<group>";
		};
		FF86206A1A473A2C00AC68D2 /* CloudantDashboard */ = {
			isa = PBXGroup;
			children = (
				FF8620921A473DED00AC68D2 /* Authorization */,
				FF86206F1A473A2C00AC68D2 /* AppDelegate.h */,
				FF8620701A473A2C00AC68D2 /* AppDelegate.m */,
				FF8620721A473A2C00AC68D2 /* ViewController.h */,
				FF8620731A473A2C00AC68D2 /* ViewController.m */,
				FF8620751A473A2C00AC68D2 /* Main.storyboard */,
				FF86207A1A473A2C00AC68D2 /* LaunchScreen.xib */,
				FF8620781A473A2C00AC68D2 /* Images.xcassets */,
				FF86206B1A473A2C00AC68D2 /* Supporting Files */,
			);
			path = CloudantDashboard;
			sourceTree = "<group>";
		};
		FF86206B1A473A2C00AC68D2 /* Supporting Files */ = {
			isa = PBXGroup;
			children = (
				FF8620A81A475C4200AC68D2 /* cloudantAuthorization.plist */,
				FF86206C1A473A2C00AC68D2 /* Info.plist */,
				FF86206D1A473A2C00AC68D2 /* main.m */,
				FF86209B1A4746F400AC68D2 /* Localizable.strings */,
			);
			name = "Supporting Files";
			sourceTree = "<group>";
		};
		FF8620841A473A2C00AC68D2 /* CloudantDashboardTests */ = {
			isa = PBXGroup;
			children = (
				FF8620871A473A2C00AC68D2 /* CloudantDashboardTests.m */,
				FF8620851A473A2C00AC68D2 /* Supporting Files */,
			);
			path = CloudantDashboardTests;
			sourceTree = "<group>";
		};
		FF8620851A473A2C00AC68D2 /* Supporting Files */ = {
			isa = PBXGroup;
			children = (
				FF8620861A473A2C00AC68D2 /* Info.plist */,
			);
			name = "Supporting Files";
			sourceTree = "<group>";
		};
		FF8620921A473DED00AC68D2 /* Authorization */ = {
			isa = PBXGroup;
			children = (
				FF8620941A473FD800AC68D2 /* ICDAuthorizationErrorBuilder.h */,
				FF8620951A473FD800AC68D2 /* ICDAuthorizationErrorBuilder.m */,
				FF86209F1A474B8A00AC68D2 /* ICDAuthorizationPlist.h */,
				FF8620A01A474B8A00AC68D2 /* ICDAuthorizationPlist.m */,
				FF8620931A473E2D00AC68D2 /* ICDAuthorizationProtocol.h */,
			);
			path = Authorization;
			sourceTree = "<group>";
		};
/* End PBXGroup section */

/* Begin PBXNativeTarget section */
		FF8620671A473A2C00AC68D2 /* CloudantDashboard */ = {
			isa = PBXNativeTarget;
			buildConfigurationList = FF86208B1A473A2C00AC68D2 /* Build configuration list for PBXNativeTarget "CloudantDashboard" */;
			buildPhases = (
				FF8620641A473A2C00AC68D2 /* Sources */,
				FF8620651A473A2C00AC68D2 /* Frameworks */,
				FF8620661A473A2C00AC68D2 /* Resources */,
			);
			buildRules = (
			);
			dependencies = (
			);
			name = CloudantDashboard;
			productName = CloudantDashboard;
			productReference = FF8620681A473A2C00AC68D2 /* CloudantDashboard.app */;
			productType = "com.apple.product-type.application";
		};
		FF8620801A473A2C00AC68D2 /* CloudantDashboardTests */ = {
			isa = PBXNativeTarget;
			buildConfigurationList = FF86208E1A473A2C00AC68D2 /* Build configuration list for PBXNativeTarget "CloudantDashboardTests" */;
			buildPhases = (
				FF86207D1A473A2C00AC68D2 /* Sources */,
				FF86207E1A473A2C00AC68D2 /* Frameworks */,
				FF86207F1A473A2C00AC68D2 /* Resources */,
			);
			buildRules = (
			);
			dependencies = (
				FF8620831A473A2C00AC68D2 /* PBXTargetDependency */,
			);
			name = CloudantDashboardTests;
			productName = CloudantDashboardTests;
			productReference = FF8620811A473A2C00AC68D2 /* CloudantDashboardTests.xctest */;
			productType = "com.apple.product-type.bundle.unit-test";
		};
/* End PBXNativeTarget section */

/* Begin PBXProject section */
		FF8620601A473A2C00AC68D2 /* Project object */ = {
			isa = PBXProject;
			attributes = {
				LastUpgradeCheck = 0610;
				ORGANIZATIONNAME = "Enrique de la Torre";
				TargetAttributes = {
					FF8620671A473A2C00AC68D2 = {
						CreatedOnToolsVersion = 6.1.1;
					};
					FF8620801A473A2C00AC68D2 = {
						CreatedOnToolsVersion = 6.1.1;
						TestTargetID = FF8620671A473A2C00AC68D2;
					};
				};
			};
			buildConfigurationList = FF8620631A473A2C00AC68D2 /* Build configuration list for PBXProject "CloudantDashboard" */;
			compatibilityVersion = "Xcode 3.2";
			developmentRegion = English;
			hasScannedForEncodings = 0;
			knownRegions = (
				en,
				Base,
				es,
			);
			mainGroup = FF86205F1A473A2C00AC68D2;
			productRefGroup = FF8620691A473A2C00AC68D2 /* Products */;
			projectDirPath = "";
			projectRoot = "";
			targets = (
				FF8620671A473A2C00AC68D2 /* CloudantDashboard */,
				FF8620801A473A2C00AC68D2 /* CloudantDashboardTests */,
			);
		};
/* End PBXProject section */

/* Begin PBXResourcesBuildPhase section */
		FF8620661A473A2C00AC68D2 /* Resources */ = {
			isa = PBXResourcesBuildPhase;
			buildActionMask = 2147483647;
			files = (
				FF8620771A473A2C00AC68D2 /* Main.storyboard in Resources */,
				FF8620A91A475C4200AC68D2 /* cloudantAuthorization.plist in Resources */,
				FF8620991A4746F400AC68D2 /* Localizable.strings in Resources */,
				FF86207C1A473A2C00AC68D2 /* LaunchScreen.xib in Resources */,
				FF8620791A473A2C00AC68D2 /* Images.xcassets in Resources */,
			);
			runOnlyForDeploymentPostprocessing = 0;
		};
		FF86207F1A473A2C00AC68D2 /* Resources */ = {
			isa = PBXResourcesBuildPhase;
			buildActionMask = 2147483647;
			files = (
			);
			runOnlyForDeploymentPostprocessing = 0;
		};
/* End PBXResourcesBuildPhase section */

/* Begin PBXSourcesBuildPhase section */
		FF8620641A473A2C00AC68D2 /* Sources */ = {
			isa = PBXSourcesBuildPhase;
			buildActionMask = 2147483647;
			files = (
				FF8620741A473A2C00AC68D2 /* ViewController.m in Sources */,
				FF8620A11A474B8A00AC68D2 /* ICDAuthorizationPlist.m in Sources */,
				FF8620711A473A2C00AC68D2 /* AppDelegate.m in Sources */,
				FF86206E1A473A2C00AC68D2 /* main.m in Sources */,
				FF8620961A473FD800AC68D2 /* ICDAuthorizationErrorBuilder.m in Sources */,
			);
			runOnlyForDeploymentPostprocessing = 0;
		};
		FF86207D1A473A2C00AC68D2 /* Sources */ = {
			isa = PBXSourcesBuildPhase;
			buildActionMask = 2147483647;
			files = (
				FF8620881A473A2C00AC68D2 /* CloudantDashboardTests.m in Sources */,
			);
			runOnlyForDeploymentPostprocessing = 0;
		};
/* End PBXSourcesBuildPhase section */

/* Begin PBXTargetDependency section */
		FF8620831A473A2C00AC68D2 /* PBXTargetDependency */ = {
			isa = PBXTargetDependency;
			target = FF8620671A473A2C00AC68D2 /* CloudantDashboard */;
			targetProxy = FF8620821A473A2C00AC68D2 /* PBXContainerItemProxy */;
		};
/* End PBXTargetDependency section */

/* Begin PBXVariantGroup section */
		FF8620751A473A2C00AC68D2 /* Main.storyboard */ = {
			isa = PBXVariantGroup;
			children = (
				FF8620761A473A2C00AC68D2 /* Base */,
				FF86209C1A47478D00AC68D2 /* es */,
			);
			name = Main.storyboard;
			sourceTree = "<group>";
		};
		FF86207A1A473A2C00AC68D2 /* LaunchScreen.xib */ = {
			isa = PBXVariantGroup;
			children = (
				FF86207B1A473A2C00AC68D2 /* Base */,
				FF86209D1A47478D00AC68D2 /* es */,
			);
			name = LaunchScreen.xib;
			sourceTree = "<group>";
		};
		FF86209B1A4746F400AC68D2 /* Localizable.strings */ = {
			isa = PBXVariantGroup;
			children = (
				FF86209A1A4746F400AC68D2 /* Base */,
				FF86209E1A47478D00AC68D2 /* es */,
			);
			name = Localizable.strings;
			sourceTree = "<group>";
		};
/* End PBXVariantGroup section */

/* Begin XCBuildConfiguration section */
		FF8620891A473A2C00AC68D2 /* Debug */ = {
			isa = XCBuildConfiguration;
			buildSettings = {
				ALWAYS_SEARCH_USER_PATHS = NO;
				CLANG_CXX_LANGUAGE_STANDARD = "gnu++0x";
				CLANG_CXX_LIBRARY = "libc++";
				CLANG_ENABLE_MODULES = YES;
				CLANG_ENABLE_OBJC_ARC = YES;
				CLANG_WARN_BOOL_CONVERSION = YES;
				CLANG_WARN_CONSTANT_CONVERSION = YES;
				CLANG_WARN_DIRECT_OBJC_ISA_USAGE = YES_ERROR;
				CLANG_WARN_EMPTY_BODY = YES;
				CLANG_WARN_ENUM_CONVERSION = YES;
				CLANG_WARN_INT_CONVERSION = YES;
				CLANG_WARN_OBJC_ROOT_CLASS = YES_ERROR;
				CLANG_WARN_UNREACHABLE_CODE = YES;
				CLANG_WARN__DUPLICATE_METHOD_MATCH = YES;
				"CODE_SIGN_IDENTITY[sdk=iphoneos*]" = "iPhone Developer";
				COPY_PHASE_STRIP = NO;
				ENABLE_STRICT_OBJC_MSGSEND = YES;
				GCC_C_LANGUAGE_STANDARD = gnu99;
				GCC_DYNAMIC_NO_PIC = NO;
				GCC_OPTIMIZATION_LEVEL = 0;
				GCC_PREPROCESSOR_DEFINITIONS = (
					"DEBUG=1",
					"$(inherited)",
				);
				GCC_SYMBOLS_PRIVATE_EXTERN = NO;
				GCC_WARN_64_TO_32_BIT_CONVERSION = YES;
				GCC_WARN_ABOUT_RETURN_TYPE = YES_ERROR;
				GCC_WARN_UNDECLARED_SELECTOR = YES;
				GCC_WARN_UNINITIALIZED_AUTOS = YES_AGGRESSIVE;
				GCC_WARN_UNUSED_FUNCTION = YES;
				GCC_WARN_UNUSED_VARIABLE = YES;
				IPHONEOS_DEPLOYMENT_TARGET = 8.1;
				MTL_ENABLE_DEBUG_INFO = YES;
				ONLY_ACTIVE_ARCH = YES;
				SDKROOT = iphoneos;
			};
			name = Debug;
		};
		FF86208A1A473A2C00AC68D2 /* Release */ = {
			isa = XCBuildConfiguration;
			buildSettings = {
				ALWAYS_SEARCH_USER_PATHS = NO;
				CLANG_CXX_LANGUAGE_STANDARD = "gnu++0x";
				CLANG_CXX_LIBRARY = "libc++";
				CLANG_ENABLE_MODULES = YES;
				CLANG_ENABLE_OBJC_ARC = YES;
				CLANG_WARN_BOOL_CONVERSION = YES;
				CLANG_WARN_CONSTANT_CONVERSION = YES;
				CLANG_WARN_DIRECT_OBJC_ISA_USAGE = YES_ERROR;
				CLANG_WARN_EMPTY_BODY = YES;
				CLANG_WARN_ENUM_CONVERSION = YES;
				CLANG_WARN_INT_CONVERSION = YES;
				CLANG_WARN_OBJC_ROOT_CLASS = YES_ERROR;
				CLANG_WARN_UNREACHABLE_CODE = YES;
				CLANG_WARN__DUPLICATE_METHOD_MATCH = YES;
				"CODE_SIGN_IDENTITY[sdk=iphoneos*]" = "iPhone Developer";
				COPY_PHASE_STRIP = YES;
				ENABLE_NS_ASSERTIONS = NO;
				ENABLE_STRICT_OBJC_MSGSEND = YES;
				GCC_C_LANGUAGE_STANDARD = gnu99;
				GCC_WARN_64_TO_32_BIT_CONVERSION = YES;
				GCC_WARN_ABOUT_RETURN_TYPE = YES_ERROR;
				GCC_WARN_UNDECLARED_SELECTOR = YES;
				GCC_WARN_UNINITIALIZED_AUTOS = YES_AGGRESSIVE;
				GCC_WARN_UNUSED_FUNCTION = YES;
				GCC_WARN_UNUSED_VARIABLE = YES;
				IPHONEOS_DEPLOYMENT_TARGET = 8.1;
				MTL_ENABLE_DEBUG_INFO = NO;
				SDKROOT = iphoneos;
				VALIDATE_PRODUCT = YES;
			};
			name = Release;
		};
		FF86208C1A473A2C00AC68D2 /* Debug */ = {
			isa = XCBuildConfiguration;
			buildSettings = {
				ASSETCATALOG_COMPILER_APPICON_NAME = AppIcon;
				INFOPLIST_FILE = CloudantDashboard/Info.plist;
				LD_RUNPATH_SEARCH_PATHS = "$(inherited) @executable_path/Frameworks";
				PRODUCT_NAME = "$(TARGET_NAME)";
			};
			name = Debug;
		};
		FF86208D1A473A2C00AC68D2 /* Release */ = {
			isa = XCBuildConfiguration;
			buildSettings = {
				ASSETCATALOG_COMPILER_APPICON_NAME = AppIcon;
				INFOPLIST_FILE = CloudantDashboard/Info.plist;
				LD_RUNPATH_SEARCH_PATHS = "$(inherited) @executable_path/Frameworks";
				PRODUCT_NAME = "$(TARGET_NAME)";
			};
			name = Release;
		};
		FF86208F1A473A2C00AC68D2 /* Debug */ = {
			isa = XCBuildConfiguration;
			buildSettings = {
				BUNDLE_LOADER = "$(TEST_HOST)";
				FRAMEWORK_SEARCH_PATHS = (
					"$(SDKROOT)/Developer/Library/Frameworks",
					"$(inherited)",
				);
				GCC_PREPROCESSOR_DEFINITIONS = (
					"DEBUG=1",
					"$(inherited)",
				);
				INFOPLIST_FILE = CloudantDashboardTests/Info.plist;
				LD_RUNPATH_SEARCH_PATHS = "$(inherited) @executable_path/Frameworks @loader_path/Frameworks";
				PRODUCT_NAME = "$(TARGET_NAME)";
				TEST_HOST = "$(BUILT_PRODUCTS_DIR)/CloudantDashboard.app/CloudantDashboard";
			};
			name = Debug;
		};
		FF8620901A473A2C00AC68D2 /* Release */ = {
			isa = XCBuildConfiguration;
			buildSettings = {
				BUNDLE_LOADER = "$(TEST_HOST)";
				FRAMEWORK_SEARCH_PATHS = (
					"$(SDKROOT)/Developer/Library/Frameworks",
					"$(inherited)",
				);
				INFOPLIST_FILE = CloudantDashboardTests/Info.plist;
				LD_RUNPATH_SEARCH_PATHS = "$(inherited) @executable_path/Frameworks @loader_path/Frameworks";
				PRODUCT_NAME = "$(TARGET_NAME)";
				TEST_HOST = "$(BUILT_PRODUCTS_DIR)/CloudantDashboard.app/CloudantDashboard";
			};
			name = Release;
		};
/* End XCBuildConfiguration section */

/* Begin XCConfigurationList section */
		FF8620631A473A2C00AC68D2 /* Build configuration list for PBXProject "CloudantDashboard" */ = {
			isa = XCConfigurationList;
			buildConfigurations = (
				FF8620891A473A2C00AC68D2 /* Debug */,
				FF86208A1A473A2C00AC68D2 /* Release */,
			);
			defaultConfigurationIsVisible = 0;
			defaultConfigurationName = Release;
		};
		FF86208B1A473A2C00AC68D2 /* Build configuration list for PBXNativeTarget "CloudantDashboard" */ = {
			isa = XCConfigurationList;
			buildConfigurations = (
				FF86208C1A473A2C00AC68D2 /* Debug */,
				FF86208D1A473A2C00AC68D2 /* Release */,
			);
			defaultConfigurationIsVisible = 0;
			defaultConfigurationName = Release;
		};
		FF86208E1A473A2C00AC68D2 /* Build configuration list for PBXNativeTarget "CloudantDashboardTests" */ = {
			isa = XCConfigurationList;
			buildConfigurations = (
				FF86208F1A473A2C00AC68D2 /* Debug */,
				FF8620901A473A2C00AC68D2 /* Release */,
			);
			defaultConfigurationIsVisible = 0;
			defaultConfigurationName = Release;
		};
/* End XCConfigurationList section */
	};
	rootObject = FF8620601A473A2C00AC68D2 /* Project object */;
}
