// !$*UTF8*$!
{
	archiveVersion = 1;
	classes = {
	};
	objectVersion = 46;
	objects = {

/* Begin PBXBuildFile section */
		E17D629C59DD18EA804892CD /* libPods.a in Frameworks */ = {isa = PBXBuildFile; fileRef = 3D6834B81D1467670559940F /* libPods.a */; };
		FF028DBF1A4876F6008D2561 /* ICDModelDatabase.m in Sources */ = {isa = PBXBuildFile; fileRef = FF028DBE1A4876F6008D2561 /* ICDModelDatabase.m */; };
		FF028DCA1A488895008D2561 /* ICDNetworkManager.m in Sources */ = {isa = PBXBuildFile; fileRef = FF028DC91A488895008D2561 /* ICDNetworkManager.m */; };
		FF028DD41A4892F0008D2561 /* ICDNetworkManagerTests.m in Sources */ = {isa = PBXBuildFile; fileRef = FF028DD31A4892F0008D2561 /* ICDNetworkManagerTests.m */; };
		FF028DDA1A489691008D2561 /* ICDMockRequest.m in Sources */ = {isa = PBXBuildFile; fileRef = FF028DD91A489691008D2561 /* ICDMockRequest.m */; };
		FF028DE41A48B7FF008D2561 /* ICDNetworkManager+Helper.m in Sources */ = {isa = PBXBuildFile; fileRef = FF028DE31A48B7FF008D2561 /* ICDNetworkManager+Helper.m */; };
		FF0F99241A68870400B64872 /* ICDControllerOneDatabaseOptionAllDesignDocs.m in Sources */ = {isa = PBXBuildFile; fileRef = FF0F99231A68870400B64872 /* ICDControllerOneDatabaseOptionAllDesignDocs.m */; };
		FF19AF651A5F3E0F00D38083 /* ICDRequestCustomAddRevision.m in Sources */ = {isa = PBXBuildFile; fileRef = FF19AF641A5F3E0F00D38083 /* ICDRequestCustomAddRevision.m */; };
		FF21D9F01A69BE9100261AB5 /* ICDControllerOneDatabaseOptionCommon.m in Sources */ = {isa = PBXBuildFile; fileRef = FF21D9EF1A69BE9100261AB5 /* ICDControllerOneDatabaseOptionCommon.m */; };
		FF468FF81A587A8B00D2E1A6 /* ICDNetworkManagerFactory.m in Sources */ = {isa = PBXBuildFile; fileRef = FF468FF71A587A8B00D2E1A6 /* ICDNetworkManagerFactory.m */; };
		FF468FFB1A587AEF00D2E1A6 /* ICDNetworkManagerDummy.m in Sources */ = {isa = PBXBuildFile; fileRef = FF468FFA1A587AEF00D2E1A6 /* ICDNetworkManagerDummy.m */; };
		FF60A2C91A6EFB260080BB86 /* ICDControllerDesignDocViewsTVC.m in Sources */ = {isa = PBXBuildFile; fileRef = FF60A2C81A6EFB260080BB86 /* ICDControllerDesignDocViewsTVC.m */; };
		FF6FEA3A1A49D20400988CD3 /* ICDModelDocument.m in Sources */ = {isa = PBXBuildFile; fileRef = FF6FEA391A49D20400988CD3 /* ICDModelDocument.m */; };
		FF75C96F1A6F0AD4007EB00F /* ICDControllerDesignDocViewsData.m in Sources */ = {isa = PBXBuildFile; fileRef = FF75C96E1A6F0AD4007EB00F /* ICDControllerDesignDocViewsData.m */; };
		FF75C9771A6F1021007EB00F /* ICDRequestDesignDoc.m in Sources */ = {isa = PBXBuildFile; fileRef = FF75C9761A6F1021007EB00F /* ICDRequestDesignDoc.m */; };
		FF86206E1A473A2C00AC68D2 /* main.m in Sources */ = {isa = PBXBuildFile; fileRef = FF86206D1A473A2C00AC68D2 /* main.m */; };
		FF8620711A473A2C00AC68D2 /* AppDelegate.m in Sources */ = {isa = PBXBuildFile; fileRef = FF8620701A473A2C00AC68D2 /* AppDelegate.m */; };
		FF8620771A473A2C00AC68D2 /* Main.storyboard in Resources */ = {isa = PBXBuildFile; fileRef = FF8620751A473A2C00AC68D2 /* Main.storyboard */; };
		FF8620791A473A2C00AC68D2 /* Images.xcassets in Resources */ = {isa = PBXBuildFile; fileRef = FF8620781A473A2C00AC68D2 /* Images.xcassets */; };
		FF86207C1A473A2C00AC68D2 /* LaunchScreen.xib in Resources */ = {isa = PBXBuildFile; fileRef = FF86207A1A473A2C00AC68D2 /* LaunchScreen.xib */; };
		FF8620961A473FD800AC68D2 /* ICDAuthorizationErrorBuilder.m in Sources */ = {isa = PBXBuildFile; fileRef = FF8620951A473FD800AC68D2 /* ICDAuthorizationErrorBuilder.m */; };
		FF8620991A4746F400AC68D2 /* Localizable.strings in Resources */ = {isa = PBXBuildFile; fileRef = FF86209B1A4746F400AC68D2 /* Localizable.strings */; };
		FF8A4F061A547340003B29BA /* ICDMockRKObjectManager.m in Sources */ = {isa = PBXBuildFile; fileRef = FF8A4F051A547340003B29BA /* ICDMockRKObjectManager.m */; };
		FF8A4F0A1A547564003B29BA /* ICDMockRKMappingResult.m in Sources */ = {isa = PBXBuildFile; fileRef = FF8A4F091A547564003B29BA /* ICDMockRKMappingResult.m */; };
		FF95C1AC1A6C46D900AF8702 /* ICDControllerOneDatabaseData.m in Sources */ = {isa = PBXBuildFile; fileRef = FF95C1AB1A6C46D900AF8702 /* ICDControllerOneDatabaseData.m */; };
		FF95C1AF1A6C541100AF8702 /* ICDControllerOneDatabaseOptionDesignDoc.m in Sources */ = {isa = PBXBuildFile; fileRef = FF95C1AE1A6C541100AF8702 /* ICDControllerOneDatabaseOptionDesignDoc.m */; };
		FF9F237D1A72E2C70069EE6B /* ICDControllerDocumentsDataDummy.m in Sources */ = {isa = PBXBuildFile; fileRef = FF9F237C1A72E2C70069EE6B /* ICDControllerDocumentsDataDummy.m */; };
		FF9F23801A72E7470069EE6B /* ICDControllerDocumentsDataAllDocuments.m in Sources */ = {isa = PBXBuildFile; fileRef = FF9F237F1A72E7470069EE6B /* ICDControllerDocumentsDataAllDocuments.m */; };
		FF9F23831A72FC640069EE6B /* ICDControllerDocumentsDataAllDesignDocs.m in Sources */ = {isa = PBXBuildFile; fileRef = FF9F23821A72FC640069EE6B /* ICDControllerDocumentsDataAllDesignDocs.m */; };
		FFA07EA41A4DD08A0092351A /* ICDAuthorizationFactory.m in Sources */ = {isa = PBXBuildFile; fileRef = FFA07EA31A4DD08A0092351A /* ICDAuthorizationFactory.m */; };
		FFA07EA71A4DD33B0092351A /* ICDAuthorizationKeychain.m in Sources */ = {isa = PBXBuildFile; fileRef = FFA07EA61A4DD33B0092351A /* ICDAuthorizationKeychain.m */; };
		FFB6CB7C1A703E2E00D1EC7F /* ICDRequestDesignDocTests.m in Sources */ = {isa = PBXBuildFile; fileRef = FFB6CB7B1A703E2E00D1EC7F /* ICDRequestDesignDocTests.m */; };
		FFB6CB801A70478400D1EC7F /* NSString+CloudantDesignDocId.m in Sources */ = {isa = PBXBuildFile; fileRef = FFB6CB7F1A70478400D1EC7F /* NSString+CloudantDesignDocId.m */; };
		FFB6CB831A705A0500D1EC7F /* ICDModelDesignDocument.m in Sources */ = {isa = PBXBuildFile; fileRef = FFB6CB821A705A0500D1EC7F /* ICDModelDesignDocument.m */; };
		FFB6CB861A70608500D1EC7F /* ICDModelDesignDocumentView.m in Sources */ = {isa = PBXBuildFile; fileRef = FFB6CB851A70608500D1EC7F /* ICDModelDesignDocumentView.m */; };
		FFBC78491A6AFE12008FD15D /* ICDRequestResponseValueDictionary.m in Sources */ = {isa = PBXBuildFile; fileRef = FFBC78441A6AFE12008FD15D /* ICDRequestResponseValueDictionary.m */; };
		FFBC784A1A6AFE12008FD15D /* ICDRequestResponseValueError.m in Sources */ = {isa = PBXBuildFile; fileRef = FFBC78461A6AFE12008FD15D /* ICDRequestResponseValueError.m */; };
		FFBC784B1A6AFE12008FD15D /* ICDRequestResponseValueOk.m in Sources */ = {isa = PBXBuildFile; fileRef = FFBC78481A6AFE12008FD15D /* ICDRequestResponseValueOk.m */; };
		FFBC78511A6AFF73008FD15D /* NSDictionary+CloudantSpecialKeys.m in Sources */ = {isa = PBXBuildFile; fileRef = FFBC784E1A6AFF73008FD15D /* NSDictionary+CloudantSpecialKeys.m */; };
		FFBC78521A6AFF73008FD15D /* RKObjectManager+Helper.m in Sources */ = {isa = PBXBuildFile; fileRef = FFBC78501A6AFF73008FD15D /* RKObjectManager+Helper.m */; };
		FFBC785F1A6B0392008FD15D /* ICDRequestAllDocuments.m in Sources */ = {isa = PBXBuildFile; fileRef = FFBC785D1A6B0392008FD15D /* ICDRequestAllDocuments.m */; };
		FFBC78651A6B03AA008FD15D /* ICDRequestAddRevision.m in Sources */ = {isa = PBXBuildFile; fileRef = FFBC78611A6B03AA008FD15D /* ICDRequestAddRevision.m */; };
		FFBC78661A6B03AA008FD15D /* ICDRequestAddRevisionNotification.m in Sources */ = {isa = PBXBuildFile; fileRef = FFBC78641A6B03AA008FD15D /* ICDRequestAddRevisionNotification.m */; };
		FFBC786A1A6B03B7008FD15D /* ICDRequestAllDatabases.m in Sources */ = {isa = PBXBuildFile; fileRef = FFBC78681A6B03B7008FD15D /* ICDRequestAllDatabases.m */; };
		FFBC786E1A6B03C3008FD15D /* ICDRequestBulkDocuments.m in Sources */ = {isa = PBXBuildFile; fileRef = FFBC786C1A6B03C3008FD15D /* ICDRequestBulkDocuments.m */; };
		FFBC78721A6B03D1008FD15D /* ICDRequestCreateDatabase.m in Sources */ = {isa = PBXBuildFile; fileRef = FFBC78701A6B03D1008FD15D /* ICDRequestCreateDatabase.m */; };
		FFBC78761A6B03DE008FD15D /* ICDRequestCreateDocument.m in Sources */ = {isa = PBXBuildFile; fileRef = FFBC78741A6B03DE008FD15D /* ICDRequestCreateDocument.m */; };
		FFBC787A1A6B03EA008FD15D /* ICDRequestDeleteDatabase.m in Sources */ = {isa = PBXBuildFile; fileRef = FFBC78781A6B03EA008FD15D /* ICDRequestDeleteDatabase.m */; };
		FFBC787E1A6B03F5008FD15D /* ICDRequestDeleteDocument.m in Sources */ = {isa = PBXBuildFile; fileRef = FFBC787C1A6B03F5008FD15D /* ICDRequestDeleteDocument.m */; };
		FFBC78821A6B042F008FD15D /* ICDRequestDocument.m in Sources */ = {isa = PBXBuildFile; fileRef = FFBC78801A6B042F008FD15D /* ICDRequestDocument.m */; };
		FFBC78951A6B0534008FD15D /* ICDRequestAddRevisionTests.m in Sources */ = {isa = PBXBuildFile; fileRef = FFBC78841A6B0534008FD15D /* ICDRequestAddRevisionTests.m */; };
		FFBC78961A6B0534008FD15D /* ICDRequestAllDatabasesTests.m in Sources */ = {isa = PBXBuildFile; fileRef = FFBC78861A6B0534008FD15D /* ICDRequestAllDatabasesTests.m */; };
		FFBC78971A6B0534008FD15D /* ICDRequestAllDocumentsTests.m in Sources */ = {isa = PBXBuildFile; fileRef = FFBC78881A6B0534008FD15D /* ICDRequestAllDocumentsTests.m */; };
		FFBC78981A6B0534008FD15D /* ICDRequestBulkDocumentsTests.m in Sources */ = {isa = PBXBuildFile; fileRef = FFBC788A1A6B0534008FD15D /* ICDRequestBulkDocumentsTests.m */; };
		FFBC78991A6B0534008FD15D /* ICDRequestCreateDatabaseTests.m in Sources */ = {isa = PBXBuildFile; fileRef = FFBC788C1A6B0534008FD15D /* ICDRequestCreateDatabaseTests.m */; };
		FFBC789A1A6B0534008FD15D /* ICDRequestCreateDocumentTests.m in Sources */ = {isa = PBXBuildFile; fileRef = FFBC788E1A6B0534008FD15D /* ICDRequestCreateDocumentTests.m */; };
		FFBC789B1A6B0534008FD15D /* ICDRequestDeleteDatabaseTests.m in Sources */ = {isa = PBXBuildFile; fileRef = FFBC78901A6B0534008FD15D /* ICDRequestDeleteDatabaseTests.m */; };
		FFBC789C1A6B0534008FD15D /* ICDRequestDeleteDocumentTests.m in Sources */ = {isa = PBXBuildFile; fileRef = FFBC78921A6B0534008FD15D /* ICDRequestDeleteDocumentTests.m */; };
		FFBC789D1A6B0534008FD15D /* ICDRequestDocumentTests.m in Sources */ = {isa = PBXBuildFile; fileRef = FFBC78941A6B0534008FD15D /* ICDRequestDocumentTests.m */; };
		FFBC78A01A6B062C008FD15D /* ICDRequestAllDocumentsArguments.m in Sources */ = {isa = PBXBuildFile; fileRef = FFBC789F1A6B062C008FD15D /* ICDRequestAllDocumentsArguments.m */; };
		FFBC78A61A6B1878008FD15D /* NSObject+ICDShallowDictionary.m in Sources */ = {isa = PBXBuildFile; fileRef = FFBC78A51A6B1878008FD15D /* NSObject+ICDShallowDictionary.m */; };
		FFDE67341A62FC9900383937 /* ICDControllerOneDatabaseTVC.m in Sources */ = {isa = PBXBuildFile; fileRef = FFDE67331A62FC9900383937 /* ICDControllerOneDatabaseTVC.m */; };
		FFDE67391A630AE000383937 /* ICDControllerOneDatabaseOptionAllDocs.m in Sources */ = {isa = PBXBuildFile; fileRef = FFDE67381A630AE000383937 /* ICDControllerOneDatabaseOptionAllDocs.m */; };
		FFDE673E1A63136F00383937 /* ICDControllerOneDatabaseOptionAllDocsTests.m in Sources */ = {isa = PBXBuildFile; fileRef = FFDE673D1A63136F00383937 /* ICDControllerOneDatabaseOptionAllDocsTests.m */; };
		FFF84E271A62EB4E001BF70D /* NSIndexPath+IndexSetHelper.m in Sources */ = {isa = PBXBuildFile; fileRef = FFF84E241A62EB4E001BF70D /* NSIndexPath+IndexSetHelper.m */; };
		FFF84E281A62EB4E001BF70D /* UITableViewController+RefreshControlHelper.m in Sources */ = {isa = PBXBuildFile; fileRef = FFF84E261A62EB4E001BF70D /* UITableViewController+RefreshControlHelper.m */; };
		FFF84E2E1A62EBB7001BF70D /* ICDJSONHighlight.m in Sources */ = {isa = PBXBuildFile; fileRef = FFF84E2A1A62EBB7001BF70D /* ICDJSONHighlight.m */; };
		FFF84E2F1A62EBB7001BF70D /* ICDJSONHighlightFactory.m in Sources */ = {isa = PBXBuildFile; fileRef = FFF84E2C1A62EBB7001BF70D /* ICDJSONHighlightFactory.m */; };
		FFF84E371A62EEE4001BF70D /* ICDControllerDatabasesData.m in Sources */ = {isa = PBXBuildFile; fileRef = FFF84E341A62EEE4001BF70D /* ICDControllerDatabasesData.m */; };
		FFF84E381A62EEE4001BF70D /* ICDControllerDatabasesTVC.m in Sources */ = {isa = PBXBuildFile; fileRef = FFF84E361A62EEE4001BF70D /* ICDControllerDatabasesTVC.m */; };
		FFF84E3E1A62EEEF001BF70D /* ICDControllerDocumentsTVC.m in Sources */ = {isa = PBXBuildFile; fileRef = FFF84E3C1A62EEEF001BF70D /* ICDControllerDocumentsTVC.m */; };
		FFF84E431A62EEFB001BF70D /* ICDControllerOneDocumentData.m in Sources */ = {isa = PBXBuildFile; fileRef = FFF84E401A62EEFB001BF70D /* ICDControllerOneDocumentData.m */; };
		FFF84E441A62EEFB001BF70D /* ICDControllerOneDocumentVC.m in Sources */ = {isa = PBXBuildFile; fileRef = FFF84E421A62EEFB001BF70D /* ICDControllerOneDocumentVC.m */; };
/* End PBXBuildFile section */

/* Begin PBXContainerItemProxy section */
		FF8620821A473A2C00AC68D2 /* PBXContainerItemProxy */ = {
			isa = PBXContainerItemProxy;
			containerPortal = FF8620601A473A2C00AC68D2 /* Project object */;
			proxyType = 1;
			remoteGlobalIDString = FF8620671A473A2C00AC68D2;
			remoteInfo = CloudantDashboard;
		};
/* End PBXContainerItemProxy section */

/* Begin PBXFileReference section */
		3D6834B81D1467670559940F /* libPods.a */ = {isa = PBXFileReference; explicitFileType = archive.ar; includeInIndex = 0; path = libPods.a; sourceTree = BUILT_PRODUCTS_DIR; };
		75DED6D3BD1733DED5AB274B /* Pods.release.xcconfig */ = {isa = PBXFileReference; includeInIndex = 1; lastKnownFileType = text.xcconfig; name = Pods.release.xcconfig; path = "Pods/Target Support Files/Pods/Pods.release.xcconfig"; sourceTree = "<group>"; };
		AFE5D1FFAE21D0BB5B89D79A /* Pods.debug.xcconfig */ = {isa = PBXFileReference; includeInIndex = 1; lastKnownFileType = text.xcconfig; name = Pods.debug.xcconfig; path = "Pods/Target Support Files/Pods/Pods.debug.xcconfig"; sourceTree = "<group>"; };
		FF028DBD1A4876F6008D2561 /* ICDModelDatabase.h */ = {isa = PBXFileReference; fileEncoding = 4; lastKnownFileType = sourcecode.c.h; path = ICDModelDatabase.h; sourceTree = "<group>"; };
		FF028DBE1A4876F6008D2561 /* ICDModelDatabase.m */ = {isa = PBXFileReference; fileEncoding = 4; lastKnownFileType = sourcecode.c.objc; path = ICDModelDatabase.m; sourceTree = "<group>"; };
		FF028DC61A488873008D2561 /* ICDRequestProtocol.h */ = {isa = PBXFileReference; fileEncoding = 4; lastKnownFileType = sourcecode.c.h; path = ICDRequestProtocol.h; sourceTree = "<group>"; };
		FF028DC81A488895008D2561 /* ICDNetworkManager.h */ = {isa = PBXFileReference; fileEncoding = 4; lastKnownFileType = sourcecode.c.h; path = ICDNetworkManager.h; sourceTree = "<group>"; };
		FF028DC91A488895008D2561 /* ICDNetworkManager.m */ = {isa = PBXFileReference; fileEncoding = 4; lastKnownFileType = sourcecode.c.objc; path = ICDNetworkManager.m; sourceTree = "<group>"; };
		FF028DD31A4892F0008D2561 /* ICDNetworkManagerTests.m */ = {isa = PBXFileReference; fileEncoding = 4; lastKnownFileType = sourcecode.c.objc; path = ICDNetworkManagerTests.m; sourceTree = "<group>"; };
		FF028DD81A489691008D2561 /* ICDMockRequest.h */ = {isa = PBXFileReference; fileEncoding = 4; lastKnownFileType = sourcecode.c.h; path = ICDMockRequest.h; sourceTree = "<group>"; };
		FF028DD91A489691008D2561 /* ICDMockRequest.m */ = {isa = PBXFileReference; fileEncoding = 4; lastKnownFileType = sourcecode.c.objc; path = ICDMockRequest.m; sourceTree = "<group>"; };
		FF028DE21A48B7FF008D2561 /* ICDNetworkManager+Helper.h */ = {isa = PBXFileReference; fileEncoding = 4; lastKnownFileType = sourcecode.c.h; path = "ICDNetworkManager+Helper.h"; sourceTree = "<group>"; };
		FF028DE31A48B7FF008D2561 /* ICDNetworkManager+Helper.m */ = {isa = PBXFileReference; fileEncoding = 4; lastKnownFileType = sourcecode.c.objc; path = "ICDNetworkManager+Helper.m"; sourceTree = "<group>"; };
		FF0F99221A68870400B64872 /* ICDControllerOneDatabaseOptionAllDesignDocs.h */ = {isa = PBXFileReference; fileEncoding = 4; lastKnownFileType = sourcecode.c.h; path = ICDControllerOneDatabaseOptionAllDesignDocs.h; sourceTree = "<group>"; };
		FF0F99231A68870400B64872 /* ICDControllerOneDatabaseOptionAllDesignDocs.m */ = {isa = PBXFileReference; fileEncoding = 4; lastKnownFileType = sourcecode.c.objc; path = ICDControllerOneDatabaseOptionAllDesignDocs.m; sourceTree = "<group>"; };
		FF19AF631A5F3E0F00D38083 /* ICDRequestCustomAddRevision.h */ = {isa = PBXFileReference; fileEncoding = 4; lastKnownFileType = sourcecode.c.h; path = ICDRequestCustomAddRevision.h; sourceTree = "<group>"; };
		FF19AF641A5F3E0F00D38083 /* ICDRequestCustomAddRevision.m */ = {isa = PBXFileReference; fileEncoding = 4; lastKnownFileType = sourcecode.c.objc; path = ICDRequestCustomAddRevision.m; sourceTree = "<group>"; };
		FF21D9EE1A69BE9100261AB5 /* ICDControllerOneDatabaseOptionCommon.h */ = {isa = PBXFileReference; fileEncoding = 4; lastKnownFileType = sourcecode.c.h; path = ICDControllerOneDatabaseOptionCommon.h; sourceTree = "<group>"; };
		FF21D9EF1A69BE9100261AB5 /* ICDControllerOneDatabaseOptionCommon.m */ = {isa = PBXFileReference; fileEncoding = 4; lastKnownFileType = sourcecode.c.objc; path = ICDControllerOneDatabaseOptionCommon.m; sourceTree = "<group>"; };
		FF468FF51A5879A200D2E1A6 /* ICDNetworkManagerProtocol.h */ = {isa = PBXFileReference; fileEncoding = 4; lastKnownFileType = sourcecode.c.h; path = ICDNetworkManagerProtocol.h; sourceTree = "<group>"; };
		FF468FF61A587A8B00D2E1A6 /* ICDNetworkManagerFactory.h */ = {isa = PBXFileReference; fileEncoding = 4; lastKnownFileType = sourcecode.c.h; path = ICDNetworkManagerFactory.h; sourceTree = "<group>"; };
		FF468FF71A587A8B00D2E1A6 /* ICDNetworkManagerFactory.m */ = {isa = PBXFileReference; fileEncoding = 4; lastKnownFileType = sourcecode.c.objc; path = ICDNetworkManagerFactory.m; sourceTree = "<group>"; };
		FF468FF91A587AEF00D2E1A6 /* ICDNetworkManagerDummy.h */ = {isa = PBXFileReference; fileEncoding = 4; lastKnownFileType = sourcecode.c.h; path = ICDNetworkManagerDummy.h; sourceTree = "<group>"; };
		FF468FFA1A587AEF00D2E1A6 /* ICDNetworkManagerDummy.m */ = {isa = PBXFileReference; fileEncoding = 4; lastKnownFileType = sourcecode.c.objc; path = ICDNetworkManagerDummy.m; sourceTree = "<group>"; };
		FF60A2C71A6EFB260080BB86 /* ICDControllerDesignDocViewsTVC.h */ = {isa = PBXFileReference; fileEncoding = 4; lastKnownFileType = sourcecode.c.h; path = ICDControllerDesignDocViewsTVC.h; sourceTree = "<group>"; };
		FF60A2C81A6EFB260080BB86 /* ICDControllerDesignDocViewsTVC.m */ = {isa = PBXFileReference; fileEncoding = 4; lastKnownFileType = sourcecode.c.objc; path = ICDControllerDesignDocViewsTVC.m; sourceTree = "<group>"; };
		FF6FEA381A49D20400988CD3 /* ICDModelDocument.h */ = {isa = PBXFileReference; fileEncoding = 4; lastKnownFileType = sourcecode.c.h; path = ICDModelDocument.h; sourceTree = "<group>"; };
		FF6FEA391A49D20400988CD3 /* ICDModelDocument.m */ = {isa = PBXFileReference; fileEncoding = 4; lastKnownFileType = sourcecode.c.objc; path = ICDModelDocument.m; sourceTree = "<group>"; };
		FF75C96D1A6F0AD4007EB00F /* ICDControllerDesignDocViewsData.h */ = {isa = PBXFileReference; fileEncoding = 4; lastKnownFileType = sourcecode.c.h; path = ICDControllerDesignDocViewsData.h; sourceTree = "<group>"; };
		FF75C96E1A6F0AD4007EB00F /* ICDControllerDesignDocViewsData.m */ = {isa = PBXFileReference; fileEncoding = 4; lastKnownFileType = sourcecode.c.objc; path = ICDControllerDesignDocViewsData.m; sourceTree = "<group>"; };
		FF75C9751A6F1021007EB00F /* ICDRequestDesignDoc.h */ = {isa = PBXFileReference; fileEncoding = 4; lastKnownFileType = sourcecode.c.h; path = ICDRequestDesignDoc.h; sourceTree = "<group>"; };
		FF75C9761A6F1021007EB00F /* ICDRequestDesignDoc.m */ = {isa = PBXFileReference; fileEncoding = 4; lastKnownFileType = sourcecode.c.objc; path = ICDRequestDesignDoc.m; sourceTree = "<group>"; };
		FF8620681A473A2C00AC68D2 /* CloudantDashboard.app */ = {isa = PBXFileReference; explicitFileType = wrapper.application; includeInIndex = 0; path = CloudantDashboard.app; sourceTree = BUILT_PRODUCTS_DIR; };
		FF86206C1A473A2C00AC68D2 /* Info.plist */ = {isa = PBXFileReference; lastKnownFileType = text.plist.xml; path = Info.plist; sourceTree = "<group>"; };
		FF86206D1A473A2C00AC68D2 /* main.m */ = {isa = PBXFileReference; lastKnownFileType = sourcecode.c.objc; path = main.m; sourceTree = "<group>"; };
		FF86206F1A473A2C00AC68D2 /* AppDelegate.h */ = {isa = PBXFileReference; lastKnownFileType = sourcecode.c.h; path = AppDelegate.h; sourceTree = "<group>"; };
		FF8620701A473A2C00AC68D2 /* AppDelegate.m */ = {isa = PBXFileReference; lastKnownFileType = sourcecode.c.objc; path = AppDelegate.m; sourceTree = "<group>"; };
		FF8620761A473A2C00AC68D2 /* Base */ = {isa = PBXFileReference; lastKnownFileType = file.storyboard; name = Base; path = Base.lproj/Main.storyboard; sourceTree = "<group>"; };
		FF8620781A473A2C00AC68D2 /* Images.xcassets */ = {isa = PBXFileReference; lastKnownFileType = folder.assetcatalog; path = Images.xcassets; sourceTree = "<group>"; };
		FF86207B1A473A2C00AC68D2 /* Base */ = {isa = PBXFileReference; lastKnownFileType = file.xib; name = Base; path = Base.lproj/LaunchScreen.xib; sourceTree = "<group>"; };
		FF8620811A473A2C00AC68D2 /* CloudantDashboardTests.xctest */ = {isa = PBXFileReference; explicitFileType = wrapper.cfbundle; includeInIndex = 0; path = CloudantDashboardTests.xctest; sourceTree = BUILT_PRODUCTS_DIR; };
		FF8620861A473A2C00AC68D2 /* Info.plist */ = {isa = PBXFileReference; lastKnownFileType = text.plist.xml; path = Info.plist; sourceTree = "<group>"; };
		FF8620931A473E2D00AC68D2 /* ICDAuthorizationProtocol.h */ = {isa = PBXFileReference; fileEncoding = 4; lastKnownFileType = sourcecode.c.h; path = ICDAuthorizationProtocol.h; sourceTree = "<group>"; };
		FF8620941A473FD800AC68D2 /* ICDAuthorizationErrorBuilder.h */ = {isa = PBXFileReference; fileEncoding = 4; lastKnownFileType = sourcecode.c.h; path = ICDAuthorizationErrorBuilder.h; sourceTree = "<group>"; };
		FF8620951A473FD800AC68D2 /* ICDAuthorizationErrorBuilder.m */ = {isa = PBXFileReference; fileEncoding = 4; lastKnownFileType = sourcecode.c.objc; path = ICDAuthorizationErrorBuilder.m; sourceTree = "<group>"; };
		FF86209A1A4746F400AC68D2 /* Base */ = {isa = PBXFileReference; lastKnownFileType = text.plist.strings; name = Base; path = Base.lproj/Localizable.strings; sourceTree = "<group>"; };
		FF86209D1A47478D00AC68D2 /* es */ = {isa = PBXFileReference; lastKnownFileType = text.plist.strings; name = es; path = es.lproj/LaunchScreen.strings; sourceTree = "<group>"; };
		FF86209E1A47478D00AC68D2 /* es */ = {isa = PBXFileReference; lastKnownFileType = text.plist.strings; name = es; path = es.lproj/Localizable.strings; sourceTree = "<group>"; };
		FF8A4F041A547340003B29BA /* ICDMockRKObjectManager.h */ = {isa = PBXFileReference; fileEncoding = 4; lastKnownFileType = sourcecode.c.h; path = ICDMockRKObjectManager.h; sourceTree = "<group>"; };
		FF8A4F051A547340003B29BA /* ICDMockRKObjectManager.m */ = {isa = PBXFileReference; fileEncoding = 4; lastKnownFileType = sourcecode.c.objc; path = ICDMockRKObjectManager.m; sourceTree = "<group>"; };
		FF8A4F081A547564003B29BA /* ICDMockRKMappingResult.h */ = {isa = PBXFileReference; fileEncoding = 4; lastKnownFileType = sourcecode.c.h; path = ICDMockRKMappingResult.h; sourceTree = "<group>"; };
		FF8A4F091A547564003B29BA /* ICDMockRKMappingResult.m */ = {isa = PBXFileReference; fileEncoding = 4; lastKnownFileType = sourcecode.c.objc; path = ICDMockRKMappingResult.m; sourceTree = "<group>"; };
		FF95C1AA1A6C46D900AF8702 /* ICDControllerOneDatabaseData.h */ = {isa = PBXFileReference; fileEncoding = 4; lastKnownFileType = sourcecode.c.h; path = ICDControllerOneDatabaseData.h; sourceTree = "<group>"; };
		FF95C1AB1A6C46D900AF8702 /* ICDControllerOneDatabaseData.m */ = {isa = PBXFileReference; fileEncoding = 4; lastKnownFileType = sourcecode.c.objc; path = ICDControllerOneDatabaseData.m; sourceTree = "<group>"; };
		FF95C1AD1A6C541100AF8702 /* ICDControllerOneDatabaseOptionDesignDoc.h */ = {isa = PBXFileReference; fileEncoding = 4; lastKnownFileType = sourcecode.c.h; path = ICDControllerOneDatabaseOptionDesignDoc.h; sourceTree = "<group>"; };
		FF95C1AE1A6C541100AF8702 /* ICDControllerOneDatabaseOptionDesignDoc.m */ = {isa = PBXFileReference; fileEncoding = 4; lastKnownFileType = sourcecode.c.objc; path = ICDControllerOneDatabaseOptionDesignDoc.m; sourceTree = "<group>"; };
		FF9C0C391A479201001C4EBA /* ICDLog.h */ = {isa = PBXFileReference; lastKnownFileType = sourcecode.c.h; path = ICDLog.h; sourceTree = "<group>"; };
		FF9F23761A72DB150069EE6B /* ICDControllerDocumentsDataDelegate.h */ = {isa = PBXFileReference; fileEncoding = 4; lastKnownFileType = sourcecode.c.h; path = ICDControllerDocumentsDataDelegate.h; sourceTree = "<group>"; };
		FF9F23771A72DCB70069EE6B /* ICDControllerDocumentsDataProtocol.h */ = {isa = PBXFileReference; fileEncoding = 4; lastKnownFileType = sourcecode.c.h; path = ICDControllerDocumentsDataProtocol.h; sourceTree = "<group>"; };
		FF9F237B1A72E2C70069EE6B /* ICDControllerDocumentsDataDummy.h */ = {isa = PBXFileReference; fileEncoding = 4; lastKnownFileType = sourcecode.c.h; path = ICDControllerDocumentsDataDummy.h; sourceTree = "<group>"; };
		FF9F237C1A72E2C70069EE6B /* ICDControllerDocumentsDataDummy.m */ = {isa = PBXFileReference; fileEncoding = 4; lastKnownFileType = sourcecode.c.objc; path = ICDControllerDocumentsDataDummy.m; sourceTree = "<group>"; };
		FF9F237E1A72E7470069EE6B /* ICDControllerDocumentsDataAllDocuments.h */ = {isa = PBXFileReference; fileEncoding = 4; lastKnownFileType = sourcecode.c.h; path = ICDControllerDocumentsDataAllDocuments.h; sourceTree = "<group>"; };
		FF9F237F1A72E7470069EE6B /* ICDControllerDocumentsDataAllDocuments.m */ = {isa = PBXFileReference; fileEncoding = 4; lastKnownFileType = sourcecode.c.objc; path = ICDControllerDocumentsDataAllDocuments.m; sourceTree = "<group>"; };
		FF9F23811A72FC640069EE6B /* ICDControllerDocumentsDataAllDesignDocs.h */ = {isa = PBXFileReference; fileEncoding = 4; lastKnownFileType = sourcecode.c.h; path = ICDControllerDocumentsDataAllDesignDocs.h; sourceTree = "<group>"; };
		FF9F23821A72FC640069EE6B /* ICDControllerDocumentsDataAllDesignDocs.m */ = {isa = PBXFileReference; fileEncoding = 4; lastKnownFileType = sourcecode.c.objc; path = ICDControllerDocumentsDataAllDesignDocs.m; sourceTree = "<group>"; };
		FF9F23851A7302D20069EE6B /* es */ = {isa = PBXFileReference; lastKnownFileType = text.plist.strings; name = es; path = es.lproj/Main.strings; sourceTree = "<group>"; };
		FFA07EA21A4DD08A0092351A /* ICDAuthorizationFactory.h */ = {isa = PBXFileReference; fileEncoding = 4; lastKnownFileType = sourcecode.c.h; path = ICDAuthorizationFactory.h; sourceTree = "<group>"; };
		FFA07EA31A4DD08A0092351A /* ICDAuthorizationFactory.m */ = {isa = PBXFileReference; fileEncoding = 4; lastKnownFileType = sourcecode.c.objc; path = ICDAuthorizationFactory.m; sourceTree = "<group>"; };
		FFA07EA51A4DD33B0092351A /* ICDAuthorizationKeychain.h */ = {isa = PBXFileReference; fileEncoding = 4; lastKnownFileType = sourcecode.c.h; path = ICDAuthorizationKeychain.h; sourceTree = "<group>"; };
		FFA07EA61A4DD33B0092351A /* ICDAuthorizationKeychain.m */ = {isa = PBXFileReference; fileEncoding = 4; lastKnownFileType = sourcecode.c.objc; path = ICDAuthorizationKeychain.m; sourceTree = "<group>"; };
		FFB6CB791A703B4000D1EC7F /* ICDRequestDesignDocDelegate.h */ = {isa = PBXFileReference; fileEncoding = 4; lastKnownFileType = sourcecode.c.h; path = ICDRequestDesignDocDelegate.h; sourceTree = "<group>"; };
		FFB6CB7B1A703E2E00D1EC7F /* ICDRequestDesignDocTests.m */ = {isa = PBXFileReference; fileEncoding = 4; lastKnownFileType = sourcecode.c.objc; path = ICDRequestDesignDocTests.m; sourceTree = "<group>"; };
		FFB6CB7E1A70478400D1EC7F /* NSString+CloudantDesignDocId.h */ = {isa = PBXFileReference; fileEncoding = 4; lastKnownFileType = sourcecode.c.h; path = "NSString+CloudantDesignDocId.h"; sourceTree = "<group>"; };
		FFB6CB7F1A70478400D1EC7F /* NSString+CloudantDesignDocId.m */ = {isa = PBXFileReference; fileEncoding = 4; lastKnownFileType = sourcecode.c.objc; path = "NSString+CloudantDesignDocId.m"; sourceTree = "<group>"; };
		FFB6CB811A705A0500D1EC7F /* ICDModelDesignDocument.h */ = {isa = PBXFileReference; fileEncoding = 4; lastKnownFileType = sourcecode.c.h; path = ICDModelDesignDocument.h; sourceTree = "<group>"; };
		FFB6CB821A705A0500D1EC7F /* ICDModelDesignDocument.m */ = {isa = PBXFileReference; fileEncoding = 4; lastKnownFileType = sourcecode.c.objc; path = ICDModelDesignDocument.m; sourceTree = "<group>"; };
		FFB6CB841A70608500D1EC7F /* ICDModelDesignDocumentView.h */ = {isa = PBXFileReference; fileEncoding = 4; lastKnownFileType = sourcecode.c.h; path = ICDModelDesignDocumentView.h; sourceTree = "<group>"; };
		FFB6CB851A70608500D1EC7F /* ICDModelDesignDocumentView.m */ = {isa = PBXFileReference; fileEncoding = 4; lastKnownFileType = sourcecode.c.objc; path = ICDModelDesignDocumentView.m; sourceTree = "<group>"; };
		FFBC78431A6AFE12008FD15D /* ICDRequestResponseValueDictionary.h */ = {isa = PBXFileReference; fileEncoding = 4; lastKnownFileType = sourcecode.c.h; path = ICDRequestResponseValueDictionary.h; sourceTree = "<group>"; };
		FFBC78441A6AFE12008FD15D /* ICDRequestResponseValueDictionary.m */ = {isa = PBXFileReference; fileEncoding = 4; lastKnownFileType = sourcecode.c.objc; path = ICDRequestResponseValueDictionary.m; sourceTree = "<group>"; };
		FFBC78451A6AFE12008FD15D /* ICDRequestResponseValueError.h */ = {isa = PBXFileReference; fileEncoding = 4; lastKnownFileType = sourcecode.c.h; path = ICDRequestResponseValueError.h; sourceTree = "<group>"; };
		FFBC78461A6AFE12008FD15D /* ICDRequestResponseValueError.m */ = {isa = PBXFileReference; fileEncoding = 4; lastKnownFileType = sourcecode.c.objc; path = ICDRequestResponseValueError.m; sourceTree = "<group>"; };
		FFBC78471A6AFE12008FD15D /* ICDRequestResponseValueOk.h */ = {isa = PBXFileReference; fileEncoding = 4; lastKnownFileType = sourcecode.c.h; path = ICDRequestResponseValueOk.h; sourceTree = "<group>"; };
		FFBC78481A6AFE12008FD15D /* ICDRequestResponseValueOk.m */ = {isa = PBXFileReference; fileEncoding = 4; lastKnownFileType = sourcecode.c.objc; path = ICDRequestResponseValueOk.m; sourceTree = "<group>"; };
		FFBC784D1A6AFF73008FD15D /* NSDictionary+CloudantSpecialKeys.h */ = {isa = PBXFileReference; fileEncoding = 4; lastKnownFileType = sourcecode.c.h; path = "NSDictionary+CloudantSpecialKeys.h"; sourceTree = "<group>"; };
		FFBC784E1A6AFF73008FD15D /* NSDictionary+CloudantSpecialKeys.m */ = {isa = PBXFileReference; fileEncoding = 4; lastKnownFileType = sourcecode.c.objc; path = "NSDictionary+CloudantSpecialKeys.m"; sourceTree = "<group>"; };
		FFBC784F1A6AFF73008FD15D /* RKObjectManager+Helper.h */ = {isa = PBXFileReference; fileEncoding = 4; lastKnownFileType = sourcecode.c.h; path = "RKObjectManager+Helper.h"; sourceTree = "<group>"; };
		FFBC78501A6AFF73008FD15D /* RKObjectManager+Helper.m */ = {isa = PBXFileReference; fileEncoding = 4; lastKnownFileType = sourcecode.c.objc; path = "RKObjectManager+Helper.m"; sourceTree = "<group>"; };
		FFBC785C1A6B0392008FD15D /* ICDRequestAllDocuments.h */ = {isa = PBXFileReference; fileEncoding = 4; lastKnownFileType = sourcecode.c.h; path = ICDRequestAllDocuments.h; sourceTree = "<group>"; };
		FFBC785D1A6B0392008FD15D /* ICDRequestAllDocuments.m */ = {isa = PBXFileReference; fileEncoding = 4; lastKnownFileType = sourcecode.c.objc; path = ICDRequestAllDocuments.m; sourceTree = "<group>"; };
		FFBC785E1A6B0392008FD15D /* ICDRequestAllDocumentsDelegate.h */ = {isa = PBXFileReference; fileEncoding = 4; lastKnownFileType = sourcecode.c.h; path = ICDRequestAllDocumentsDelegate.h; sourceTree = "<group>"; };
		FFBC78601A6B03AA008FD15D /* ICDRequestAddRevision.h */ = {isa = PBXFileReference; fileEncoding = 4; lastKnownFileType = sourcecode.c.h; path = ICDRequestAddRevision.h; sourceTree = "<group>"; };
		FFBC78611A6B03AA008FD15D /* ICDRequestAddRevision.m */ = {isa = PBXFileReference; fileEncoding = 4; lastKnownFileType = sourcecode.c.objc; path = ICDRequestAddRevision.m; sourceTree = "<group>"; };
		FFBC78621A6B03AA008FD15D /* ICDRequestAddRevisionDelegate.h */ = {isa = PBXFileReference; fileEncoding = 4; lastKnownFileType = sourcecode.c.h; path = ICDRequestAddRevisionDelegate.h; sourceTree = "<group>"; };
		FFBC78631A6B03AA008FD15D /* ICDRequestAddRevisionNotification.h */ = {isa = PBXFileReference; fileEncoding = 4; lastKnownFileType = sourcecode.c.h; path = ICDRequestAddRevisionNotification.h; sourceTree = "<group>"; };
		FFBC78641A6B03AA008FD15D /* ICDRequestAddRevisionNotification.m */ = {isa = PBXFileReference; fileEncoding = 4; lastKnownFileType = sourcecode.c.objc; path = ICDRequestAddRevisionNotification.m; sourceTree = "<group>"; };
		FFBC78671A6B03B7008FD15D /* ICDRequestAllDatabases.h */ = {isa = PBXFileReference; fileEncoding = 4; lastKnownFileType = sourcecode.c.h; path = ICDRequestAllDatabases.h; sourceTree = "<group>"; };
		FFBC78681A6B03B7008FD15D /* ICDRequestAllDatabases.m */ = {isa = PBXFileReference; fileEncoding = 4; lastKnownFileType = sourcecode.c.objc; path = ICDRequestAllDatabases.m; sourceTree = "<group>"; };
		FFBC78691A6B03B7008FD15D /* ICDRequestAllDatabasesDelegate.h */ = {isa = PBXFileReference; fileEncoding = 4; lastKnownFileType = sourcecode.c.h; path = ICDRequestAllDatabasesDelegate.h; sourceTree = "<group>"; };
		FFBC786B1A6B03C3008FD15D /* ICDRequestBulkDocuments.h */ = {isa = PBXFileReference; fileEncoding = 4; lastKnownFileType = sourcecode.c.h; path = ICDRequestBulkDocuments.h; sourceTree = "<group>"; };
		FFBC786C1A6B03C3008FD15D /* ICDRequestBulkDocuments.m */ = {isa = PBXFileReference; fileEncoding = 4; lastKnownFileType = sourcecode.c.objc; path = ICDRequestBulkDocuments.m; sourceTree = "<group>"; };
		FFBC786D1A6B03C3008FD15D /* ICDRequestBulkDocumentsDelegate.h */ = {isa = PBXFileReference; fileEncoding = 4; lastKnownFileType = sourcecode.c.h; path = ICDRequestBulkDocumentsDelegate.h; sourceTree = "<group>"; };
		FFBC786F1A6B03D1008FD15D /* ICDRequestCreateDatabase.h */ = {isa = PBXFileReference; fileEncoding = 4; lastKnownFileType = sourcecode.c.h; path = ICDRequestCreateDatabase.h; sourceTree = "<group>"; };
		FFBC78701A6B03D1008FD15D /* ICDRequestCreateDatabase.m */ = {isa = PBXFileReference; fileEncoding = 4; lastKnownFileType = sourcecode.c.objc; path = ICDRequestCreateDatabase.m; sourceTree = "<group>"; };
		FFBC78711A6B03D1008FD15D /* ICDRequestCreateDatabaseDelegate.h */ = {isa = PBXFileReference; fileEncoding = 4; lastKnownFileType = sourcecode.c.h; path = ICDRequestCreateDatabaseDelegate.h; sourceTree = "<group>"; };
		FFBC78731A6B03DE008FD15D /* ICDRequestCreateDocument.h */ = {isa = PBXFileReference; fileEncoding = 4; lastKnownFileType = sourcecode.c.h; path = ICDRequestCreateDocument.h; sourceTree = "<group>"; };
		FFBC78741A6B03DE008FD15D /* ICDRequestCreateDocument.m */ = {isa = PBXFileReference; fileEncoding = 4; lastKnownFileType = sourcecode.c.objc; path = ICDRequestCreateDocument.m; sourceTree = "<group>"; };
		FFBC78751A6B03DE008FD15D /* ICDRequestCreateDocumentDelegate.h */ = {isa = PBXFileReference; fileEncoding = 4; lastKnownFileType = sourcecode.c.h; path = ICDRequestCreateDocumentDelegate.h; sourceTree = "<group>"; };
		FFBC78771A6B03EA008FD15D /* ICDRequestDeleteDatabase.h */ = {isa = PBXFileReference; fileEncoding = 4; lastKnownFileType = sourcecode.c.h; path = ICDRequestDeleteDatabase.h; sourceTree = "<group>"; };
		FFBC78781A6B03EA008FD15D /* ICDRequestDeleteDatabase.m */ = {isa = PBXFileReference; fileEncoding = 4; lastKnownFileType = sourcecode.c.objc; path = ICDRequestDeleteDatabase.m; sourceTree = "<group>"; };
		FFBC78791A6B03EA008FD15D /* ICDRequestDeleteDatabaseDelegate.h */ = {isa = PBXFileReference; fileEncoding = 4; lastKnownFileType = sourcecode.c.h; path = ICDRequestDeleteDatabaseDelegate.h; sourceTree = "<group>"; };
		FFBC787B1A6B03F5008FD15D /* ICDRequestDeleteDocument.h */ = {isa = PBXFileReference; fileEncoding = 4; lastKnownFileType = sourcecode.c.h; path = ICDRequestDeleteDocument.h; sourceTree = "<group>"; };
		FFBC787C1A6B03F5008FD15D /* ICDRequestDeleteDocument.m */ = {isa = PBXFileReference; fileEncoding = 4; lastKnownFileType = sourcecode.c.objc; path = ICDRequestDeleteDocument.m; sourceTree = "<group>"; };
		FFBC787D1A6B03F5008FD15D /* ICDRequestDeleteDocumentDelegate.h */ = {isa = PBXFileReference; fileEncoding = 4; lastKnownFileType = sourcecode.c.h; path = ICDRequestDeleteDocumentDelegate.h; sourceTree = "<group>"; };
		FFBC787F1A6B042F008FD15D /* ICDRequestDocument.h */ = {isa = PBXFileReference; fileEncoding = 4; lastKnownFileType = sourcecode.c.h; path = ICDRequestDocument.h; sourceTree = "<group>"; };
		FFBC78801A6B042F008FD15D /* ICDRequestDocument.m */ = {isa = PBXFileReference; fileEncoding = 4; lastKnownFileType = sourcecode.c.objc; path = ICDRequestDocument.m; sourceTree = "<group>"; };
		FFBC78811A6B042F008FD15D /* ICDRequestDocumentDelegate.h */ = {isa = PBXFileReference; fileEncoding = 4; lastKnownFileType = sourcecode.c.h; path = ICDRequestDocumentDelegate.h; sourceTree = "<group>"; };
		FFBC78841A6B0534008FD15D /* ICDRequestAddRevisionTests.m */ = {isa = PBXFileReference; fileEncoding = 4; lastKnownFileType = sourcecode.c.objc; path = ICDRequestAddRevisionTests.m; sourceTree = "<group>"; };
		FFBC78861A6B0534008FD15D /* ICDRequestAllDatabasesTests.m */ = {isa = PBXFileReference; fileEncoding = 4; lastKnownFileType = sourcecode.c.objc; path = ICDRequestAllDatabasesTests.m; sourceTree = "<group>"; };
		FFBC78881A6B0534008FD15D /* ICDRequestAllDocumentsTests.m */ = {isa = PBXFileReference; fileEncoding = 4; lastKnownFileType = sourcecode.c.objc; path = ICDRequestAllDocumentsTests.m; sourceTree = "<group>"; };
		FFBC788A1A6B0534008FD15D /* ICDRequestBulkDocumentsTests.m */ = {isa = PBXFileReference; fileEncoding = 4; lastKnownFileType = sourcecode.c.objc; path = ICDRequestBulkDocumentsTests.m; sourceTree = "<group>"; };
		FFBC788C1A6B0534008FD15D /* ICDRequestCreateDatabaseTests.m */ = {isa = PBXFileReference; fileEncoding = 4; lastKnownFileType = sourcecode.c.objc; path = ICDRequestCreateDatabaseTests.m; sourceTree = "<group>"; };
		FFBC788E1A6B0534008FD15D /* ICDRequestCreateDocumentTests.m */ = {isa = PBXFileReference; fileEncoding = 4; lastKnownFileType = sourcecode.c.objc; path = ICDRequestCreateDocumentTests.m; sourceTree = "<group>"; };
		FFBC78901A6B0534008FD15D /* ICDRequestDeleteDatabaseTests.m */ = {isa = PBXFileReference; fileEncoding = 4; lastKnownFileType = sourcecode.c.objc; path = ICDRequestDeleteDatabaseTests.m; sourceTree = "<group>"; };
		FFBC78921A6B0534008FD15D /* ICDRequestDeleteDocumentTests.m */ = {isa = PBXFileReference; fileEncoding = 4; lastKnownFileType = sourcecode.c.objc; path = ICDRequestDeleteDocumentTests.m; sourceTree = "<group>"; };
		FFBC78941A6B0534008FD15D /* ICDRequestDocumentTests.m */ = {isa = PBXFileReference; fileEncoding = 4; lastKnownFileType = sourcecode.c.objc; path = ICDRequestDocumentTests.m; sourceTree = "<group>"; };
		FFBC789E1A6B062C008FD15D /* ICDRequestAllDocumentsArguments.h */ = {isa = PBXFileReference; fileEncoding = 4; lastKnownFileType = sourcecode.c.h; path = ICDRequestAllDocumentsArguments.h; sourceTree = "<group>"; };
		FFBC789F1A6B062C008FD15D /* ICDRequestAllDocumentsArguments.m */ = {isa = PBXFileReference; fileEncoding = 4; lastKnownFileType = sourcecode.c.objc; path = ICDRequestAllDocumentsArguments.m; sourceTree = "<group>"; };
		FFBC78A41A6B1878008FD15D /* NSObject+ICDShallowDictionary.h */ = {isa = PBXFileReference; fileEncoding = 4; lastKnownFileType = sourcecode.c.h; path = "NSObject+ICDShallowDictionary.h"; sourceTree = "<group>"; };
		FFBC78A51A6B1878008FD15D /* NSObject+ICDShallowDictionary.m */ = {isa = PBXFileReference; fileEncoding = 4; lastKnownFileType = sourcecode.c.objc; path = "NSObject+ICDShallowDictionary.m"; sourceTree = "<group>"; };
		FFDE67321A62FC9900383937 /* ICDControllerOneDatabaseTVC.h */ = {isa = PBXFileReference; fileEncoding = 4; lastKnownFileType = sourcecode.c.h; path = ICDControllerOneDatabaseTVC.h; sourceTree = "<group>"; };
		FFDE67331A62FC9900383937 /* ICDControllerOneDatabaseTVC.m */ = {isa = PBXFileReference; fileEncoding = 4; lastKnownFileType = sourcecode.c.objc; path = ICDControllerOneDatabaseTVC.m; sourceTree = "<group>"; };
		FFDE67361A63058E00383937 /* ICDControllerOneDatabaseOptionProtocol.h */ = {isa = PBXFileReference; fileEncoding = 4; lastKnownFileType = sourcecode.c.h; path = ICDControllerOneDatabaseOptionProtocol.h; sourceTree = "<group>"; };
		FFDE67371A630AE000383937 /* ICDControllerOneDatabaseOptionAllDocs.h */ = {isa = PBXFileReference; fileEncoding = 4; lastKnownFileType = sourcecode.c.h; path = ICDControllerOneDatabaseOptionAllDocs.h; sourceTree = "<group>"; };
		FFDE67381A630AE000383937 /* ICDControllerOneDatabaseOptionAllDocs.m */ = {isa = PBXFileReference; fileEncoding = 4; lastKnownFileType = sourcecode.c.objc; path = ICDControllerOneDatabaseOptionAllDocs.m; sourceTree = "<group>"; };
		FFDE673D1A63136F00383937 /* ICDControllerOneDatabaseOptionAllDocsTests.m */ = {isa = PBXFileReference; fileEncoding = 4; lastKnownFileType = sourcecode.c.objc; path = ICDControllerOneDatabaseOptionAllDocsTests.m; sourceTree = "<group>"; };
		FFF84E231A62EB4E001BF70D /* NSIndexPath+IndexSetHelper.h */ = {isa = PBXFileReference; fileEncoding = 4; lastKnownFileType = sourcecode.c.h; path = "NSIndexPath+IndexSetHelper.h"; sourceTree = "<group>"; };
		FFF84E241A62EB4E001BF70D /* NSIndexPath+IndexSetHelper.m */ = {isa = PBXFileReference; fileEncoding = 4; lastKnownFileType = sourcecode.c.objc; path = "NSIndexPath+IndexSetHelper.m"; sourceTree = "<group>"; };
		FFF84E251A62EB4E001BF70D /* UITableViewController+RefreshControlHelper.h */ = {isa = PBXFileReference; fileEncoding = 4; lastKnownFileType = sourcecode.c.h; path = "UITableViewController+RefreshControlHelper.h"; sourceTree = "<group>"; };
		FFF84E261A62EB4E001BF70D /* UITableViewController+RefreshControlHelper.m */ = {isa = PBXFileReference; fileEncoding = 4; lastKnownFileType = sourcecode.c.objc; path = "UITableViewController+RefreshControlHelper.m"; sourceTree = "<group>"; };
		FFF84E291A62EBB7001BF70D /* ICDJSONHighlight.h */ = {isa = PBXFileReference; fileEncoding = 4; lastKnownFileType = sourcecode.c.h; path = ICDJSONHighlight.h; sourceTree = "<group>"; };
		FFF84E2A1A62EBB7001BF70D /* ICDJSONHighlight.m */ = {isa = PBXFileReference; fileEncoding = 4; lastKnownFileType = sourcecode.c.objc; path = ICDJSONHighlight.m; sourceTree = "<group>"; };
		FFF84E2B1A62EBB7001BF70D /* ICDJSONHighlightFactory.h */ = {isa = PBXFileReference; fileEncoding = 4; lastKnownFileType = sourcecode.c.h; path = ICDJSONHighlightFactory.h; sourceTree = "<group>"; };
		FFF84E2C1A62EBB7001BF70D /* ICDJSONHighlightFactory.m */ = {isa = PBXFileReference; fileEncoding = 4; lastKnownFileType = sourcecode.c.objc; path = ICDJSONHighlightFactory.m; sourceTree = "<group>"; };
		FFF84E2D1A62EBB7001BF70D /* ICDJSONHighlightProtocol.h */ = {isa = PBXFileReference; fileEncoding = 4; lastKnownFileType = sourcecode.c.h; path = ICDJSONHighlightProtocol.h; sourceTree = "<group>"; };
		FFF84E331A62EEE4001BF70D /* ICDControllerDatabasesData.h */ = {isa = PBXFileReference; fileEncoding = 4; lastKnownFileType = sourcecode.c.h; path = ICDControllerDatabasesData.h; sourceTree = "<group>"; };
		FFF84E341A62EEE4001BF70D /* ICDControllerDatabasesData.m */ = {isa = PBXFileReference; fileEncoding = 4; lastKnownFileType = sourcecode.c.objc; path = ICDControllerDatabasesData.m; sourceTree = "<group>"; };
		FFF84E351A62EEE4001BF70D /* ICDControllerDatabasesTVC.h */ = {isa = PBXFileReference; fileEncoding = 4; lastKnownFileType = sourcecode.c.h; path = ICDControllerDatabasesTVC.h; sourceTree = "<group>"; };
		FFF84E361A62EEE4001BF70D /* ICDControllerDatabasesTVC.m */ = {isa = PBXFileReference; fileEncoding = 4; lastKnownFileType = sourcecode.c.objc; path = ICDControllerDatabasesTVC.m; sourceTree = "<group>"; };
		FFF84E3B1A62EEEF001BF70D /* ICDControllerDocumentsTVC.h */ = {isa = PBXFileReference; fileEncoding = 4; lastKnownFileType = sourcecode.c.h; path = ICDControllerDocumentsTVC.h; sourceTree = "<group>"; };
		FFF84E3C1A62EEEF001BF70D /* ICDControllerDocumentsTVC.m */ = {isa = PBXFileReference; fileEncoding = 4; lastKnownFileType = sourcecode.c.objc; path = ICDControllerDocumentsTVC.m; sourceTree = "<group>"; };
		FFF84E3F1A62EEFB001BF70D /* ICDControllerOneDocumentData.h */ = {isa = PBXFileReference; fileEncoding = 4; lastKnownFileType = sourcecode.c.h; path = ICDControllerOneDocumentData.h; sourceTree = "<group>"; };
		FFF84E401A62EEFB001BF70D /* ICDControllerOneDocumentData.m */ = {isa = PBXFileReference; fileEncoding = 4; lastKnownFileType = sourcecode.c.objc; path = ICDControllerOneDocumentData.m; sourceTree = "<group>"; };
		FFF84E411A62EEFB001BF70D /* ICDControllerOneDocumentVC.h */ = {isa = PBXFileReference; fileEncoding = 4; lastKnownFileType = sourcecode.c.h; path = ICDControllerOneDocumentVC.h; sourceTree = "<group>"; };
		FFF84E421A62EEFB001BF70D /* ICDControllerOneDocumentVC.m */ = {isa = PBXFileReference; fileEncoding = 4; lastKnownFileType = sourcecode.c.objc; path = ICDControllerOneDocumentVC.m; sourceTree = "<group>"; };
/* End PBXFileReference section */

/* Begin PBXFrameworksBuildPhase section */
		FF8620651A473A2C00AC68D2 /* Frameworks */ = {
			isa = PBXFrameworksBuildPhase;
			buildActionMask = 2147483647;
			files = (
				E17D629C59DD18EA804892CD /* libPods.a in Frameworks */,
			);
			runOnlyForDeploymentPostprocessing = 0;
		};
		FF86207E1A473A2C00AC68D2 /* Frameworks */ = {
			isa = PBXFrameworksBuildPhase;
			buildActionMask = 2147483647;
			files = (
			);
			runOnlyForDeploymentPostprocessing = 0;
		};
/* End PBXFrameworksBuildPhase section */

/* Begin PBXGroup section */
		042D5BABCC447DAE288DE262 /* Pods */ = {
			isa = PBXGroup;
			children = (
				AFE5D1FFAE21D0BB5B89D79A /* Pods.debug.xcconfig */,
				75DED6D3BD1733DED5AB274B /* Pods.release.xcconfig */,
			);
			name = Pods;
			sourceTree = "<group>";
		};
		42D2EFC0C46616D25A187D9C /* Frameworks */ = {
			isa = PBXGroup;
			children = (
				3D6834B81D1467670559940F /* libPods.a */,
			);
			name = Frameworks;
			sourceTree = "<group>";
		};
		FF028DBC1A487682008D2561 /* Model */ = {
			isa = PBXGroup;
			children = (
				FFB6CB7D1A70470E00D1EC7F /* Category */,
				FF028DBD1A4876F6008D2561 /* ICDModelDatabase.h */,
				FF028DBE1A4876F6008D2561 /* ICDModelDatabase.m */,
				FFB6CB811A705A0500D1EC7F /* ICDModelDesignDocument.h */,
				FFB6CB821A705A0500D1EC7F /* ICDModelDesignDocument.m */,
				FFB6CB841A70608500D1EC7F /* ICDModelDesignDocumentView.h */,
				FFB6CB851A70608500D1EC7F /* ICDModelDesignDocumentView.m */,
				FF6FEA381A49D20400988CD3 /* ICDModelDocument.h */,
				FF6FEA391A49D20400988CD3 /* ICDModelDocument.m */,
			);
			path = Model;
			sourceTree = "<group>";
		};
		FF028DC11A488710008D2561 /* Network */ = {
			isa = PBXGroup;
			children = (
				FF028DC21A48873B008D2561 /* Manager */,
				FF028DC31A48875E008D2561 /* Request */,
			);
			path = Network;
			sourceTree = "<group>";
		};
		FF028DC21A48873B008D2561 /* Manager */ = {
			isa = PBXGroup;
			children = (
				FF028DC81A488895008D2561 /* ICDNetworkManager.h */,
				FF028DC91A488895008D2561 /* ICDNetworkManager.m */,
				FF028DE21A48B7FF008D2561 /* ICDNetworkManager+Helper.h */,
				FF028DE31A48B7FF008D2561 /* ICDNetworkManager+Helper.m */,
				FF468FF91A587AEF00D2E1A6 /* ICDNetworkManagerDummy.h */,
				FF468FFA1A587AEF00D2E1A6 /* ICDNetworkManagerDummy.m */,
				FF468FF61A587A8B00D2E1A6 /* ICDNetworkManagerFactory.h */,
				FF468FF71A587A8B00D2E1A6 /* ICDNetworkManagerFactory.m */,
				FF468FF51A5879A200D2E1A6 /* ICDNetworkManagerProtocol.h */,
			);
			path = Manager;
			sourceTree = "<group>";
		};
		FF028DC31A48875E008D2561 /* Request */ = {
			isa = PBXGroup;
			children = (
				FFBC78531A6AFFE1008FD15D /* AddRevision */,
				FFBC78541A6AFFF4008FD15D /* AllDatabases */,
				FFBC785B1A6B0392008FD15D /* AllDocuments */,
				FF7386521A4B381B008B2AA2 /* Auxiliar */,
				FFBC78551A6B0028008FD15D /* BulkDocuments */,
				FFBC78561A6B0058008FD15D /* CreateDatabase */,
				FFBC78571A6B00B6008FD15D /* CreateDocument */,
				FFBC78581A6B00D0008FD15D /* DeleteDatabase */,
				FFBC78591A6B00F1008FD15D /* DeleteDocument */,
				FF75C9741A6F0FE5007EB00F /* DesignDoc */,
				FFBC785A1A6B010D008FD15D /* Document */,
				FF028DC61A488873008D2561 /* ICDRequestProtocol.h */,
			);
			path = Request;
			sourceTree = "<group>";
		};
		FF028DCF1A4891FC008D2561 /* Network */ = {
			isa = PBXGroup;
			children = (
				FF028DD01A489213008D2561 /* Manager */,
				FF6FEA3B1A49D85000988CD3 /* Request */,
			);
			path = Network;
			sourceTree = "<group>";
		};
		FF028DD01A489213008D2561 /* Manager */ = {
			isa = PBXGroup;
			children = (
				FF028DD31A4892F0008D2561 /* ICDNetworkManagerTests.m */,
			);
			path = Manager;
			sourceTree = "<group>";
		};
		FF028DD51A489639008D2561 /* Mock */ = {
			isa = PBXGroup;
			children = (
				FF028DD61A489654008D2561 /* Network */,
				FF8A4F011A5472B5003B29BA /* Pods */,
			);
			path = Mock;
			sourceTree = "<group>";
		};
		FF028DD61A489654008D2561 /* Network */ = {
			isa = PBXGroup;
			children = (
				FF028DD71A489672008D2561 /* Request */,
			);
			path = Network;
			sourceTree = "<group>";
		};
		FF028DD71A489672008D2561 /* Request */ = {
			isa = PBXGroup;
			children = (
				FF028DD81A489691008D2561 /* ICDMockRequest.h */,
				FF028DD91A489691008D2561 /* ICDMockRequest.m */,
			);
			path = Request;
			sourceTree = "<group>";
		};
		FF19AF621A5F3C1A00D38083 /* Auxiliar */ = {
			isa = PBXGroup;
			children = (
				FFF84E211A62E951001BF70D /* Category */,
				FFF84E221A62E96A001BF70D /* JSONHighlight */,
				FF19AF631A5F3E0F00D38083 /* ICDRequestCustomAddRevision.h */,
				FF19AF641A5F3E0F00D38083 /* ICDRequestCustomAddRevision.m */,
			);
			path = Auxiliar;
			sourceTree = "<group>";
		};
		FF21D9ED1A69BE6900261AB5 /* Auxiliar */ = {
			isa = PBXGroup;
			children = (
				FF21D9EE1A69BE9100261AB5 /* ICDControllerOneDatabaseOptionCommon.h */,
				FF21D9EF1A69BE9100261AB5 /* ICDControllerOneDatabaseOptionCommon.m */,
			);
			path = Auxiliar;
			sourceTree = "<group>";
		};
		FF2D023A1A48F66B00E03C6E /* Controller */ = {
			isa = PBXGroup;
			children = (
				FF19AF621A5F3C1A00D38083 /* Auxiliar */,
				FFF84E301A62EC29001BF70D /* Databases */,
				FF60A2C61A6EFA250080BB86 /* DesignDocViews */,
				FFF84E311A62EC5E001BF70D /* Documents */,
				FFDE67311A62F6F300383937 /* OneDatabase */,
				FFF84E321A62EC87001BF70D /* OneDocument */,
				FF8620751A473A2C00AC68D2 /* Main.storyboard */,
			);
			path = Controller;
			sourceTree = "<group>";
		};
		FF60A2C61A6EFA250080BB86 /* DesignDocViews */ = {
			isa = PBXGroup;
			children = (
				FF75C96D1A6F0AD4007EB00F /* ICDControllerDesignDocViewsData.h */,
				FF75C96E1A6F0AD4007EB00F /* ICDControllerDesignDocViewsData.m */,
				FF60A2C71A6EFB260080BB86 /* ICDControllerDesignDocViewsTVC.h */,
				FF60A2C81A6EFB260080BB86 /* ICDControllerDesignDocViewsTVC.m */,
			);
			path = DesignDocViews;
			sourceTree = "<group>";
		};
		FF65F08D1A72D8E000C49AFF /* Data */ = {
			isa = PBXGroup;
			children = (
				FF9F23811A72FC640069EE6B /* ICDControllerDocumentsDataAllDesignDocs.h */,
				FF9F23821A72FC640069EE6B /* ICDControllerDocumentsDataAllDesignDocs.m */,
				FF9F237E1A72E7470069EE6B /* ICDControllerDocumentsDataAllDocuments.h */,
				FF9F237F1A72E7470069EE6B /* ICDControllerDocumentsDataAllDocuments.m */,
				FF9F23761A72DB150069EE6B /* ICDControllerDocumentsDataDelegate.h */,
				FF9F237B1A72E2C70069EE6B /* ICDControllerDocumentsDataDummy.h */,
				FF9F237C1A72E2C70069EE6B /* ICDControllerDocumentsDataDummy.m */,
				FF9F23771A72DCB70069EE6B /* ICDControllerDocumentsDataProtocol.h */,
			);
			path = Data;
			sourceTree = "<group>";
		};
		FF6FEA3B1A49D85000988CD3 /* Request */ = {
			isa = PBXGroup;
			children = (
				FFBC78831A6B0534008FD15D /* AddRevision */,
				FFBC78851A6B0534008FD15D /* AllDatabases */,
				FFBC78871A6B0534008FD15D /* AllDocuments */,
				FFBC78891A6B0534008FD15D /* BulkDocuments */,
				FFBC788B1A6B0534008FD15D /* CreateDatabase */,
				FFBC788D1A6B0534008FD15D /* CreateDocument */,
				FFBC788F1A6B0534008FD15D /* DeleteDatabase */,
				FFBC78911A6B0534008FD15D /* DeleteDocument */,
				FFB6CB7A1A703DFB00D1EC7F /* DesignDoc */,
				FFBC78931A6B0534008FD15D /* Document */,
			);
			path = Request;
			sourceTree = "<group>";
		};
		FF7386521A4B381B008B2AA2 /* Auxiliar */ = {
			isa = PBXGroup;
			children = (
				FFBC784C1A6AFE33008FD15D /* Category */,
				FFBC78421A6AFD3C008FD15D /* ResponseValue */,
			);
			path = Auxiliar;
			sourceTree = "<group>";
		};
		FF75C9741A6F0FE5007EB00F /* DesignDoc */ = {
			isa = PBXGroup;
			children = (
				FF75C9751A6F1021007EB00F /* ICDRequestDesignDoc.h */,
				FF75C9761A6F1021007EB00F /* ICDRequestDesignDoc.m */,
				FFB6CB791A703B4000D1EC7F /* ICDRequestDesignDocDelegate.h */,
			);
			path = DesignDoc;
			sourceTree = "<group>";
		};
		FF86205F1A473A2C00AC68D2 = {
			isa = PBXGroup;
			children = (
				FF86206A1A473A2C00AC68D2 /* CloudantDashboard */,
				FF8620841A473A2C00AC68D2 /* CloudantDashboardTests */,
				FF8620691A473A2C00AC68D2 /* Products */,
				042D5BABCC447DAE288DE262 /* Pods */,
				42D2EFC0C46616D25A187D9C /* Frameworks */,
			);
			sourceTree = "<group>";
		};
		FF8620691A473A2C00AC68D2 /* Products */ = {
			isa = PBXGroup;
			children = (
				FF8620681A473A2C00AC68D2 /* CloudantDashboard.app */,
				FF8620811A473A2C00AC68D2 /* CloudantDashboardTests.xctest */,
			);
			name = Products;
			sourceTree = "<group>";
		};
		FF86206A1A473A2C00AC68D2 /* CloudantDashboard */ = {
			isa = PBXGroup;
			children = (
				FF8620921A473DED00AC68D2 /* Authorization */,
				FF2D023A1A48F66B00E03C6E /* Controller */,
				FF9C0C381A47919E001C4EBA /* Log */,
				FF028DBC1A487682008D2561 /* Model */,
				FF028DC11A488710008D2561 /* Network */,
				FF86206B1A473A2C00AC68D2 /* Supporting Files */,
				FF8620781A473A2C00AC68D2 /* Images.xcassets */,
			);
			path = CloudantDashboard;
			sourceTree = "<group>";
		};
		FF86206B1A473A2C00AC68D2 /* Supporting Files */ = {
			isa = PBXGroup;
			children = (
				FF86206F1A473A2C00AC68D2 /* AppDelegate.h */,
				FF8620701A473A2C00AC68D2 /* AppDelegate.m */,
				FF86206C1A473A2C00AC68D2 /* Info.plist */,
				FF86207A1A473A2C00AC68D2 /* LaunchScreen.xib */,
				FF86209B1A4746F400AC68D2 /* Localizable.strings */,
				FF86206D1A473A2C00AC68D2 /* main.m */,
			);
			name = "Supporting Files";
			sourceTree = "<group>";
		};
		FF8620841A473A2C00AC68D2 /* CloudantDashboardTests */ = {
			isa = PBXGroup;
			children = (
				FFDE673A1A63131800383937 /* Controller */,
				FF028DD51A489639008D2561 /* Mock */,
				FF028DCF1A4891FC008D2561 /* Network */,
				FF8620851A473A2C00AC68D2 /* Supporting Files */,
			);
			path = CloudantDashboardTests;
			sourceTree = "<group>";
		};
		FF8620851A473A2C00AC68D2 /* Supporting Files */ = {
			isa = PBXGroup;
			children = (
				FF8620861A473A2C00AC68D2 /* Info.plist */,
			);
			name = "Supporting Files";
			sourceTree = "<group>";
		};
		FF8620921A473DED00AC68D2 /* Authorization */ = {
			isa = PBXGroup;
			children = (
				FF8620941A473FD800AC68D2 /* ICDAuthorizationErrorBuilder.h */,
				FF8620951A473FD800AC68D2 /* ICDAuthorizationErrorBuilder.m */,
				FFA07EA21A4DD08A0092351A /* ICDAuthorizationFactory.h */,
				FFA07EA31A4DD08A0092351A /* ICDAuthorizationFactory.m */,
				FFA07EA51A4DD33B0092351A /* ICDAuthorizationKeychain.h */,
				FFA07EA61A4DD33B0092351A /* ICDAuthorizationKeychain.m */,
				FF8620931A473E2D00AC68D2 /* ICDAuthorizationProtocol.h */,
			);
			path = Authorization;
			sourceTree = "<group>";
		};
		FF8A4F011A5472B5003B29BA /* Pods */ = {
			isa = PBXGroup;
			children = (
				FF8A4F021A5472E0003B29BA /* RestKit */,
			);
			path = Pods;
			sourceTree = "<group>";
		};
		FF8A4F021A5472E0003B29BA /* RestKit */ = {
			isa = PBXGroup;
			children = (
				FF8A4F071A547438003B29BA /* ObjectMapping */,
				FF8A4F031A547306003B29BA /* Network */,
			);
			path = RestKit;
			sourceTree = "<group>";
		};
		FF8A4F031A547306003B29BA /* Network */ = {
			isa = PBXGroup;
			children = (
				FF8A4F041A547340003B29BA /* ICDMockRKObjectManager.h */,
				FF8A4F051A547340003B29BA /* ICDMockRKObjectManager.m */,
			);
			path = Network;
			sourceTree = "<group>";
		};
		FF8A4F071A547438003B29BA /* ObjectMapping */ = {
			isa = PBXGroup;
			children = (
				FF8A4F081A547564003B29BA /* ICDMockRKMappingResult.h */,
				FF8A4F091A547564003B29BA /* ICDMockRKMappingResult.m */,
			);
			path = ObjectMapping;
			sourceTree = "<group>";
		};
		FF9C0C381A47919E001C4EBA /* Log */ = {
			isa = PBXGroup;
			children = (
				FF9C0C391A479201001C4EBA /* ICDLog.h */,
			);
			path = Log;
			sourceTree = "<group>";
		};
		FFB6CB7A1A703DFB00D1EC7F /* DesignDoc */ = {
			isa = PBXGroup;
			children = (
				FFB6CB7B1A703E2E00D1EC7F /* ICDRequestDesignDocTests.m */,
			);
			path = DesignDoc;
			sourceTree = "<group>";
		};
		FFB6CB7D1A70470E00D1EC7F /* Category */ = {
			isa = PBXGroup;
			children = (
				FFB6CB7E1A70478400D1EC7F /* NSString+CloudantDesignDocId.h */,
				FFB6CB7F1A70478400D1EC7F /* NSString+CloudantDesignDocId.m */,
			);
			path = Category;
			sourceTree = "<group>";
		};
		FFBC78421A6AFD3C008FD15D /* ResponseValue */ = {
			isa = PBXGroup;
			children = (
				FFBC78431A6AFE12008FD15D /* ICDRequestResponseValueDictionary.h */,
				FFBC78441A6AFE12008FD15D /* ICDRequestResponseValueDictionary.m */,
				FFBC78451A6AFE12008FD15D /* ICDRequestResponseValueError.h */,
				FFBC78461A6AFE12008FD15D /* ICDRequestResponseValueError.m */,
				FFBC78471A6AFE12008FD15D /* ICDRequestResponseValueOk.h */,
				FFBC78481A6AFE12008FD15D /* ICDRequestResponseValueOk.m */,
			);
			path = ResponseValue;
			sourceTree = "<group>";
		};
		FFBC784C1A6AFE33008FD15D /* Category */ = {
			isa = PBXGroup;
			children = (
				FFBC784D1A6AFF73008FD15D /* NSDictionary+CloudantSpecialKeys.h */,
				FFBC784E1A6AFF73008FD15D /* NSDictionary+CloudantSpecialKeys.m */,
				FFBC78A41A6B1878008FD15D /* NSObject+ICDShallowDictionary.h */,
				FFBC78A51A6B1878008FD15D /* NSObject+ICDShallowDictionary.m */,
				FFBC784F1A6AFF73008FD15D /* RKObjectManager+Helper.h */,
				FFBC78501A6AFF73008FD15D /* RKObjectManager+Helper.m */,
			);
			path = Category;
			sourceTree = "<group>";
		};
		FFBC78531A6AFFE1008FD15D /* AddRevision */ = {
			isa = PBXGroup;
			children = (
				FFBC78601A6B03AA008FD15D /* ICDRequestAddRevision.h */,
				FFBC78611A6B03AA008FD15D /* ICDRequestAddRevision.m */,
				FFBC78621A6B03AA008FD15D /* ICDRequestAddRevisionDelegate.h */,
				FFBC78631A6B03AA008FD15D /* ICDRequestAddRevisionNotification.h */,
				FFBC78641A6B03AA008FD15D /* ICDRequestAddRevisionNotification.m */,
			);
			path = AddRevision;
			sourceTree = "<group>";
		};
		FFBC78541A6AFFF4008FD15D /* AllDatabases */ = {
			isa = PBXGroup;
			children = (
				FFBC78671A6B03B7008FD15D /* ICDRequestAllDatabases.h */,
				FFBC78681A6B03B7008FD15D /* ICDRequestAllDatabases.m */,
				FFBC78691A6B03B7008FD15D /* ICDRequestAllDatabasesDelegate.h */,
			);
			path = AllDatabases;
			sourceTree = "<group>";
		};
		FFBC78551A6B0028008FD15D /* BulkDocuments */ = {
			isa = PBXGroup;
			children = (
				FFBC786B1A6B03C3008FD15D /* ICDRequestBulkDocuments.h */,
				FFBC786C1A6B03C3008FD15D /* ICDRequestBulkDocuments.m */,
				FFBC786D1A6B03C3008FD15D /* ICDRequestBulkDocumentsDelegate.h */,
			);
			path = BulkDocuments;
			sourceTree = "<group>";
		};
		FFBC78561A6B0058008FD15D /* CreateDatabase */ = {
			isa = PBXGroup;
			children = (
				FFBC786F1A6B03D1008FD15D /* ICDRequestCreateDatabase.h */,
				FFBC78701A6B03D1008FD15D /* ICDRequestCreateDatabase.m */,
				FFBC78711A6B03D1008FD15D /* ICDRequestCreateDatabaseDelegate.h */,
			);
			path = CreateDatabase;
			sourceTree = "<group>";
		};
		FFBC78571A6B00B6008FD15D /* CreateDocument */ = {
			isa = PBXGroup;
			children = (
				FFBC78731A6B03DE008FD15D /* ICDRequestCreateDocument.h */,
				FFBC78741A6B03DE008FD15D /* ICDRequestCreateDocument.m */,
				FFBC78751A6B03DE008FD15D /* ICDRequestCreateDocumentDelegate.h */,
			);
			path = CreateDocument;
			sourceTree = "<group>";
		};
		FFBC78581A6B00D0008FD15D /* DeleteDatabase */ = {
			isa = PBXGroup;
			children = (
				FFBC78771A6B03EA008FD15D /* ICDRequestDeleteDatabase.h */,
				FFBC78781A6B03EA008FD15D /* ICDRequestDeleteDatabase.m */,
				FFBC78791A6B03EA008FD15D /* ICDRequestDeleteDatabaseDelegate.h */,
			);
			path = DeleteDatabase;
			sourceTree = "<group>";
		};
		FFBC78591A6B00F1008FD15D /* DeleteDocument */ = {
			isa = PBXGroup;
			children = (
				FFBC787B1A6B03F5008FD15D /* ICDRequestDeleteDocument.h */,
				FFBC787C1A6B03F5008FD15D /* ICDRequestDeleteDocument.m */,
				FFBC787D1A6B03F5008FD15D /* ICDRequestDeleteDocumentDelegate.h */,
			);
			path = DeleteDocument;
			sourceTree = "<group>";
		};
		FFBC785A1A6B010D008FD15D /* Document */ = {
			isa = PBXGroup;
			children = (
				FFBC787F1A6B042F008FD15D /* ICDRequestDocument.h */,
				FFBC78801A6B042F008FD15D /* ICDRequestDocument.m */,
				FFBC78811A6B042F008FD15D /* ICDRequestDocumentDelegate.h */,
			);
			path = Document;
			sourceTree = "<group>";
		};
		FFBC785B1A6B0392008FD15D /* AllDocuments */ = {
			isa = PBXGroup;
			children = (
				FFBC785C1A6B0392008FD15D /* ICDRequestAllDocuments.h */,
				FFBC785D1A6B0392008FD15D /* ICDRequestAllDocuments.m */,
				FFBC789E1A6B062C008FD15D /* ICDRequestAllDocumentsArguments.h */,
				FFBC789F1A6B062C008FD15D /* ICDRequestAllDocumentsArguments.m */,
				FFBC785E1A6B0392008FD15D /* ICDRequestAllDocumentsDelegate.h */,
			);
			path = AllDocuments;
			sourceTree = "<group>";
		};
		FFBC78831A6B0534008FD15D /* AddRevision */ = {
			isa = PBXGroup;
			children = (
				FFBC78841A6B0534008FD15D /* ICDRequestAddRevisionTests.m */,
			);
			path = AddRevision;
			sourceTree = "<group>";
		};
		FFBC78851A6B0534008FD15D /* AllDatabases */ = {
			isa = PBXGroup;
			children = (
				FFBC78861A6B0534008FD15D /* ICDRequestAllDatabasesTests.m */,
			);
			path = AllDatabases;
			sourceTree = "<group>";
		};
		FFBC78871A6B0534008FD15D /* AllDocuments */ = {
			isa = PBXGroup;
			children = (
				FFBC78881A6B0534008FD15D /* ICDRequestAllDocumentsTests.m */,
			);
			path = AllDocuments;
			sourceTree = "<group>";
		};
		FFBC78891A6B0534008FD15D /* BulkDocuments */ = {
			isa = PBXGroup;
			children = (
				FFBC788A1A6B0534008FD15D /* ICDRequestBulkDocumentsTests.m */,
			);
			path = BulkDocuments;
			sourceTree = "<group>";
		};
		FFBC788B1A6B0534008FD15D /* CreateDatabase */ = {
			isa = PBXGroup;
			children = (
				FFBC788C1A6B0534008FD15D /* ICDRequestCreateDatabaseTests.m */,
			);
			path = CreateDatabase;
			sourceTree = "<group>";
		};
		FFBC788D1A6B0534008FD15D /* CreateDocument */ = {
			isa = PBXGroup;
			children = (
				FFBC788E1A6B0534008FD15D /* ICDRequestCreateDocumentTests.m */,
			);
			path = CreateDocument;
			sourceTree = "<group>";
		};
		FFBC788F1A6B0534008FD15D /* DeleteDatabase */ = {
			isa = PBXGroup;
			children = (
				FFBC78901A6B0534008FD15D /* ICDRequestDeleteDatabaseTests.m */,
			);
			path = DeleteDatabase;
			sourceTree = "<group>";
		};
		FFBC78911A6B0534008FD15D /* DeleteDocument */ = {
			isa = PBXGroup;
			children = (
				FFBC78921A6B0534008FD15D /* ICDRequestDeleteDocumentTests.m */,
			);
			path = DeleteDocument;
			sourceTree = "<group>";
		};
		FFBC78931A6B0534008FD15D /* Document */ = {
			isa = PBXGroup;
			children = (
				FFBC78941A6B0534008FD15D /* ICDRequestDocumentTests.m */,
			);
			path = Document;
			sourceTree = "<group>";
		};
		FFDE67311A62F6F300383937 /* OneDatabase */ = {
			isa = PBXGroup;
			children = (
				FFDE67351A63052800383937 /* Option */,
				FF95C1AA1A6C46D900AF8702 /* ICDControllerOneDatabaseData.h */,
				FF95C1AB1A6C46D900AF8702 /* ICDControllerOneDatabaseData.m */,
				FFDE67321A62FC9900383937 /* ICDControllerOneDatabaseTVC.h */,
				FFDE67331A62FC9900383937 /* ICDControllerOneDatabaseTVC.m */,
			);
			path = OneDatabase;
			sourceTree = "<group>";
		};
		FFDE67351A63052800383937 /* Option */ = {
			isa = PBXGroup;
			children = (
				FF21D9ED1A69BE6900261AB5 /* Auxiliar */,
				FF0F99221A68870400B64872 /* ICDControllerOneDatabaseOptionAllDesignDocs.h */,
				FF0F99231A68870400B64872 /* ICDControllerOneDatabaseOptionAllDesignDocs.m */,
				FFDE67371A630AE000383937 /* ICDControllerOneDatabaseOptionAllDocs.h */,
				FFDE67381A630AE000383937 /* ICDControllerOneDatabaseOptionAllDocs.m */,
				FF95C1AD1A6C541100AF8702 /* ICDControllerOneDatabaseOptionDesignDoc.h */,
				FF95C1AE1A6C541100AF8702 /* ICDControllerOneDatabaseOptionDesignDoc.m */,
				FFDE67361A63058E00383937 /* ICDControllerOneDatabaseOptionProtocol.h */,
			);
			path = Option;
			sourceTree = "<group>";
		};
		FFDE673A1A63131800383937 /* Controller */ = {
			isa = PBXGroup;
			children = (
				FFDE673B1A63133300383937 /* OneDatabase */,
			);
			path = Controller;
			sourceTree = "<group>";
		};
		FFDE673B1A63133300383937 /* OneDatabase */ = {
			isa = PBXGroup;
			children = (
				FFDE673C1A63135200383937 /* Option */,
			);
			path = OneDatabase;
			sourceTree = "<group>";
		};
		FFDE673C1A63135200383937 /* Option */ = {
			isa = PBXGroup;
			children = (
				FFDE673D1A63136F00383937 /* ICDControllerOneDatabaseOptionAllDocsTests.m */,
			);
			path = Option;
			sourceTree = "<group>";
		};
		FFF84E211A62E951001BF70D /* Category */ = {
			isa = PBXGroup;
			children = (
				FFF84E231A62EB4E001BF70D /* NSIndexPath+IndexSetHelper.h */,
				FFF84E241A62EB4E001BF70D /* NSIndexPath+IndexSetHelper.m */,
				FFF84E251A62EB4E001BF70D /* UITableViewController+RefreshControlHelper.h */,
				FFF84E261A62EB4E001BF70D /* UITableViewController+RefreshControlHelper.m */,
			);
			path = Category;
			sourceTree = "<group>";
		};
		FFF84E221A62E96A001BF70D /* JSONHighlight */ = {
			isa = PBXGroup;
			children = (
				FFF84E291A62EBB7001BF70D /* ICDJSONHighlight.h */,
				FFF84E2A1A62EBB7001BF70D /* ICDJSONHighlight.m */,
				FFF84E2B1A62EBB7001BF70D /* ICDJSONHighlightFactory.h */,
				FFF84E2C1A62EBB7001BF70D /* ICDJSONHighlightFactory.m */,
				FFF84E2D1A62EBB7001BF70D /* ICDJSONHighlightProtocol.h */,
			);
			path = JSONHighlight;
			sourceTree = "<group>";
		};
		FFF84E301A62EC29001BF70D /* Databases */ = {
			isa = PBXGroup;
			children = (
				FFF84E331A62EEE4001BF70D /* ICDControllerDatabasesData.h */,
				FFF84E341A62EEE4001BF70D /* ICDControllerDatabasesData.m */,
				FFF84E351A62EEE4001BF70D /* ICDControllerDatabasesTVC.h */,
				FFF84E361A62EEE4001BF70D /* ICDControllerDatabasesTVC.m */,
			);
			path = Databases;
			sourceTree = "<group>";
		};
		FFF84E311A62EC5E001BF70D /* Documents */ = {
			isa = PBXGroup;
			children = (
				FF65F08D1A72D8E000C49AFF /* Data */,
				FFF84E3B1A62EEEF001BF70D /* ICDControllerDocumentsTVC.h */,
				FFF84E3C1A62EEEF001BF70D /* ICDControllerDocumentsTVC.m */,
			);
			path = Documents;
			sourceTree = "<group>";
		};
		FFF84E321A62EC87001BF70D /* OneDocument */ = {
			isa = PBXGroup;
			children = (
				FFF84E3F1A62EEFB001BF70D /* ICDControllerOneDocumentData.h */,
				FFF84E401A62EEFB001BF70D /* ICDControllerOneDocumentData.m */,
				FFF84E411A62EEFB001BF70D /* ICDControllerOneDocumentVC.h */,
				FFF84E421A62EEFB001BF70D /* ICDControllerOneDocumentVC.m */,
			);
			path = OneDocument;
			sourceTree = "<group>";
		};
/* End PBXGroup section */

/* Begin PBXNativeTarget section */
		FF8620671A473A2C00AC68D2 /* CloudantDashboard */ = {
			isa = PBXNativeTarget;
			buildConfigurationList = FF86208B1A473A2C00AC68D2 /* Build configuration list for PBXNativeTarget "CloudantDashboard" */;
			buildPhases = (
				1B439E212D72C9BF93FF14C9 /* Check Pods Manifest.lock */,
				FF8620641A473A2C00AC68D2 /* Sources */,
				FF8620651A473A2C00AC68D2 /* Frameworks */,
				FF8620661A473A2C00AC68D2 /* Resources */,
				766336C4EBE1F8050F93BD7A /* Copy Pods Resources */,
			);
			buildRules = (
			);
			dependencies = (
			);
			name = CloudantDashboard;
			productName = CloudantDashboard;
			productReference = FF8620681A473A2C00AC68D2 /* CloudantDashboard.app */;
			productType = "com.apple.product-type.application";
		};
		FF8620801A473A2C00AC68D2 /* CloudantDashboardTests */ = {
			isa = PBXNativeTarget;
			buildConfigurationList = FF86208E1A473A2C00AC68D2 /* Build configuration list for PBXNativeTarget "CloudantDashboardTests" */;
			buildPhases = (
				FF86207D1A473A2C00AC68D2 /* Sources */,
				FF86207E1A473A2C00AC68D2 /* Frameworks */,
				FF86207F1A473A2C00AC68D2 /* Resources */,
			);
			buildRules = (
			);
			dependencies = (
				FF8620831A473A2C00AC68D2 /* PBXTargetDependency */,
			);
			name = CloudantDashboardTests;
			productName = CloudantDashboardTests;
			productReference = FF8620811A473A2C00AC68D2 /* CloudantDashboardTests.xctest */;
			productType = "com.apple.product-type.bundle.unit-test";
		};
/* End PBXNativeTarget section */

/* Begin PBXProject section */
		FF8620601A473A2C00AC68D2 /* Project object */ = {
			isa = PBXProject;
			attributes = {
				LastUpgradeCheck = 0610;
				ORGANIZATIONNAME = "Enrique de la Torre";
				TargetAttributes = {
					FF8620671A473A2C00AC68D2 = {
						CreatedOnToolsVersion = 6.1.1;
					};
					FF8620801A473A2C00AC68D2 = {
						CreatedOnToolsVersion = 6.1.1;
						TestTargetID = FF8620671A473A2C00AC68D2;
					};
				};
			};
			buildConfigurationList = FF8620631A473A2C00AC68D2 /* Build configuration list for PBXProject "CloudantDashboard" */;
			compatibilityVersion = "Xcode 3.2";
			developmentRegion = English;
			hasScannedForEncodings = 0;
			knownRegions = (
				en,
				Base,
				es,
			);
			mainGroup = FF86205F1A473A2C00AC68D2;
			productRefGroup = FF8620691A473A2C00AC68D2 /* Products */;
			projectDirPath = "";
			projectRoot = "";
			targets = (
				FF8620671A473A2C00AC68D2 /* CloudantDashboard */,
				FF8620801A473A2C00AC68D2 /* CloudantDashboardTests */,
			);
		};
/* End PBXProject section */

/* Begin PBXResourcesBuildPhase section */
		FF8620661A473A2C00AC68D2 /* Resources */ = {
			isa = PBXResourcesBuildPhase;
			buildActionMask = 2147483647;
			files = (
				FF8620771A473A2C00AC68D2 /* Main.storyboard in Resources */,
				FF8620991A4746F400AC68D2 /* Localizable.strings in Resources */,
				FF86207C1A473A2C00AC68D2 /* LaunchScreen.xib in Resources */,
				FF8620791A473A2C00AC68D2 /* Images.xcassets in Resources */,
			);
			runOnlyForDeploymentPostprocessing = 0;
		};
		FF86207F1A473A2C00AC68D2 /* Resources */ = {
			isa = PBXResourcesBuildPhase;
			buildActionMask = 2147483647;
			files = (
			);
			runOnlyForDeploymentPostprocessing = 0;
		};
/* End PBXResourcesBuildPhase section */

/* Begin PBXShellScriptBuildPhase section */
		1B439E212D72C9BF93FF14C9 /* Check Pods Manifest.lock */ = {
			isa = PBXShellScriptBuildPhase;
			buildActionMask = 2147483647;
			files = (
			);
			inputPaths = (
			);
			name = "Check Pods Manifest.lock";
			outputPaths = (
			);
			runOnlyForDeploymentPostprocessing = 0;
			shellPath = /bin/sh;
			shellScript = "diff \"${PODS_ROOT}/../Podfile.lock\" \"${PODS_ROOT}/Manifest.lock\" > /dev/null\nif [[ $? != 0 ]] ; then\n    cat << EOM\nerror: The sandbox is not in sync with the Podfile.lock. Run 'pod install' or update your CocoaPods installation.\nEOM\n    exit 1\nfi\n";
			showEnvVarsInLog = 0;
		};
		766336C4EBE1F8050F93BD7A /* Copy Pods Resources */ = {
			isa = PBXShellScriptBuildPhase;
			buildActionMask = 2147483647;
			files = (
			);
			inputPaths = (
			);
			name = "Copy Pods Resources";
			outputPaths = (
			);
			runOnlyForDeploymentPostprocessing = 0;
			shellPath = /bin/sh;
			shellScript = "\"${SRCROOT}/Pods/Target Support Files/Pods/Pods-resources.sh\"\n";
			showEnvVarsInLog = 0;
		};
/* End PBXShellScriptBuildPhase section */

/* Begin PBXSourcesBuildPhase section */
		FF8620641A473A2C00AC68D2 /* Sources */ = {
			isa = PBXSourcesBuildPhase;
			buildActionMask = 2147483647;
			files = (
				FF21D9F01A69BE9100261AB5 /* ICDControllerOneDatabaseOptionCommon.m in Sources */,
				FFBC78761A6B03DE008FD15D /* ICDRequestCreateDocument.m in Sources */,
				FF028DBF1A4876F6008D2561 /* ICDModelDatabase.m in Sources */,
				FFBC78661A6B03AA008FD15D /* ICDRequestAddRevisionNotification.m in Sources */,
				FFBC784B1A6AFE12008FD15D /* ICDRequestResponseValueOk.m in Sources */,
				FF468FFB1A587AEF00D2E1A6 /* ICDNetworkManagerDummy.m in Sources */,
				FFBC787E1A6B03F5008FD15D /* ICDRequestDeleteDocument.m in Sources */,
				FFF84E271A62EB4E001BF70D /* NSIndexPath+IndexSetHelper.m in Sources */,
				FFBC785F1A6B0392008FD15D /* ICDRequestAllDocuments.m in Sources */,
				FFBC78521A6AFF73008FD15D /* RKObjectManager+Helper.m in Sources */,
				FF75C96F1A6F0AD4007EB00F /* ICDControllerDesignDocViewsData.m in Sources */,
				FF95C1AF1A6C541100AF8702 /* ICDControllerOneDatabaseOptionDesignDoc.m in Sources */,
				FFBC787A1A6B03EA008FD15D /* ICDRequestDeleteDatabase.m in Sources */,
				FF028DCA1A488895008D2561 /* ICDNetworkManager.m in Sources */,
				FFF84E441A62EEFB001BF70D /* ICDControllerOneDocumentVC.m in Sources */,
				FFDE67341A62FC9900383937 /* ICDControllerOneDatabaseTVC.m in Sources */,
				FFB6CB861A70608500D1EC7F /* ICDModelDesignDocumentView.m in Sources */,
				FFF84E281A62EB4E001BF70D /* UITableViewController+RefreshControlHelper.m in Sources */,
				FFBC78A61A6B1878008FD15D /* NSObject+ICDShallowDictionary.m in Sources */,
				FFF84E431A62EEFB001BF70D /* ICDControllerOneDocumentData.m in Sources */,
				FFB6CB801A70478400D1EC7F /* NSString+CloudantDesignDocId.m in Sources */,
				FF9F23831A72FC640069EE6B /* ICDControllerDocumentsDataAllDesignDocs.m in Sources */,
				FF19AF651A5F3E0F00D38083 /* ICDRequestCustomAddRevision.m in Sources */,
				FFBC78A01A6B062C008FD15D /* ICDRequestAllDocumentsArguments.m in Sources */,
				FF9F237D1A72E2C70069EE6B /* ICDControllerDocumentsDataDummy.m in Sources */,
				FF8620711A473A2C00AC68D2 /* AppDelegate.m in Sources */,
				FFBC78511A6AFF73008FD15D /* NSDictionary+CloudantSpecialKeys.m in Sources */,
				FFF84E371A62EEE4001BF70D /* ICDControllerDatabasesData.m in Sources */,
				FFBC78821A6B042F008FD15D /* ICDRequestDocument.m in Sources */,
				FFF84E2F1A62EBB7001BF70D /* ICDJSONHighlightFactory.m in Sources */,
				FF468FF81A587A8B00D2E1A6 /* ICDNetworkManagerFactory.m in Sources */,
				FF6FEA3A1A49D20400988CD3 /* ICDModelDocument.m in Sources */,
				FFA07EA71A4DD33B0092351A /* ICDAuthorizationKeychain.m in Sources */,
				FFBC78721A6B03D1008FD15D /* ICDRequestCreateDatabase.m in Sources */,
				FFBC786E1A6B03C3008FD15D /* ICDRequestBulkDocuments.m in Sources */,
				FF0F99241A68870400B64872 /* ICDControllerOneDatabaseOptionAllDesignDocs.m in Sources */,
				FFBC786A1A6B03B7008FD15D /* ICDRequestAllDatabases.m in Sources */,
				FFBC78651A6B03AA008FD15D /* ICDRequestAddRevision.m in Sources */,
				FF95C1AC1A6C46D900AF8702 /* ICDControllerOneDatabaseData.m in Sources */,
				FF60A2C91A6EFB260080BB86 /* ICDControllerDesignDocViewsTVC.m in Sources */,
				FFF84E3E1A62EEEF001BF70D /* ICDControllerDocumentsTVC.m in Sources */,
				FF86206E1A473A2C00AC68D2 /* main.m in Sources */,
				FFDE67391A630AE000383937 /* ICDControllerOneDatabaseOptionAllDocs.m in Sources */,
				FF9F23801A72E7470069EE6B /* ICDControllerDocumentsDataAllDocuments.m in Sources */,
				FF8620961A473FD800AC68D2 /* ICDAuthorizationErrorBuilder.m in Sources */,
				FFBC78491A6AFE12008FD15D /* ICDRequestResponseValueDictionary.m in Sources */,
				FFB6CB831A705A0500D1EC7F /* ICDModelDesignDocument.m in Sources */,
				FF028DE41A48B7FF008D2561 /* ICDNetworkManager+Helper.m in Sources */,
				FF75C9771A6F1021007EB00F /* ICDRequestDesignDoc.m in Sources */,
				FFF84E381A62EEE4001BF70D /* ICDControllerDatabasesTVC.m in Sources */,
				FFF84E2E1A62EBB7001BF70D /* ICDJSONHighlight.m in Sources */,
				FFA07EA41A4DD08A0092351A /* ICDAuthorizationFactory.m in Sources */,
				FFBC784A1A6AFE12008FD15D /* ICDRequestResponseValueError.m in Sources */,
			);
			runOnlyForDeploymentPostprocessing = 0;
		};
		FF86207D1A473A2C00AC68D2 /* Sources */ = {
			isa = PBXSourcesBuildPhase;
			buildActionMask = 2147483647;
			files = (
				FFBC789C1A6B0534008FD15D /* ICDRequestDeleteDocumentTests.m in Sources */,
				FFBC78961A6B0534008FD15D /* ICDRequestAllDatabasesTests.m in Sources */,
				FFBC789A1A6B0534008FD15D /* ICDRequestCreateDocumentTests.m in Sources */,
				FFBC789B1A6B0534008FD15D /* ICDRequestDeleteDatabaseTests.m in Sources */,
				FF8A4F061A547340003B29BA /* ICDMockRKObjectManager.m in Sources */,
				FFBC789D1A6B0534008FD15D /* ICDRequestDocumentTests.m in Sources */,
				FFBC78981A6B0534008FD15D /* ICDRequestBulkDocumentsTests.m in Sources */,
				FFBC78991A6B0534008FD15D /* ICDRequestCreateDatabaseTests.m in Sources */,
				FF8A4F0A1A547564003B29BA /* ICDMockRKMappingResult.m in Sources */,
				FFB6CB7C1A703E2E00D1EC7F /* ICDRequestDesignDocTests.m in Sources */,
				FF028DDA1A489691008D2561 /* ICDMockRequest.m in Sources */,
				FFBC78951A6B0534008FD15D /* ICDRequestAddRevisionTests.m in Sources */,
				FFDE673E1A63136F00383937 /* ICDControllerOneDatabaseOptionAllDocsTests.m in Sources */,
				FF028DD41A4892F0008D2561 /* ICDNetworkManagerTests.m in Sources */,
				FFBC78971A6B0534008FD15D /* ICDRequestAllDocumentsTests.m in Sources */,
			);
			runOnlyForDeploymentPostprocessing = 0;
		};
/* End PBXSourcesBuildPhase section */

/* Begin PBXTargetDependency section */
		FF8620831A473A2C00AC68D2 /* PBXTargetDependency */ = {
			isa = PBXTargetDependency;
			target = FF8620671A473A2C00AC68D2 /* CloudantDashboard */;
			targetProxy = FF8620821A473A2C00AC68D2 /* PBXContainerItemProxy */;
		};
/* End PBXTargetDependency section */

/* Begin PBXVariantGroup section */
		FF8620751A473A2C00AC68D2 /* Main.storyboard */ = {
			isa = PBXVariantGroup;
			children = (
				FF8620761A473A2C00AC68D2 /* Base */,
				FF9F23851A7302D20069EE6B /* es */,
			);
			name = Main.storyboard;
			path = ..;
			sourceTree = "<group>";
		};
		FF86207A1A473A2C00AC68D2 /* LaunchScreen.xib */ = {
			isa = PBXVariantGroup;
			children = (
				FF86207B1A473A2C00AC68D2 /* Base */,
				FF86209D1A47478D00AC68D2 /* es */,
			);
			name = LaunchScreen.xib;
			sourceTree = "<group>";
		};
		FF86209B1A4746F400AC68D2 /* Localizable.strings */ = {
			isa = PBXVariantGroup;
			children = (
				FF86209A1A4746F400AC68D2 /* Base */,
				FF86209E1A47478D00AC68D2 /* es */,
			);
			name = Localizable.strings;
			sourceTree = "<group>";
		};
/* End PBXVariantGroup section */

/* Begin XCBuildConfiguration section */
		FF8620891A473A2C00AC68D2 /* Debug */ = {
			isa = XCBuildConfiguration;
			buildSettings = {
				ALWAYS_SEARCH_USER_PATHS = NO;
				CLANG_CXX_LANGUAGE_STANDARD = "gnu++0x";
				CLANG_CXX_LIBRARY = "libc++";
				CLANG_ENABLE_MODULES = YES;
				CLANG_ENABLE_OBJC_ARC = YES;
				CLANG_WARN_BOOL_CONVERSION = YES;
				CLANG_WARN_CONSTANT_CONVERSION = YES;
				CLANG_WARN_DIRECT_OBJC_ISA_USAGE = YES_ERROR;
				CLANG_WARN_EMPTY_BODY = YES;
				CLANG_WARN_ENUM_CONVERSION = YES;
				CLANG_WARN_INT_CONVERSION = YES;
				CLANG_WARN_OBJC_ROOT_CLASS = YES_ERROR;
				CLANG_WARN_UNREACHABLE_CODE = YES;
				CLANG_WARN__DUPLICATE_METHOD_MATCH = YES;
				"CODE_SIGN_IDENTITY[sdk=iphoneos*]" = "iPhone Developer";
				COPY_PHASE_STRIP = NO;
				ENABLE_STRICT_OBJC_MSGSEND = YES;
				GCC_C_LANGUAGE_STANDARD = gnu99;
				GCC_DYNAMIC_NO_PIC = NO;
				GCC_OPTIMIZATION_LEVEL = 0;
				GCC_PREPROCESSOR_DEFINITIONS = (
					"DEBUG=1",
					"$(inherited)",
				);
				GCC_SYMBOLS_PRIVATE_EXTERN = NO;
				GCC_WARN_64_TO_32_BIT_CONVERSION = YES;
				GCC_WARN_ABOUT_RETURN_TYPE = YES_ERROR;
				GCC_WARN_UNDECLARED_SELECTOR = YES;
				GCC_WARN_UNINITIALIZED_AUTOS = YES_AGGRESSIVE;
				GCC_WARN_UNUSED_FUNCTION = YES;
				GCC_WARN_UNUSED_VARIABLE = YES;
				IPHONEOS_DEPLOYMENT_TARGET = 8.1;
				MTL_ENABLE_DEBUG_INFO = YES;
				ONLY_ACTIVE_ARCH = YES;
				SDKROOT = iphoneos;
			};
			name = Debug;
		};
		FF86208A1A473A2C00AC68D2 /* Release */ = {
			isa = XCBuildConfiguration;
			buildSettings = {
				ALWAYS_SEARCH_USER_PATHS = NO;
				CLANG_CXX_LANGUAGE_STANDARD = "gnu++0x";
				CLANG_CXX_LIBRARY = "libc++";
				CLANG_ENABLE_MODULES = YES;
				CLANG_ENABLE_OBJC_ARC = YES;
				CLANG_WARN_BOOL_CONVERSION = YES;
				CLANG_WARN_CONSTANT_CONVERSION = YES;
				CLANG_WARN_DIRECT_OBJC_ISA_USAGE = YES_ERROR;
				CLANG_WARN_EMPTY_BODY = YES;
				CLANG_WARN_ENUM_CONVERSION = YES;
				CLANG_WARN_INT_CONVERSION = YES;
				CLANG_WARN_OBJC_ROOT_CLASS = YES_ERROR;
				CLANG_WARN_UNREACHABLE_CODE = YES;
				CLANG_WARN__DUPLICATE_METHOD_MATCH = YES;
				"CODE_SIGN_IDENTITY[sdk=iphoneos*]" = "iPhone Developer";
				COPY_PHASE_STRIP = YES;
				ENABLE_NS_ASSERTIONS = NO;
				ENABLE_STRICT_OBJC_MSGSEND = YES;
				GCC_C_LANGUAGE_STANDARD = gnu99;
				GCC_WARN_64_TO_32_BIT_CONVERSION = YES;
				GCC_WARN_ABOUT_RETURN_TYPE = YES_ERROR;
				GCC_WARN_UNDECLARED_SELECTOR = YES;
				GCC_WARN_UNINITIALIZED_AUTOS = YES_AGGRESSIVE;
				GCC_WARN_UNUSED_FUNCTION = YES;
				GCC_WARN_UNUSED_VARIABLE = YES;
				IPHONEOS_DEPLOYMENT_TARGET = 8.1;
				MTL_ENABLE_DEBUG_INFO = NO;
				SDKROOT = iphoneos;
				VALIDATE_PRODUCT = YES;
			};
			name = Release;
		};
		FF86208C1A473A2C00AC68D2 /* Debug */ = {
			isa = XCBuildConfiguration;
			baseConfigurationReference = AFE5D1FFAE21D0BB5B89D79A /* Pods.debug.xcconfig */;
			buildSettings = {
				ASSETCATALOG_COMPILER_APPICON_NAME = AppIcon;
				INFOPLIST_FILE = CloudantDashboard/Info.plist;
				LD_RUNPATH_SEARCH_PATHS = "$(inherited) @executable_path/Frameworks";
				PRODUCT_NAME = "$(TARGET_NAME)";
			};
			name = Debug;
		};
		FF86208D1A473A2C00AC68D2 /* Release */ = {
			isa = XCBuildConfiguration;
			baseConfigurationReference = 75DED6D3BD1733DED5AB274B /* Pods.release.xcconfig */;
			buildSettings = {
				ASSETCATALOG_COMPILER_APPICON_NAME = AppIcon;
				INFOPLIST_FILE = CloudantDashboard/Info.plist;
				LD_RUNPATH_SEARCH_PATHS = "$(inherited) @executable_path/Frameworks";
				PRODUCT_NAME = "$(TARGET_NAME)";
			};
			name = Release;
		};
		FF86208F1A473A2C00AC68D2 /* Debug */ = {
			isa = XCBuildConfiguration;
			buildSettings = {
				BUNDLE_LOADER = "$(TEST_HOST)";
				FRAMEWORK_SEARCH_PATHS = (
					"$(SDKROOT)/Developer/Library/Frameworks",
					"$(inherited)",
				);
				GCC_PREPROCESSOR_DEFINITIONS = (
					"DEBUG=1",
					"$(inherited)",
				);
				INFOPLIST_FILE = CloudantDashboardTests/Info.plist;
				LD_RUNPATH_SEARCH_PATHS = "$(inherited) @executable_path/Frameworks @loader_path/Frameworks";
				PRODUCT_NAME = "$(TARGET_NAME)";
				TEST_HOST = "$(BUILT_PRODUCTS_DIR)/CloudantDashboard.app/CloudantDashboard";
			};
			name = Debug;
		};
		FF8620901A473A2C00AC68D2 /* Release */ = {
			isa = XCBuildConfiguration;
			buildSettings = {
				BUNDLE_LOADER = "$(TEST_HOST)";
				FRAMEWORK_SEARCH_PATHS = (
					"$(SDKROOT)/Developer/Library/Frameworks",
					"$(inherited)",
				);
				INFOPLIST_FILE = CloudantDashboardTests/Info.plist;
				LD_RUNPATH_SEARCH_PATHS = "$(inherited) @executable_path/Frameworks @loader_path/Frameworks";
				PRODUCT_NAME = "$(TARGET_NAME)";
				TEST_HOST = "$(BUILT_PRODUCTS_DIR)/CloudantDashboard.app/CloudantDashboard";
			};
			name = Release;
		};
/* End XCBuildConfiguration section */

/* Begin XCConfigurationList section */
		FF8620631A473A2C00AC68D2 /* Build configuration list for PBXProject "CloudantDashboard" */ = {
			isa = XCConfigurationList;
			buildConfigurations = (
				FF8620891A473A2C00AC68D2 /* Debug */,
				FF86208A1A473A2C00AC68D2 /* Release */,
			);
			defaultConfigurationIsVisible = 0;
			defaultConfigurationName = Release;
		};
		FF86208B1A473A2C00AC68D2 /* Build configuration list for PBXNativeTarget "CloudantDashboard" */ = {
			isa = XCConfigurationList;
			buildConfigurations = (
				FF86208C1A473A2C00AC68D2 /* Debug */,
				FF86208D1A473A2C00AC68D2 /* Release */,
			);
			defaultConfigurationIsVisible = 0;
			defaultConfigurationName = Release;
		};
		FF86208E1A473A2C00AC68D2 /* Build configuration list for PBXNativeTarget "CloudantDashboardTests" */ = {
			isa = XCConfigurationList;
			buildConfigurations = (
				FF86208F1A473A2C00AC68D2 /* Debug */,
				FF8620901A473A2C00AC68D2 /* Release */,
			);
			defaultConfigurationIsVisible = 0;
			defaultConfigurationName = Release;
		};
/* End XCConfigurationList section */
	};
	rootObject = FF8620601A473A2C00AC68D2 /* Project object */;
}
