// !$*UTF8*$!
{
	archiveVersion = 1;
	classes = {
	};
	objectVersion = 46;
	objects = {

/* Begin PBXBuildFile section */
		E17D629C59DD18EA804892CD /* libPods.a in Frameworks */ = {isa = PBXBuildFile; fileRef = 3D6834B81D1467670559940F /* libPods.a */; };
		FF028DBF1A4876F6008D2561 /* ICDModelDatabase.m in Sources */ = {isa = PBXBuildFile; fileRef = FF028DBE1A4876F6008D2561 /* ICDModelDatabase.m */; };
		FF028DC71A488873008D2561 /* ICDRequestAllDatabases.m in Sources */ = {isa = PBXBuildFile; fileRef = FF028DC51A488873008D2561 /* ICDRequestAllDatabases.m */; };
		FF028DCA1A488895008D2561 /* ICDNetworkManager.m in Sources */ = {isa = PBXBuildFile; fileRef = FF028DC91A488895008D2561 /* ICDNetworkManager.m */; };
		FF028DD41A4892F0008D2561 /* ICDNetworkManagerTests.m in Sources */ = {isa = PBXBuildFile; fileRef = FF028DD31A4892F0008D2561 /* ICDNetworkManagerTests.m */; };
		FF028DDA1A489691008D2561 /* ICDMockRequest.m in Sources */ = {isa = PBXBuildFile; fileRef = FF028DD91A489691008D2561 /* ICDMockRequest.m */; };
		FF028DE41A48B7FF008D2561 /* ICDNetworkManager+Helper.m in Sources */ = {isa = PBXBuildFile; fileRef = FF028DE31A48B7FF008D2561 /* ICDNetworkManager+Helper.m */; };
		FF0CBEC31A507EA300E29E4D /* ICDRequestAddRevision.m in Sources */ = {isa = PBXBuildFile; fileRef = FF0CBEC21A507EA300E29E4D /* ICDRequestAddRevision.m */; };
		FF0CBEC61A50835600E29E4D /* ICDRequestAddRevisionTests.m in Sources */ = {isa = PBXBuildFile; fileRef = FF0CBEC51A50835600E29E4D /* ICDRequestAddRevisionTests.m */; };
		FF0CBEC91A508BE200E29E4D /* NSDictionary+CloudantSpecialKeys.m in Sources */ = {isa = PBXBuildFile; fileRef = FF0CBEC81A508BE200E29E4D /* NSDictionary+CloudantSpecialKeys.m */; };
		FF228E831A4C799F00155AA0 /* ICDRequestResponseValueDictionary.m in Sources */ = {isa = PBXBuildFile; fileRef = FF228E821A4C799F00155AA0 /* ICDRequestResponseValueDictionary.m */; };
		FF4877821A4C42A600F157D5 /* ICDRequestCreateDatabase.m in Sources */ = {isa = PBXBuildFile; fileRef = FF4877811A4C42A600F157D5 /* ICDRequestCreateDatabase.m */; };
		FF4877851A4C469500F157D5 /* ICDRequestCreateDatabaseTests.m in Sources */ = {isa = PBXBuildFile; fileRef = FF4877841A4C469500F157D5 /* ICDRequestCreateDatabaseTests.m */; };
		FF658C8B1A4F958700E209EE /* ICDJSONHighlightFactory.m in Sources */ = {isa = PBXBuildFile; fileRef = FF658C8A1A4F958700E209EE /* ICDJSONHighlightFactory.m */; };
		FF658C8E1A4F967900E209EE /* ICDJSONHighlight.m in Sources */ = {isa = PBXBuildFile; fileRef = FF658C8D1A4F967900E209EE /* ICDJSONHighlight.m */; };
		FF6FEA3A1A49D20400988CD3 /* ICDModelDocument.m in Sources */ = {isa = PBXBuildFile; fileRef = FF6FEA391A49D20400988CD3 /* ICDModelDocument.m */; };
		FF6FEA431A49DEBD00988CD3 /* ICDDatabasesTableViewController.m in Sources */ = {isa = PBXBuildFile; fileRef = FF6FEA401A49DEBD00988CD3 /* ICDDatabasesTableViewController.m */; };
		FF6FEA441A49DEBD00988CD3 /* ICDDocumentsTableViewController.m in Sources */ = {isa = PBXBuildFile; fileRef = FF6FEA421A49DEBD00988CD3 /* ICDDocumentsTableViewController.m */; };
		FF6FEA4B1A49F53200988CD3 /* ICDRequestAllDocuments.m in Sources */ = {isa = PBXBuildFile; fileRef = FF6FEA491A49F53200988CD3 /* ICDRequestAllDocuments.m */; };
		FF6FEA4D1A49F68F00988CD3 /* ICDRequestAllDocumentsTests.m in Sources */ = {isa = PBXBuildFile; fileRef = FF6FEA4C1A49F68F00988CD3 /* ICDRequestAllDocumentsTests.m */; };
		FF6FEA501A49F71800988CD3 /* ICDRequestDocument.m in Sources */ = {isa = PBXBuildFile; fileRef = FF6FEA4F1A49F71800988CD3 /* ICDRequestDocument.m */; };
		FF6FEA521A49FA6200988CD3 /* ICDRequestDocumentTests.m in Sources */ = {isa = PBXBuildFile; fileRef = FF6FEA511A49FA6200988CD3 /* ICDRequestDocumentTests.m */; };
		FF6FEA561A4A094D00988CD3 /* ICDDocumentViewController.m in Sources */ = {isa = PBXBuildFile; fileRef = FF6FEA551A4A094D00988CD3 /* ICDDocumentViewController.m */; };
		FF73864F1A4B31AA008B2AA2 /* ICDRequestDeleteDatabase.m in Sources */ = {isa = PBXBuildFile; fileRef = FF73864E1A4B31AA008B2AA2 /* ICDRequestDeleteDatabase.m */; };
		FF7386511A4B351E008B2AA2 /* ICDRequestDeleteDatabaseTests.m in Sources */ = {isa = PBXBuildFile; fileRef = FF7386501A4B351E008B2AA2 /* ICDRequestDeleteDatabaseTests.m */; };
		FF7386551A4B38A9008B2AA2 /* ICDRequestResponseValueOk.m in Sources */ = {isa = PBXBuildFile; fileRef = FF7386541A4B38A9008B2AA2 /* ICDRequestResponseValueOk.m */; };
		FF73865A1A4B6956008B2AA2 /* RKObjectManager+Helper.m in Sources */ = {isa = PBXBuildFile; fileRef = FF7386591A4B6956008B2AA2 /* RKObjectManager+Helper.m */; };
		FF73865D1A4B700C008B2AA2 /* ICDRequestResponseValueError.m in Sources */ = {isa = PBXBuildFile; fileRef = FF73865C1A4B700C008B2AA2 /* ICDRequestResponseValueError.m */; };
		FF86206E1A473A2C00AC68D2 /* main.m in Sources */ = {isa = PBXBuildFile; fileRef = FF86206D1A473A2C00AC68D2 /* main.m */; };
		FF8620711A473A2C00AC68D2 /* AppDelegate.m in Sources */ = {isa = PBXBuildFile; fileRef = FF8620701A473A2C00AC68D2 /* AppDelegate.m */; };
		FF8620771A473A2C00AC68D2 /* Main.storyboard in Resources */ = {isa = PBXBuildFile; fileRef = FF8620751A473A2C00AC68D2 /* Main.storyboard */; };
		FF8620791A473A2C00AC68D2 /* Images.xcassets in Resources */ = {isa = PBXBuildFile; fileRef = FF8620781A473A2C00AC68D2 /* Images.xcassets */; };
		FF86207C1A473A2C00AC68D2 /* LaunchScreen.xib in Resources */ = {isa = PBXBuildFile; fileRef = FF86207A1A473A2C00AC68D2 /* LaunchScreen.xib */; };
		FF8620961A473FD800AC68D2 /* ICDAuthorizationErrorBuilder.m in Sources */ = {isa = PBXBuildFile; fileRef = FF8620951A473FD800AC68D2 /* ICDAuthorizationErrorBuilder.m */; };
		FF8620991A4746F400AC68D2 /* Localizable.strings in Resources */ = {isa = PBXBuildFile; fileRef = FF86209B1A4746F400AC68D2 /* Localizable.strings */; };
		FF8A4F061A547340003B29BA /* ICDMockRKObjectManager.m in Sources */ = {isa = PBXBuildFile; fileRef = FF8A4F051A547340003B29BA /* ICDMockRKObjectManager.m */; };
		FF8A4F0A1A547564003B29BA /* ICDMockRKMappingResult.m in Sources */ = {isa = PBXBuildFile; fileRef = FF8A4F091A547564003B29BA /* ICDMockRKMappingResult.m */; };
		FF8A4F0D1A548E42003B29BA /* ICDRequestAddRevisionNotification.m in Sources */ = {isa = PBXBuildFile; fileRef = FF8A4F0C1A548E42003B29BA /* ICDRequestAddRevisionNotification.m */; };
		FFA07EA41A4DD08A0092351A /* ICDAuthorizationFactory.m in Sources */ = {isa = PBXBuildFile; fileRef = FFA07EA31A4DD08A0092351A /* ICDAuthorizationFactory.m */; };
		FFA07EA71A4DD33B0092351A /* ICDAuthorizationKeychain.m in Sources */ = {isa = PBXBuildFile; fileRef = FFA07EA61A4DD33B0092351A /* ICDAuthorizationKeychain.m */; };
		FFDC3A9E1A4CDE7A003D4271 /* ICDRequestDeleteDocument.m in Sources */ = {isa = PBXBuildFile; fileRef = FFDC3A9D1A4CDE7A003D4271 /* ICDRequestDeleteDocument.m */; };
		FFDC3AA11A4CE724003D4271 /* ICDRequestDeleteDocumentTests.m in Sources */ = {isa = PBXBuildFile; fileRef = FFDC3AA01A4CE724003D4271 /* ICDRequestDeleteDocumentTests.m */; };
		FFE135BE1A4C974E002F9E23 /* ICDRequestCreateDocument.m in Sources */ = {isa = PBXBuildFile; fileRef = FFE135BD1A4C974E002F9E23 /* ICDRequestCreateDocument.m */; };
		FFE135C11A4C9EE1002F9E23 /* ICDRequestCreateDocumentTests.m in Sources */ = {isa = PBXBuildFile; fileRef = FFE135C01A4C9EE1002F9E23 /* ICDRequestCreateDocumentTests.m */; };
/* End PBXBuildFile section */

/* Begin PBXContainerItemProxy section */
		FF8620821A473A2C00AC68D2 /* PBXContainerItemProxy */ = {
			isa = PBXContainerItemProxy;
			containerPortal = FF8620601A473A2C00AC68D2 /* Project object */;
			proxyType = 1;
			remoteGlobalIDString = FF8620671A473A2C00AC68D2;
			remoteInfo = CloudantDashboard;
		};
/* End PBXContainerItemProxy section */

/* Begin PBXFileReference section */
		3D6834B81D1467670559940F /* libPods.a */ = {isa = PBXFileReference; explicitFileType = archive.ar; includeInIndex = 0; path = libPods.a; sourceTree = BUILT_PRODUCTS_DIR; };
		75DED6D3BD1733DED5AB274B /* Pods.release.xcconfig */ = {isa = PBXFileReference; includeInIndex = 1; lastKnownFileType = text.xcconfig; name = Pods.release.xcconfig; path = "Pods/Target Support Files/Pods/Pods.release.xcconfig"; sourceTree = "<group>"; };
		AFE5D1FFAE21D0BB5B89D79A /* Pods.debug.xcconfig */ = {isa = PBXFileReference; includeInIndex = 1; lastKnownFileType = text.xcconfig; name = Pods.debug.xcconfig; path = "Pods/Target Support Files/Pods/Pods.debug.xcconfig"; sourceTree = "<group>"; };
		FF028DBD1A4876F6008D2561 /* ICDModelDatabase.h */ = {isa = PBXFileReference; fileEncoding = 4; lastKnownFileType = sourcecode.c.h; path = ICDModelDatabase.h; sourceTree = "<group>"; };
		FF028DBE1A4876F6008D2561 /* ICDModelDatabase.m */ = {isa = PBXFileReference; fileEncoding = 4; lastKnownFileType = sourcecode.c.objc; path = ICDModelDatabase.m; sourceTree = "<group>"; };
		FF028DC41A488873008D2561 /* ICDRequestAllDatabases.h */ = {isa = PBXFileReference; fileEncoding = 4; lastKnownFileType = sourcecode.c.h; path = ICDRequestAllDatabases.h; sourceTree = "<group>"; };
		FF028DC51A488873008D2561 /* ICDRequestAllDatabases.m */ = {isa = PBXFileReference; fileEncoding = 4; lastKnownFileType = sourcecode.c.objc; path = ICDRequestAllDatabases.m; sourceTree = "<group>"; };
		FF028DC61A488873008D2561 /* ICDRequestProtocol.h */ = {isa = PBXFileReference; fileEncoding = 4; lastKnownFileType = sourcecode.c.h; path = ICDRequestProtocol.h; sourceTree = "<group>"; };
		FF028DC81A488895008D2561 /* ICDNetworkManager.h */ = {isa = PBXFileReference; fileEncoding = 4; lastKnownFileType = sourcecode.c.h; path = ICDNetworkManager.h; sourceTree = "<group>"; };
		FF028DC91A488895008D2561 /* ICDNetworkManager.m */ = {isa = PBXFileReference; fileEncoding = 4; lastKnownFileType = sourcecode.c.objc; path = ICDNetworkManager.m; sourceTree = "<group>"; };
		FF028DD31A4892F0008D2561 /* ICDNetworkManagerTests.m */ = {isa = PBXFileReference; fileEncoding = 4; lastKnownFileType = sourcecode.c.objc; path = ICDNetworkManagerTests.m; sourceTree = "<group>"; };
		FF028DD81A489691008D2561 /* ICDMockRequest.h */ = {isa = PBXFileReference; fileEncoding = 4; lastKnownFileType = sourcecode.c.h; path = ICDMockRequest.h; sourceTree = "<group>"; };
		FF028DD91A489691008D2561 /* ICDMockRequest.m */ = {isa = PBXFileReference; fileEncoding = 4; lastKnownFileType = sourcecode.c.objc; path = ICDMockRequest.m; sourceTree = "<group>"; };
		FF028DE21A48B7FF008D2561 /* ICDNetworkManager+Helper.h */ = {isa = PBXFileReference; fileEncoding = 4; lastKnownFileType = sourcecode.c.h; path = "ICDNetworkManager+Helper.h"; sourceTree = "<group>"; };
		FF028DE31A48B7FF008D2561 /* ICDNetworkManager+Helper.m */ = {isa = PBXFileReference; fileEncoding = 4; lastKnownFileType = sourcecode.c.objc; path = "ICDNetworkManager+Helper.m"; sourceTree = "<group>"; };
		FF0CBEC11A507EA300E29E4D /* ICDRequestAddRevision.h */ = {isa = PBXFileReference; fileEncoding = 4; lastKnownFileType = sourcecode.c.h; path = ICDRequestAddRevision.h; sourceTree = "<group>"; };
		FF0CBEC21A507EA300E29E4D /* ICDRequestAddRevision.m */ = {isa = PBXFileReference; fileEncoding = 4; lastKnownFileType = sourcecode.c.objc; path = ICDRequestAddRevision.m; sourceTree = "<group>"; };
		FF0CBEC41A507F8800E29E4D /* ICDRequestAddRevisionDelegate.h */ = {isa = PBXFileReference; fileEncoding = 4; lastKnownFileType = sourcecode.c.h; path = ICDRequestAddRevisionDelegate.h; sourceTree = "<group>"; };
		FF0CBEC51A50835600E29E4D /* ICDRequestAddRevisionTests.m */ = {isa = PBXFileReference; fileEncoding = 4; lastKnownFileType = sourcecode.c.objc; path = ICDRequestAddRevisionTests.m; sourceTree = "<group>"; };
		FF0CBEC71A508BE200E29E4D /* NSDictionary+CloudantSpecialKeys.h */ = {isa = PBXFileReference; fileEncoding = 4; lastKnownFileType = sourcecode.c.h; path = "NSDictionary+CloudantSpecialKeys.h"; sourceTree = "<group>"; };
		FF0CBEC81A508BE200E29E4D /* NSDictionary+CloudantSpecialKeys.m */ = {isa = PBXFileReference; fileEncoding = 4; lastKnownFileType = sourcecode.c.objc; path = "NSDictionary+CloudantSpecialKeys.m"; sourceTree = "<group>"; };
		FF228E811A4C799F00155AA0 /* ICDRequestResponseValueDictionary.h */ = {isa = PBXFileReference; fileEncoding = 4; lastKnownFileType = sourcecode.c.h; path = ICDRequestResponseValueDictionary.h; sourceTree = "<group>"; };
		FF228E821A4C799F00155AA0 /* ICDRequestResponseValueDictionary.m */ = {isa = PBXFileReference; fileEncoding = 4; lastKnownFileType = sourcecode.c.objc; path = ICDRequestResponseValueDictionary.m; sourceTree = "<group>"; };
		FF2D02281A48DFBF00E03C6E /* ICDRequestAllDatabasesDelegate.h */ = {isa = PBXFileReference; fileEncoding = 4; lastKnownFileType = sourcecode.c.h; path = ICDRequestAllDatabasesDelegate.h; sourceTree = "<group>"; };
		FF4877801A4C42A600F157D5 /* ICDRequestCreateDatabase.h */ = {isa = PBXFileReference; fileEncoding = 4; lastKnownFileType = sourcecode.c.h; path = ICDRequestCreateDatabase.h; sourceTree = "<group>"; };
		FF4877811A4C42A600F157D5 /* ICDRequestCreateDatabase.m */ = {isa = PBXFileReference; fileEncoding = 4; lastKnownFileType = sourcecode.c.objc; path = ICDRequestCreateDatabase.m; sourceTree = "<group>"; };
		FF4877831A4C442400F157D5 /* ICDRequestCreateDatabaseDelegate.h */ = {isa = PBXFileReference; fileEncoding = 4; lastKnownFileType = sourcecode.c.h; path = ICDRequestCreateDatabaseDelegate.h; sourceTree = "<group>"; };
		FF4877841A4C469500F157D5 /* ICDRequestCreateDatabaseTests.m */ = {isa = PBXFileReference; fileEncoding = 4; lastKnownFileType = sourcecode.c.objc; path = ICDRequestCreateDatabaseTests.m; sourceTree = "<group>"; };
		FF658C861A4F86C500E209EE /* ICDCommonAnimationDuration.h */ = {isa = PBXFileReference; fileEncoding = 4; lastKnownFileType = sourcecode.c.h; path = ICDCommonAnimationDuration.h; sourceTree = "<group>"; };
		FF658C881A4F94E700E209EE /* ICDJSONHighlightProtocol.h */ = {isa = PBXFileReference; fileEncoding = 4; lastKnownFileType = sourcecode.c.h; path = ICDJSONHighlightProtocol.h; sourceTree = "<group>"; };
		FF658C891A4F958700E209EE /* ICDJSONHighlightFactory.h */ = {isa = PBXFileReference; fileEncoding = 4; lastKnownFileType = sourcecode.c.h; path = ICDJSONHighlightFactory.h; sourceTree = "<group>"; };
		FF658C8A1A4F958700E209EE /* ICDJSONHighlightFactory.m */ = {isa = PBXFileReference; fileEncoding = 4; lastKnownFileType = sourcecode.c.objc; path = ICDJSONHighlightFactory.m; sourceTree = "<group>"; };
		FF658C8C1A4F967900E209EE /* ICDJSONHighlight.h */ = {isa = PBXFileReference; fileEncoding = 4; lastKnownFileType = sourcecode.c.h; path = ICDJSONHighlight.h; sourceTree = "<group>"; };
		FF658C8D1A4F967900E209EE /* ICDJSONHighlight.m */ = {isa = PBXFileReference; fileEncoding = 4; lastKnownFileType = sourcecode.c.objc; path = ICDJSONHighlight.m; sourceTree = "<group>"; };
		FF6FEA381A49D20400988CD3 /* ICDModelDocument.h */ = {isa = PBXFileReference; fileEncoding = 4; lastKnownFileType = sourcecode.c.h; path = ICDModelDocument.h; sourceTree = "<group>"; };
		FF6FEA391A49D20400988CD3 /* ICDModelDocument.m */ = {isa = PBXFileReference; fileEncoding = 4; lastKnownFileType = sourcecode.c.objc; path = ICDModelDocument.m; sourceTree = "<group>"; };
		FF6FEA3F1A49DEBD00988CD3 /* ICDDatabasesTableViewController.h */ = {isa = PBXFileReference; fileEncoding = 4; lastKnownFileType = sourcecode.c.h; path = ICDDatabasesTableViewController.h; sourceTree = "<group>"; };
		FF6FEA401A49DEBD00988CD3 /* ICDDatabasesTableViewController.m */ = {isa = PBXFileReference; fileEncoding = 4; lastKnownFileType = sourcecode.c.objc; path = ICDDatabasesTableViewController.m; sourceTree = "<group>"; };
		FF6FEA411A49DEBD00988CD3 /* ICDDocumentsTableViewController.h */ = {isa = PBXFileReference; fileEncoding = 4; lastKnownFileType = sourcecode.c.h; path = ICDDocumentsTableViewController.h; sourceTree = "<group>"; };
		FF6FEA421A49DEBD00988CD3 /* ICDDocumentsTableViewController.m */ = {isa = PBXFileReference; fileEncoding = 4; lastKnownFileType = sourcecode.c.objc; path = ICDDocumentsTableViewController.m; sourceTree = "<group>"; };
		FF6FEA481A49F53200988CD3 /* ICDRequestAllDocuments.h */ = {isa = PBXFileReference; fileEncoding = 4; lastKnownFileType = sourcecode.c.h; path = ICDRequestAllDocuments.h; sourceTree = "<group>"; };
		FF6FEA491A49F53200988CD3 /* ICDRequestAllDocuments.m */ = {isa = PBXFileReference; fileEncoding = 4; lastKnownFileType = sourcecode.c.objc; path = ICDRequestAllDocuments.m; sourceTree = "<group>"; };
		FF6FEA4A1A49F53200988CD3 /* ICDRequestAllDocumentsDelegate.h */ = {isa = PBXFileReference; fileEncoding = 4; lastKnownFileType = sourcecode.c.h; path = ICDRequestAllDocumentsDelegate.h; sourceTree = "<group>"; };
		FF6FEA4C1A49F68F00988CD3 /* ICDRequestAllDocumentsTests.m */ = {isa = PBXFileReference; fileEncoding = 4; lastKnownFileType = sourcecode.c.objc; path = ICDRequestAllDocumentsTests.m; sourceTree = "<group>"; };
		FF6FEA4E1A49F71800988CD3 /* ICDRequestDocument.h */ = {isa = PBXFileReference; fileEncoding = 4; lastKnownFileType = sourcecode.c.h; path = ICDRequestDocument.h; sourceTree = "<group>"; };
		FF6FEA4F1A49F71800988CD3 /* ICDRequestDocument.m */ = {isa = PBXFileReference; fileEncoding = 4; lastKnownFileType = sourcecode.c.objc; path = ICDRequestDocument.m; sourceTree = "<group>"; };
		FF6FEA511A49FA6200988CD3 /* ICDRequestDocumentTests.m */ = {isa = PBXFileReference; fileEncoding = 4; lastKnownFileType = sourcecode.c.objc; path = ICDRequestDocumentTests.m; sourceTree = "<group>"; };
		FF6FEA531A4A071300988CD3 /* ICDRequestDocumentDelegate.h */ = {isa = PBXFileReference; fileEncoding = 4; lastKnownFileType = sourcecode.c.h; path = ICDRequestDocumentDelegate.h; sourceTree = "<group>"; };
		FF6FEA541A4A094D00988CD3 /* ICDDocumentViewController.h */ = {isa = PBXFileReference; fileEncoding = 4; lastKnownFileType = sourcecode.c.h; path = ICDDocumentViewController.h; sourceTree = "<group>"; };
		FF6FEA551A4A094D00988CD3 /* ICDDocumentViewController.m */ = {isa = PBXFileReference; fileEncoding = 4; lastKnownFileType = sourcecode.c.objc; path = ICDDocumentViewController.m; sourceTree = "<group>"; };
		FF6FEA5B1A4A122000988CD3 /* es */ = {isa = PBXFileReference; lastKnownFileType = text.plist.strings; name = es; path = es.lproj/Main.strings; sourceTree = "<group>"; };
		FF73864D1A4B31AA008B2AA2 /* ICDRequestDeleteDatabase.h */ = {isa = PBXFileReference; fileEncoding = 4; lastKnownFileType = sourcecode.c.h; path = ICDRequestDeleteDatabase.h; sourceTree = "<group>"; };
		FF73864E1A4B31AA008B2AA2 /* ICDRequestDeleteDatabase.m */ = {isa = PBXFileReference; fileEncoding = 4; lastKnownFileType = sourcecode.c.objc; path = ICDRequestDeleteDatabase.m; sourceTree = "<group>"; };
		FF7386501A4B351E008B2AA2 /* ICDRequestDeleteDatabaseTests.m */ = {isa = PBXFileReference; fileEncoding = 4; lastKnownFileType = sourcecode.c.objc; path = ICDRequestDeleteDatabaseTests.m; sourceTree = "<group>"; };
		FF7386531A4B38A9008B2AA2 /* ICDRequestResponseValueOk.h */ = {isa = PBXFileReference; fileEncoding = 4; lastKnownFileType = sourcecode.c.h; path = ICDRequestResponseValueOk.h; sourceTree = "<group>"; };
		FF7386541A4B38A9008B2AA2 /* ICDRequestResponseValueOk.m */ = {isa = PBXFileReference; fileEncoding = 4; lastKnownFileType = sourcecode.c.objc; path = ICDRequestResponseValueOk.m; sourceTree = "<group>"; };
		FF7386561A4B3E38008B2AA2 /* ICDRequestDeleteDatabaseDelegate.h */ = {isa = PBXFileReference; fileEncoding = 4; lastKnownFileType = sourcecode.c.h; path = ICDRequestDeleteDatabaseDelegate.h; sourceTree = "<group>"; };
		FF7386581A4B6956008B2AA2 /* RKObjectManager+Helper.h */ = {isa = PBXFileReference; fileEncoding = 4; lastKnownFileType = sourcecode.c.h; path = "RKObjectManager+Helper.h"; sourceTree = "<group>"; };
		FF7386591A4B6956008B2AA2 /* RKObjectManager+Helper.m */ = {isa = PBXFileReference; fileEncoding = 4; lastKnownFileType = sourcecode.c.objc; path = "RKObjectManager+Helper.m"; sourceTree = "<group>"; };
		FF73865B1A4B700C008B2AA2 /* ICDRequestResponseValueError.h */ = {isa = PBXFileReference; fileEncoding = 4; lastKnownFileType = sourcecode.c.h; path = ICDRequestResponseValueError.h; sourceTree = "<group>"; };
		FF73865C1A4B700C008B2AA2 /* ICDRequestResponseValueError.m */ = {isa = PBXFileReference; fileEncoding = 4; lastKnownFileType = sourcecode.c.objc; path = ICDRequestResponseValueError.m; sourceTree = "<group>"; };
		FF8620681A473A2C00AC68D2 /* CloudantDashboard.app */ = {isa = PBXFileReference; explicitFileType = wrapper.application; includeInIndex = 0; path = CloudantDashboard.app; sourceTree = BUILT_PRODUCTS_DIR; };
		FF86206C1A473A2C00AC68D2 /* Info.plist */ = {isa = PBXFileReference; lastKnownFileType = text.plist.xml; path = Info.plist; sourceTree = "<group>"; };
		FF86206D1A473A2C00AC68D2 /* main.m */ = {isa = PBXFileReference; lastKnownFileType = sourcecode.c.objc; path = main.m; sourceTree = "<group>"; };
		FF86206F1A473A2C00AC68D2 /* AppDelegate.h */ = {isa = PBXFileReference; lastKnownFileType = sourcecode.c.h; path = AppDelegate.h; sourceTree = "<group>"; };
		FF8620701A473A2C00AC68D2 /* AppDelegate.m */ = {isa = PBXFileReference; lastKnownFileType = sourcecode.c.objc; path = AppDelegate.m; sourceTree = "<group>"; };
		FF8620761A473A2C00AC68D2 /* Base */ = {isa = PBXFileReference; lastKnownFileType = file.storyboard; name = Base; path = Base.lproj/Main.storyboard; sourceTree = "<group>"; };
		FF8620781A473A2C00AC68D2 /* Images.xcassets */ = {isa = PBXFileReference; lastKnownFileType = folder.assetcatalog; path = Images.xcassets; sourceTree = "<group>"; };
		FF86207B1A473A2C00AC68D2 /* Base */ = {isa = PBXFileReference; lastKnownFileType = file.xib; name = Base; path = Base.lproj/LaunchScreen.xib; sourceTree = "<group>"; };
		FF8620811A473A2C00AC68D2 /* CloudantDashboardTests.xctest */ = {isa = PBXFileReference; explicitFileType = wrapper.cfbundle; includeInIndex = 0; path = CloudantDashboardTests.xctest; sourceTree = BUILT_PRODUCTS_DIR; };
		FF8620861A473A2C00AC68D2 /* Info.plist */ = {isa = PBXFileReference; lastKnownFileType = text.plist.xml; path = Info.plist; sourceTree = "<group>"; };
		FF8620931A473E2D00AC68D2 /* ICDAuthorizationProtocol.h */ = {isa = PBXFileReference; fileEncoding = 4; lastKnownFileType = sourcecode.c.h; path = ICDAuthorizationProtocol.h; sourceTree = "<group>"; };
		FF8620941A473FD800AC68D2 /* ICDAuthorizationErrorBuilder.h */ = {isa = PBXFileReference; fileEncoding = 4; lastKnownFileType = sourcecode.c.h; path = ICDAuthorizationErrorBuilder.h; sourceTree = "<group>"; };
		FF8620951A473FD800AC68D2 /* ICDAuthorizationErrorBuilder.m */ = {isa = PBXFileReference; fileEncoding = 4; lastKnownFileType = sourcecode.c.objc; path = ICDAuthorizationErrorBuilder.m; sourceTree = "<group>"; };
		FF86209A1A4746F400AC68D2 /* Base */ = {isa = PBXFileReference; lastKnownFileType = text.plist.strings; name = Base; path = Base.lproj/Localizable.strings; sourceTree = "<group>"; };
		FF86209D1A47478D00AC68D2 /* es */ = {isa = PBXFileReference; lastKnownFileType = text.plist.strings; name = es; path = es.lproj/LaunchScreen.strings; sourceTree = "<group>"; };
		FF86209E1A47478D00AC68D2 /* es */ = {isa = PBXFileReference; lastKnownFileType = text.plist.strings; name = es; path = es.lproj/Localizable.strings; sourceTree = "<group>"; };
		FF8A4F041A547340003B29BA /* ICDMockRKObjectManager.h */ = {isa = PBXFileReference; fileEncoding = 4; lastKnownFileType = sourcecode.c.h; path = ICDMockRKObjectManager.h; sourceTree = "<group>"; };
		FF8A4F051A547340003B29BA /* ICDMockRKObjectManager.m */ = {isa = PBXFileReference; fileEncoding = 4; lastKnownFileType = sourcecode.c.objc; path = ICDMockRKObjectManager.m; sourceTree = "<group>"; };
		FF8A4F081A547564003B29BA /* ICDMockRKMappingResult.h */ = {isa = PBXFileReference; fileEncoding = 4; lastKnownFileType = sourcecode.c.h; path = ICDMockRKMappingResult.h; sourceTree = "<group>"; };
		FF8A4F091A547564003B29BA /* ICDMockRKMappingResult.m */ = {isa = PBXFileReference; fileEncoding = 4; lastKnownFileType = sourcecode.c.objc; path = ICDMockRKMappingResult.m; sourceTree = "<group>"; };
		FF8A4F0B1A548E42003B29BA /* ICDRequestAddRevisionNotification.h */ = {isa = PBXFileReference; fileEncoding = 4; lastKnownFileType = sourcecode.c.h; path = ICDRequestAddRevisionNotification.h; sourceTree = "<group>"; };
		FF8A4F0C1A548E42003B29BA /* ICDRequestAddRevisionNotification.m */ = {isa = PBXFileReference; fileEncoding = 4; lastKnownFileType = sourcecode.c.objc; path = ICDRequestAddRevisionNotification.m; sourceTree = "<group>"; };
		FF9C0C391A479201001C4EBA /* ICDLog.h */ = {isa = PBXFileReference; lastKnownFileType = sourcecode.c.h; path = ICDLog.h; sourceTree = "<group>"; };
		FFA07EA21A4DD08A0092351A /* ICDAuthorizationFactory.h */ = {isa = PBXFileReference; fileEncoding = 4; lastKnownFileType = sourcecode.c.h; path = ICDAuthorizationFactory.h; sourceTree = "<group>"; };
		FFA07EA31A4DD08A0092351A /* ICDAuthorizationFactory.m */ = {isa = PBXFileReference; fileEncoding = 4; lastKnownFileType = sourcecode.c.objc; path = ICDAuthorizationFactory.m; sourceTree = "<group>"; };
		FFA07EA51A4DD33B0092351A /* ICDAuthorizationKeychain.h */ = {isa = PBXFileReference; fileEncoding = 4; lastKnownFileType = sourcecode.c.h; path = ICDAuthorizationKeychain.h; sourceTree = "<group>"; };
		FFA07EA61A4DD33B0092351A /* ICDAuthorizationKeychain.m */ = {isa = PBXFileReference; fileEncoding = 4; lastKnownFileType = sourcecode.c.objc; path = ICDAuthorizationKeychain.m; sourceTree = "<group>"; };
		FFDC3A9C1A4CDE7A003D4271 /* ICDRequestDeleteDocument.h */ = {isa = PBXFileReference; fileEncoding = 4; lastKnownFileType = sourcecode.c.h; path = ICDRequestDeleteDocument.h; sourceTree = "<group>"; };
		FFDC3A9D1A4CDE7A003D4271 /* ICDRequestDeleteDocument.m */ = {isa = PBXFileReference; fileEncoding = 4; lastKnownFileType = sourcecode.c.objc; path = ICDRequestDeleteDocument.m; sourceTree = "<group>"; };
		FFDC3A9F1A4CDF1E003D4271 /* ICDRequestDeleteDocumentDelegate.h */ = {isa = PBXFileReference; fileEncoding = 4; lastKnownFileType = sourcecode.c.h; path = ICDRequestDeleteDocumentDelegate.h; sourceTree = "<group>"; };
		FFDC3AA01A4CE724003D4271 /* ICDRequestDeleteDocumentTests.m */ = {isa = PBXFileReference; fileEncoding = 4; lastKnownFileType = sourcecode.c.objc; path = ICDRequestDeleteDocumentTests.m; sourceTree = "<group>"; };
		FFE135BC1A4C974E002F9E23 /* ICDRequestCreateDocument.h */ = {isa = PBXFileReference; fileEncoding = 4; lastKnownFileType = sourcecode.c.h; path = ICDRequestCreateDocument.h; sourceTree = "<group>"; };
		FFE135BD1A4C974E002F9E23 /* ICDRequestCreateDocument.m */ = {isa = PBXFileReference; fileEncoding = 4; lastKnownFileType = sourcecode.c.objc; path = ICDRequestCreateDocument.m; sourceTree = "<group>"; };
		FFE135BF1A4C985B002F9E23 /* ICDRequestCreateDocumentDelegate.h */ = {isa = PBXFileReference; fileEncoding = 4; lastKnownFileType = sourcecode.c.h; path = ICDRequestCreateDocumentDelegate.h; sourceTree = "<group>"; };
		FFE135C01A4C9EE1002F9E23 /* ICDRequestCreateDocumentTests.m */ = {isa = PBXFileReference; fileEncoding = 4; lastKnownFileType = sourcecode.c.objc; path = ICDRequestCreateDocumentTests.m; sourceTree = "<group>"; };
/* End PBXFileReference section */

/* Begin PBXFrameworksBuildPhase section */
		FF8620651A473A2C00AC68D2 /* Frameworks */ = {
			isa = PBXFrameworksBuildPhase;
			buildActionMask = 2147483647;
			files = (
				E17D629C59DD18EA804892CD /* libPods.a in Frameworks */,
			);
			runOnlyForDeploymentPostprocessing = 0;
		};
		FF86207E1A473A2C00AC68D2 /* Frameworks */ = {
			isa = PBXFrameworksBuildPhase;
			buildActionMask = 2147483647;
			files = (
			);
			runOnlyForDeploymentPostprocessing = 0;
		};
/* End PBXFrameworksBuildPhase section */

/* Begin PBXGroup section */
		042D5BABCC447DAE288DE262 /* Pods */ = {
			isa = PBXGroup;
			children = (
				AFE5D1FFAE21D0BB5B89D79A /* Pods.debug.xcconfig */,
				75DED6D3BD1733DED5AB274B /* Pods.release.xcconfig */,
			);
			name = Pods;
			sourceTree = "<group>";
		};
		42D2EFC0C46616D25A187D9C /* Frameworks */ = {
			isa = PBXGroup;
			children = (
				3D6834B81D1467670559940F /* libPods.a */,
			);
			name = Frameworks;
			sourceTree = "<group>";
		};
		FF028DBC1A487682008D2561 /* Model */ = {
			isa = PBXGroup;
			children = (
				FF028DBD1A4876F6008D2561 /* ICDModelDatabase.h */,
				FF028DBE1A4876F6008D2561 /* ICDModelDatabase.m */,
				FF6FEA381A49D20400988CD3 /* ICDModelDocument.h */,
				FF6FEA391A49D20400988CD3 /* ICDModelDocument.m */,
			);
			path = Model;
			sourceTree = "<group>";
		};
		FF028DC11A488710008D2561 /* Network */ = {
			isa = PBXGroup;
			children = (
				FF028DC21A48873B008D2561 /* Manager */,
				FF028DC31A48875E008D2561 /* Request */,
			);
			path = Network;
			sourceTree = "<group>";
		};
		FF028DC21A48873B008D2561 /* Manager */ = {
			isa = PBXGroup;
			children = (
				FF028DC81A488895008D2561 /* ICDNetworkManager.h */,
				FF028DC91A488895008D2561 /* ICDNetworkManager.m */,
				FF028DE21A48B7FF008D2561 /* ICDNetworkManager+Helper.h */,
				FF028DE31A48B7FF008D2561 /* ICDNetworkManager+Helper.m */,
			);
			path = Manager;
			sourceTree = "<group>";
		};
		FF028DC31A48875E008D2561 /* Request */ = {
			isa = PBXGroup;
			children = (
				FF7386521A4B381B008B2AA2 /* Auxiliar */,
				FF7386571A4B6918008B2AA2 /* Category */,
				FF0CBEC11A507EA300E29E4D /* ICDRequestAddRevision.h */,
				FF0CBEC21A507EA300E29E4D /* ICDRequestAddRevision.m */,
				FF0CBEC41A507F8800E29E4D /* ICDRequestAddRevisionDelegate.h */,
				FF8A4F0B1A548E42003B29BA /* ICDRequestAddRevisionNotification.h */,
				FF8A4F0C1A548E42003B29BA /* ICDRequestAddRevisionNotification.m */,
				FF028DC41A488873008D2561 /* ICDRequestAllDatabases.h */,
				FF028DC51A488873008D2561 /* ICDRequestAllDatabases.m */,
				FF2D02281A48DFBF00E03C6E /* ICDRequestAllDatabasesDelegate.h */,
				FF6FEA481A49F53200988CD3 /* ICDRequestAllDocuments.h */,
				FF6FEA491A49F53200988CD3 /* ICDRequestAllDocuments.m */,
				FF6FEA4A1A49F53200988CD3 /* ICDRequestAllDocumentsDelegate.h */,
				FF4877801A4C42A600F157D5 /* ICDRequestCreateDatabase.h */,
				FF4877811A4C42A600F157D5 /* ICDRequestCreateDatabase.m */,
				FF4877831A4C442400F157D5 /* ICDRequestCreateDatabaseDelegate.h */,
				FFE135BC1A4C974E002F9E23 /* ICDRequestCreateDocument.h */,
				FFE135BD1A4C974E002F9E23 /* ICDRequestCreateDocument.m */,
				FFE135BF1A4C985B002F9E23 /* ICDRequestCreateDocumentDelegate.h */,
				FF73864D1A4B31AA008B2AA2 /* ICDRequestDeleteDatabase.h */,
				FF73864E1A4B31AA008B2AA2 /* ICDRequestDeleteDatabase.m */,
				FF7386561A4B3E38008B2AA2 /* ICDRequestDeleteDatabaseDelegate.h */,
				FFDC3A9C1A4CDE7A003D4271 /* ICDRequestDeleteDocument.h */,
				FFDC3A9D1A4CDE7A003D4271 /* ICDRequestDeleteDocument.m */,
				FFDC3A9F1A4CDF1E003D4271 /* ICDRequestDeleteDocumentDelegate.h */,
				FF6FEA4E1A49F71800988CD3 /* ICDRequestDocument.h */,
				FF6FEA4F1A49F71800988CD3 /* ICDRequestDocument.m */,
				FF6FEA531A4A071300988CD3 /* ICDRequestDocumentDelegate.h */,
				FF028DC61A488873008D2561 /* ICDRequestProtocol.h */,
			);
			path = Request;
			sourceTree = "<group>";
		};
		FF028DCF1A4891FC008D2561 /* Network */ = {
			isa = PBXGroup;
			children = (
				FF028DD01A489213008D2561 /* Manager */,
				FF6FEA3B1A49D85000988CD3 /* Request */,
			);
			path = Network;
			sourceTree = "<group>";
		};
		FF028DD01A489213008D2561 /* Manager */ = {
			isa = PBXGroup;
			children = (
				FF028DD31A4892F0008D2561 /* ICDNetworkManagerTests.m */,
			);
			path = Manager;
			sourceTree = "<group>";
		};
		FF028DD51A489639008D2561 /* Mock */ = {
			isa = PBXGroup;
			children = (
				FF028DD61A489654008D2561 /* Network */,
				FF8A4F011A5472B5003B29BA /* Pods */,
			);
			path = Mock;
			sourceTree = "<group>";
		};
		FF028DD61A489654008D2561 /* Network */ = {
			isa = PBXGroup;
			children = (
				FF028DD71A489672008D2561 /* Request */,
			);
			path = Network;
			sourceTree = "<group>";
		};
		FF028DD71A489672008D2561 /* Request */ = {
			isa = PBXGroup;
			children = (
				FF028DD81A489691008D2561 /* ICDMockRequest.h */,
				FF028DD91A489691008D2561 /* ICDMockRequest.m */,
			);
			path = Request;
			sourceTree = "<group>";
		};
		FF2D023A1A48F66B00E03C6E /* Controller */ = {
			isa = PBXGroup;
			children = (
				FF658C871A4F94A100E209EE /* JSONHighlight */,
				FF658C851A4F85E500E209EE /* Common */,
				FF6FEA3F1A49DEBD00988CD3 /* ICDDatabasesTableViewController.h */,
				FF6FEA401A49DEBD00988CD3 /* ICDDatabasesTableViewController.m */,
				FF6FEA411A49DEBD00988CD3 /* ICDDocumentsTableViewController.h */,
				FF6FEA421A49DEBD00988CD3 /* ICDDocumentsTableViewController.m */,
				FF6FEA541A4A094D00988CD3 /* ICDDocumentViewController.h */,
				FF6FEA551A4A094D00988CD3 /* ICDDocumentViewController.m */,
				FF8620751A473A2C00AC68D2 /* Main.storyboard */,
			);
			path = Controller;
			sourceTree = "<group>";
		};
		FF658C851A4F85E500E209EE /* Common */ = {
			isa = PBXGroup;
			children = (
				FF658C861A4F86C500E209EE /* ICDCommonAnimationDuration.h */,
			);
			path = Common;
			sourceTree = "<group>";
		};
		FF658C871A4F94A100E209EE /* JSONHighlight */ = {
			isa = PBXGroup;
			children = (
				FF658C8C1A4F967900E209EE /* ICDJSONHighlight.h */,
				FF658C8D1A4F967900E209EE /* ICDJSONHighlight.m */,
				FF658C891A4F958700E209EE /* ICDJSONHighlightFactory.h */,
				FF658C8A1A4F958700E209EE /* ICDJSONHighlightFactory.m */,
				FF658C881A4F94E700E209EE /* ICDJSONHighlightProtocol.h */,
			);
			path = JSONHighlight;
			sourceTree = "<group>";
		};
		FF6FEA3B1A49D85000988CD3 /* Request */ = {
			isa = PBXGroup;
			children = (
				FF0CBEC51A50835600E29E4D /* ICDRequestAddRevisionTests.m */,
				FF6FEA4C1A49F68F00988CD3 /* ICDRequestAllDocumentsTests.m */,
				FF4877841A4C469500F157D5 /* ICDRequestCreateDatabaseTests.m */,
				FFE135C01A4C9EE1002F9E23 /* ICDRequestCreateDocumentTests.m */,
				FF7386501A4B351E008B2AA2 /* ICDRequestDeleteDatabaseTests.m */,
				FFDC3AA01A4CE724003D4271 /* ICDRequestDeleteDocumentTests.m */,
				FF6FEA511A49FA6200988CD3 /* ICDRequestDocumentTests.m */,
			);
			path = Request;
			sourceTree = "<group>";
		};
		FF7386521A4B381B008B2AA2 /* Auxiliar */ = {
			isa = PBXGroup;
			children = (
				FF228E811A4C799F00155AA0 /* ICDRequestResponseValueDictionary.h */,
				FF228E821A4C799F00155AA0 /* ICDRequestResponseValueDictionary.m */,
				FF73865B1A4B700C008B2AA2 /* ICDRequestResponseValueError.h */,
				FF73865C1A4B700C008B2AA2 /* ICDRequestResponseValueError.m */,
				FF7386531A4B38A9008B2AA2 /* ICDRequestResponseValueOk.h */,
				FF7386541A4B38A9008B2AA2 /* ICDRequestResponseValueOk.m */,
			);
			path = Auxiliar;
			sourceTree = "<group>";
		};
		FF7386571A4B6918008B2AA2 /* Category */ = {
			isa = PBXGroup;
			children = (
				FF0CBEC71A508BE200E29E4D /* NSDictionary+CloudantSpecialKeys.h */,
				FF0CBEC81A508BE200E29E4D /* NSDictionary+CloudantSpecialKeys.m */,
				FF7386581A4B6956008B2AA2 /* RKObjectManager+Helper.h */,
				FF7386591A4B6956008B2AA2 /* RKObjectManager+Helper.m */,
			);
			path = Category;
			sourceTree = "<group>";
		};
		FF86205F1A473A2C00AC68D2 = {
			isa = PBXGroup;
			children = (
				FF86206A1A473A2C00AC68D2 /* CloudantDashboard */,
				FF8620841A473A2C00AC68D2 /* CloudantDashboardTests */,
				FF8620691A473A2C00AC68D2 /* Products */,
				042D5BABCC447DAE288DE262 /* Pods */,
				42D2EFC0C46616D25A187D9C /* Frameworks */,
			);
			sourceTree = "<group>";
		};
		FF8620691A473A2C00AC68D2 /* Products */ = {
			isa = PBXGroup;
			children = (
				FF8620681A473A2C00AC68D2 /* CloudantDashboard.app */,
				FF8620811A473A2C00AC68D2 /* CloudantDashboardTests.xctest */,
			);
			name = Products;
			sourceTree = "<group>";
		};
		FF86206A1A473A2C00AC68D2 /* CloudantDashboard */ = {
			isa = PBXGroup;
			children = (
				FF8620921A473DED00AC68D2 /* Authorization */,
				FF2D023A1A48F66B00E03C6E /* Controller */,
				FF9C0C381A47919E001C4EBA /* Log */,
				FF028DBC1A487682008D2561 /* Model */,
				FF028DC11A488710008D2561 /* Network */,
				FF86206B1A473A2C00AC68D2 /* Supporting Files */,
				FF8620781A473A2C00AC68D2 /* Images.xcassets */,
			);
			path = CloudantDashboard;
			sourceTree = "<group>";
		};
		FF86206B1A473A2C00AC68D2 /* Supporting Files */ = {
			isa = PBXGroup;
			children = (
				FF86206F1A473A2C00AC68D2 /* AppDelegate.h */,
				FF8620701A473A2C00AC68D2 /* AppDelegate.m */,
				FF86206C1A473A2C00AC68D2 /* Info.plist */,
				FF86207A1A473A2C00AC68D2 /* LaunchScreen.xib */,
				FF86209B1A4746F400AC68D2 /* Localizable.strings */,
				FF86206D1A473A2C00AC68D2 /* main.m */,
			);
			name = "Supporting Files";
			sourceTree = "<group>";
		};
		FF8620841A473A2C00AC68D2 /* CloudantDashboardTests */ = {
			isa = PBXGroup;
			children = (
				FF028DD51A489639008D2561 /* Mock */,
				FF028DCF1A4891FC008D2561 /* Network */,
				FF8620851A473A2C00AC68D2 /* Supporting Files */,
			);
			path = CloudantDashboardTests;
			sourceTree = "<group>";
		};
		FF8620851A473A2C00AC68D2 /* Supporting Files */ = {
			isa = PBXGroup;
			children = (
				FF8620861A473A2C00AC68D2 /* Info.plist */,
			);
			name = "Supporting Files";
			sourceTree = "<group>";
		};
		FF8620921A473DED00AC68D2 /* Authorization */ = {
			isa = PBXGroup;
			children = (
				FF8620941A473FD800AC68D2 /* ICDAuthorizationErrorBuilder.h */,
				FF8620951A473FD800AC68D2 /* ICDAuthorizationErrorBuilder.m */,
				FFA07EA21A4DD08A0092351A /* ICDAuthorizationFactory.h */,
				FFA07EA31A4DD08A0092351A /* ICDAuthorizationFactory.m */,
				FFA07EA51A4DD33B0092351A /* ICDAuthorizationKeychain.h */,
				FFA07EA61A4DD33B0092351A /* ICDAuthorizationKeychain.m */,
				FF8620931A473E2D00AC68D2 /* ICDAuthorizationProtocol.h */,
			);
			path = Authorization;
			sourceTree = "<group>";
		};
		FF8A4F011A5472B5003B29BA /* Pods */ = {
			isa = PBXGroup;
			children = (
				FF8A4F021A5472E0003B29BA /* RestKit */,
			);
			path = Pods;
			sourceTree = "<group>";
		};
		FF8A4F021A5472E0003B29BA /* RestKit */ = {
			isa = PBXGroup;
			children = (
				FF8A4F071A547438003B29BA /* ObjectMapping */,
				FF8A4F031A547306003B29BA /* Network */,
			);
			path = RestKit;
			sourceTree = "<group>";
		};
		FF8A4F031A547306003B29BA /* Network */ = {
			isa = PBXGroup;
			children = (
				FF8A4F041A547340003B29BA /* ICDMockRKObjectManager.h */,
				FF8A4F051A547340003B29BA /* ICDMockRKObjectManager.m */,
			);
			path = Network;
			sourceTree = "<group>";
		};
		FF8A4F071A547438003B29BA /* ObjectMapping */ = {
			isa = PBXGroup;
			children = (
				FF8A4F081A547564003B29BA /* ICDMockRKMappingResult.h */,
				FF8A4F091A547564003B29BA /* ICDMockRKMappingResult.m */,
			);
			path = ObjectMapping;
			sourceTree = "<group>";
		};
		FF9C0C381A47919E001C4EBA /* Log */ = {
			isa = PBXGroup;
			children = (
				FF9C0C391A479201001C4EBA /* ICDLog.h */,
			);
			path = Log;
			sourceTree = "<group>";
		};
/* End PBXGroup section */

/* Begin PBXNativeTarget section */
		FF8620671A473A2C00AC68D2 /* CloudantDashboard */ = {
			isa = PBXNativeTarget;
			buildConfigurationList = FF86208B1A473A2C00AC68D2 /* Build configuration list for PBXNativeTarget "CloudantDashboard" */;
			buildPhases = (
				1B439E212D72C9BF93FF14C9 /* Check Pods Manifest.lock */,
				FF8620641A473A2C00AC68D2 /* Sources */,
				FF8620651A473A2C00AC68D2 /* Frameworks */,
				FF8620661A473A2C00AC68D2 /* Resources */,
				766336C4EBE1F8050F93BD7A /* Copy Pods Resources */,
			);
			buildRules = (
			);
			dependencies = (
			);
			name = CloudantDashboard;
			productName = CloudantDashboard;
			productReference = FF8620681A473A2C00AC68D2 /* CloudantDashboard.app */;
			productType = "com.apple.product-type.application";
		};
		FF8620801A473A2C00AC68D2 /* CloudantDashboardTests */ = {
			isa = PBXNativeTarget;
			buildConfigurationList = FF86208E1A473A2C00AC68D2 /* Build configuration list for PBXNativeTarget "CloudantDashboardTests" */;
			buildPhases = (
				FF86207D1A473A2C00AC68D2 /* Sources */,
				FF86207E1A473A2C00AC68D2 /* Frameworks */,
				FF86207F1A473A2C00AC68D2 /* Resources */,
			);
			buildRules = (
			);
			dependencies = (
				FF8620831A473A2C00AC68D2 /* PBXTargetDependency */,
			);
			name = CloudantDashboardTests;
			productName = CloudantDashboardTests;
			productReference = FF8620811A473A2C00AC68D2 /* CloudantDashboardTests.xctest */;
			productType = "com.apple.product-type.bundle.unit-test";
		};
/* End PBXNativeTarget section */

/* Begin PBXProject section */
		FF8620601A473A2C00AC68D2 /* Project object */ = {
			isa = PBXProject;
			attributes = {
				LastUpgradeCheck = 0610;
				ORGANIZATIONNAME = "Enrique de la Torre";
				TargetAttributes = {
					FF8620671A473A2C00AC68D2 = {
						CreatedOnToolsVersion = 6.1.1;
					};
					FF8620801A473A2C00AC68D2 = {
						CreatedOnToolsVersion = 6.1.1;
						TestTargetID = FF8620671A473A2C00AC68D2;
					};
				};
			};
			buildConfigurationList = FF8620631A473A2C00AC68D2 /* Build configuration list for PBXProject "CloudantDashboard" */;
			compatibilityVersion = "Xcode 3.2";
			developmentRegion = English;
			hasScannedForEncodings = 0;
			knownRegions = (
				en,
				Base,
				es,
			);
			mainGroup = FF86205F1A473A2C00AC68D2;
			productRefGroup = FF8620691A473A2C00AC68D2 /* Products */;
			projectDirPath = "";
			projectRoot = "";
			targets = (
				FF8620671A473A2C00AC68D2 /* CloudantDashboard */,
				FF8620801A473A2C00AC68D2 /* CloudantDashboardTests */,
			);
		};
/* End PBXProject section */

/* Begin PBXResourcesBuildPhase section */
		FF8620661A473A2C00AC68D2 /* Resources */ = {
			isa = PBXResourcesBuildPhase;
			buildActionMask = 2147483647;
			files = (
				FF8620771A473A2C00AC68D2 /* Main.storyboard in Resources */,
				FF8620991A4746F400AC68D2 /* Localizable.strings in Resources */,
				FF86207C1A473A2C00AC68D2 /* LaunchScreen.xib in Resources */,
				FF8620791A473A2C00AC68D2 /* Images.xcassets in Resources */,
			);
			runOnlyForDeploymentPostprocessing = 0;
		};
		FF86207F1A473A2C00AC68D2 /* Resources */ = {
			isa = PBXResourcesBuildPhase;
			buildActionMask = 2147483647;
			files = (
			);
			runOnlyForDeploymentPostprocessing = 0;
		};
/* End PBXResourcesBuildPhase section */

/* Begin PBXShellScriptBuildPhase section */
		1B439E212D72C9BF93FF14C9 /* Check Pods Manifest.lock */ = {
			isa = PBXShellScriptBuildPhase;
			buildActionMask = 2147483647;
			files = (
			);
			inputPaths = (
			);
			name = "Check Pods Manifest.lock";
			outputPaths = (
			);
			runOnlyForDeploymentPostprocessing = 0;
			shellPath = /bin/sh;
			shellScript = "diff \"${PODS_ROOT}/../Podfile.lock\" \"${PODS_ROOT}/Manifest.lock\" > /dev/null\nif [[ $? != 0 ]] ; then\n    cat << EOM\nerror: The sandbox is not in sync with the Podfile.lock. Run 'pod install' or update your CocoaPods installation.\nEOM\n    exit 1\nfi\n";
			showEnvVarsInLog = 0;
		};
		766336C4EBE1F8050F93BD7A /* Copy Pods Resources */ = {
			isa = PBXShellScriptBuildPhase;
			buildActionMask = 2147483647;
			files = (
			);
			inputPaths = (
			);
			name = "Copy Pods Resources";
			outputPaths = (
			);
			runOnlyForDeploymentPostprocessing = 0;
			shellPath = /bin/sh;
			shellScript = "\"${SRCROOT}/Pods/Target Support Files/Pods/Pods-resources.sh\"\n";
			showEnvVarsInLog = 0;
		};
/* End PBXShellScriptBuildPhase section */

/* Begin PBXSourcesBuildPhase section */
		FF8620641A473A2C00AC68D2 /* Sources */ = {
			isa = PBXSourcesBuildPhase;
			buildActionMask = 2147483647;
			files = (
				FF658C8E1A4F967900E209EE /* ICDJSONHighlight.m in Sources */,
				FF0CBEC31A507EA300E29E4D /* ICDRequestAddRevision.m in Sources */,
				FF228E831A4C799F00155AA0 /* ICDRequestResponseValueDictionary.m in Sources */,
				FF028DBF1A4876F6008D2561 /* ICDModelDatabase.m in Sources */,
				FF6FEA431A49DEBD00988CD3 /* ICDDatabasesTableViewController.m in Sources */,
				FF6FEA4B1A49F53200988CD3 /* ICDRequestAllDocuments.m in Sources */,
				FF028DCA1A488895008D2561 /* ICDNetworkManager.m in Sources */,
				FF7386551A4B38A9008B2AA2 /* ICDRequestResponseValueOk.m in Sources */,
				FF6FEA501A49F71800988CD3 /* ICDRequestDocument.m in Sources */,
				FF8620711A473A2C00AC68D2 /* AppDelegate.m in Sources */,
				FF0CBEC91A508BE200E29E4D /* NSDictionary+CloudantSpecialKeys.m in Sources */,
				FF6FEA3A1A49D20400988CD3 /* ICDModelDocument.m in Sources */,
				FFA07EA71A4DD33B0092351A /* ICDAuthorizationKeychain.m in Sources */,
				FF028DC71A488873008D2561 /* ICDRequestAllDatabases.m in Sources */,
				FF73864F1A4B31AA008B2AA2 /* ICDRequestDeleteDatabase.m in Sources */,
				FF86206E1A473A2C00AC68D2 /* main.m in Sources */,
				FF73865A1A4B6956008B2AA2 /* RKObjectManager+Helper.m in Sources */,
				FFDC3A9E1A4CDE7A003D4271 /* ICDRequestDeleteDocument.m in Sources */,
				FF8A4F0D1A548E42003B29BA /* ICDRequestAddRevisionNotification.m in Sources */,
				FFE135BE1A4C974E002F9E23 /* ICDRequestCreateDocument.m in Sources */,
				FF8620961A473FD800AC68D2 /* ICDAuthorizationErrorBuilder.m in Sources */,
				FF028DE41A48B7FF008D2561 /* ICDNetworkManager+Helper.m in Sources */,
				FF6FEA561A4A094D00988CD3 /* ICDDocumentViewController.m in Sources */,
				FF73865D1A4B700C008B2AA2 /* ICDRequestResponseValueError.m in Sources */,
				FF4877821A4C42A600F157D5 /* ICDRequestCreateDatabase.m in Sources */,
				FFA07EA41A4DD08A0092351A /* ICDAuthorizationFactory.m in Sources */,
				FF658C8B1A4F958700E209EE /* ICDJSONHighlightFactory.m in Sources */,
				FF6FEA441A49DEBD00988CD3 /* ICDDocumentsTableViewController.m in Sources */,
			);
			runOnlyForDeploymentPostprocessing = 0;
		};
		FF86207D1A473A2C00AC68D2 /* Sources */ = {
			isa = PBXSourcesBuildPhase;
			buildActionMask = 2147483647;
			files = (
				FF8A4F061A547340003B29BA /* ICDMockRKObjectManager.m in Sources */,
				FF8A4F0A1A547564003B29BA /* ICDMockRKMappingResult.m in Sources */,
				FFDC3AA11A4CE724003D4271 /* ICDRequestDeleteDocumentTests.m in Sources */,
				FF028DDA1A489691008D2561 /* ICDMockRequest.m in Sources */,
				FF4877851A4C469500F157D5 /* ICDRequestCreateDatabaseTests.m in Sources */,
				FF0CBEC61A50835600E29E4D /* ICDRequestAddRevisionTests.m in Sources */,
				FFE135C11A4C9EE1002F9E23 /* ICDRequestCreateDocumentTests.m in Sources */,
				FF6FEA4D1A49F68F00988CD3 /* ICDRequestAllDocumentsTests.m in Sources */,
				FF028DD41A4892F0008D2561 /* ICDNetworkManagerTests.m in Sources */,
				FF6FEA521A49FA6200988CD3 /* ICDRequestDocumentTests.m in Sources */,
				FF7386511A4B351E008B2AA2 /* ICDRequestDeleteDatabaseTests.m in Sources */,
			);
			runOnlyForDeploymentPostprocessing = 0;
		};
/* End PBXSourcesBuildPhase section */

/* Begin PBXTargetDependency section */
		FF8620831A473A2C00AC68D2 /* PBXTargetDependency */ = {
			isa = PBXTargetDependency;
			target = FF8620671A473A2C00AC68D2 /* CloudantDashboard */;
			targetProxy = FF8620821A473A2C00AC68D2 /* PBXContainerItemProxy */;
		};
/* End PBXTargetDependency section */

/* Begin PBXVariantGroup section */
		FF8620751A473A2C00AC68D2 /* Main.storyboard */ = {
			isa = PBXVariantGroup;
			children = (
				FF8620761A473A2C00AC68D2 /* Base */,
				FF6FEA5B1A4A122000988CD3 /* es */,
			);
			name = Main.storyboard;
			path = ..;
			sourceTree = "<group>";
		};
		FF86207A1A473A2C00AC68D2 /* LaunchScreen.xib */ = {
			isa = PBXVariantGroup;
			children = (
				FF86207B1A473A2C00AC68D2 /* Base */,
				FF86209D1A47478D00AC68D2 /* es */,
			);
			name = LaunchScreen.xib;
			sourceTree = "<group>";
		};
		FF86209B1A4746F400AC68D2 /* Localizable.strings */ = {
			isa = PBXVariantGroup;
			children = (
				FF86209A1A4746F400AC68D2 /* Base */,
				FF86209E1A47478D00AC68D2 /* es */,
			);
			name = Localizable.strings;
			sourceTree = "<group>";
		};
/* End PBXVariantGroup section */

/* Begin XCBuildConfiguration section */
		FF8620891A473A2C00AC68D2 /* Debug */ = {
			isa = XCBuildConfiguration;
			buildSettings = {
				ALWAYS_SEARCH_USER_PATHS = NO;
				CLANG_CXX_LANGUAGE_STANDARD = "gnu++0x";
				CLANG_CXX_LIBRARY = "libc++";
				CLANG_ENABLE_MODULES = YES;
				CLANG_ENABLE_OBJC_ARC = YES;
				CLANG_WARN_BOOL_CONVERSION = YES;
				CLANG_WARN_CONSTANT_CONVERSION = YES;
				CLANG_WARN_DIRECT_OBJC_ISA_USAGE = YES_ERROR;
				CLANG_WARN_EMPTY_BODY = YES;
				CLANG_WARN_ENUM_CONVERSION = YES;
				CLANG_WARN_INT_CONVERSION = YES;
				CLANG_WARN_OBJC_ROOT_CLASS = YES_ERROR;
				CLANG_WARN_UNREACHABLE_CODE = YES;
				CLANG_WARN__DUPLICATE_METHOD_MATCH = YES;
				"CODE_SIGN_IDENTITY[sdk=iphoneos*]" = "iPhone Developer";
				COPY_PHASE_STRIP = NO;
				ENABLE_STRICT_OBJC_MSGSEND = YES;
				GCC_C_LANGUAGE_STANDARD = gnu99;
				GCC_DYNAMIC_NO_PIC = NO;
				GCC_OPTIMIZATION_LEVEL = 0;
				GCC_PREPROCESSOR_DEFINITIONS = (
					"DEBUG=1",
					"$(inherited)",
				);
				GCC_SYMBOLS_PRIVATE_EXTERN = NO;
				GCC_WARN_64_TO_32_BIT_CONVERSION = YES;
				GCC_WARN_ABOUT_RETURN_TYPE = YES_ERROR;
				GCC_WARN_UNDECLARED_SELECTOR = YES;
				GCC_WARN_UNINITIALIZED_AUTOS = YES_AGGRESSIVE;
				GCC_WARN_UNUSED_FUNCTION = YES;
				GCC_WARN_UNUSED_VARIABLE = YES;
				IPHONEOS_DEPLOYMENT_TARGET = 8.1;
				MTL_ENABLE_DEBUG_INFO = YES;
				ONLY_ACTIVE_ARCH = YES;
				SDKROOT = iphoneos;
			};
			name = Debug;
		};
		FF86208A1A473A2C00AC68D2 /* Release */ = {
			isa = XCBuildConfiguration;
			buildSettings = {
				ALWAYS_SEARCH_USER_PATHS = NO;
				CLANG_CXX_LANGUAGE_STANDARD = "gnu++0x";
				CLANG_CXX_LIBRARY = "libc++";
				CLANG_ENABLE_MODULES = YES;
				CLANG_ENABLE_OBJC_ARC = YES;
				CLANG_WARN_BOOL_CONVERSION = YES;
				CLANG_WARN_CONSTANT_CONVERSION = YES;
				CLANG_WARN_DIRECT_OBJC_ISA_USAGE = YES_ERROR;
				CLANG_WARN_EMPTY_BODY = YES;
				CLANG_WARN_ENUM_CONVERSION = YES;
				CLANG_WARN_INT_CONVERSION = YES;
				CLANG_WARN_OBJC_ROOT_CLASS = YES_ERROR;
				CLANG_WARN_UNREACHABLE_CODE = YES;
				CLANG_WARN__DUPLICATE_METHOD_MATCH = YES;
				"CODE_SIGN_IDENTITY[sdk=iphoneos*]" = "iPhone Developer";
				COPY_PHASE_STRIP = YES;
				ENABLE_NS_ASSERTIONS = NO;
				ENABLE_STRICT_OBJC_MSGSEND = YES;
				GCC_C_LANGUAGE_STANDARD = gnu99;
				GCC_WARN_64_TO_32_BIT_CONVERSION = YES;
				GCC_WARN_ABOUT_RETURN_TYPE = YES_ERROR;
				GCC_WARN_UNDECLARED_SELECTOR = YES;
				GCC_WARN_UNINITIALIZED_AUTOS = YES_AGGRESSIVE;
				GCC_WARN_UNUSED_FUNCTION = YES;
				GCC_WARN_UNUSED_VARIABLE = YES;
				IPHONEOS_DEPLOYMENT_TARGET = 8.1;
				MTL_ENABLE_DEBUG_INFO = NO;
				SDKROOT = iphoneos;
				VALIDATE_PRODUCT = YES;
			};
			name = Release;
		};
		FF86208C1A473A2C00AC68D2 /* Debug */ = {
			isa = XCBuildConfiguration;
			baseConfigurationReference = AFE5D1FFAE21D0BB5B89D79A /* Pods.debug.xcconfig */;
			buildSettings = {
				ASSETCATALOG_COMPILER_APPICON_NAME = AppIcon;
				INFOPLIST_FILE = CloudantDashboard/Info.plist;
				LD_RUNPATH_SEARCH_PATHS = "$(inherited) @executable_path/Frameworks";
				PRODUCT_NAME = "$(TARGET_NAME)";
			};
			name = Debug;
		};
		FF86208D1A473A2C00AC68D2 /* Release */ = {
			isa = XCBuildConfiguration;
			baseConfigurationReference = 75DED6D3BD1733DED5AB274B /* Pods.release.xcconfig */;
			buildSettings = {
				ASSETCATALOG_COMPILER_APPICON_NAME = AppIcon;
				INFOPLIST_FILE = CloudantDashboard/Info.plist;
				LD_RUNPATH_SEARCH_PATHS = "$(inherited) @executable_path/Frameworks";
				PRODUCT_NAME = "$(TARGET_NAME)";
			};
			name = Release;
		};
		FF86208F1A473A2C00AC68D2 /* Debug */ = {
			isa = XCBuildConfiguration;
			buildSettings = {
				BUNDLE_LOADER = "$(TEST_HOST)";
				FRAMEWORK_SEARCH_PATHS = (
					"$(SDKROOT)/Developer/Library/Frameworks",
					"$(inherited)",
				);
				GCC_PREPROCESSOR_DEFINITIONS = (
					"DEBUG=1",
					"$(inherited)",
				);
				INFOPLIST_FILE = CloudantDashboardTests/Info.plist;
				LD_RUNPATH_SEARCH_PATHS = "$(inherited) @executable_path/Frameworks @loader_path/Frameworks";
				PRODUCT_NAME = "$(TARGET_NAME)";
				TEST_HOST = "$(BUILT_PRODUCTS_DIR)/CloudantDashboard.app/CloudantDashboard";
			};
			name = Debug;
		};
		FF8620901A473A2C00AC68D2 /* Release */ = {
			isa = XCBuildConfiguration;
			buildSettings = {
				BUNDLE_LOADER = "$(TEST_HOST)";
				FRAMEWORK_SEARCH_PATHS = (
					"$(SDKROOT)/Developer/Library/Frameworks",
					"$(inherited)",
				);
				INFOPLIST_FILE = CloudantDashboardTests/Info.plist;
				LD_RUNPATH_SEARCH_PATHS = "$(inherited) @executable_path/Frameworks @loader_path/Frameworks";
				PRODUCT_NAME = "$(TARGET_NAME)";
				TEST_HOST = "$(BUILT_PRODUCTS_DIR)/CloudantDashboard.app/CloudantDashboard";
			};
			name = Release;
		};
/* End XCBuildConfiguration section */

/* Begin XCConfigurationList section */
		FF8620631A473A2C00AC68D2 /* Build configuration list for PBXProject "CloudantDashboard" */ = {
			isa = XCConfigurationList;
			buildConfigurations = (
				FF8620891A473A2C00AC68D2 /* Debug */,
				FF86208A1A473A2C00AC68D2 /* Release */,
			);
			defaultConfigurationIsVisible = 0;
			defaultConfigurationName = Release;
		};
		FF86208B1A473A2C00AC68D2 /* Build configuration list for PBXNativeTarget "CloudantDashboard" */ = {
			isa = XCConfigurationList;
			buildConfigurations = (
				FF86208C1A473A2C00AC68D2 /* Debug */,
				FF86208D1A473A2C00AC68D2 /* Release */,
			);
			defaultConfigurationIsVisible = 0;
			defaultConfigurationName = Release;
		};
		FF86208E1A473A2C00AC68D2 /* Build configuration list for PBXNativeTarget "CloudantDashboardTests" */ = {
			isa = XCConfigurationList;
			buildConfigurations = (
				FF86208F1A473A2C00AC68D2 /* Debug */,
				FF8620901A473A2C00AC68D2 /* Release */,
			);
			defaultConfigurationIsVisible = 0;
			defaultConfigurationName = Release;
		};
/* End XCConfigurationList section */
	};
	rootObject = FF8620601A473A2C00AC68D2 /* Project object */;
}
